<?xml version="1.0" encoding="utf-8"?>
<Project ToolsVersion="14.0" xmlns="http://schemas.microsoft.com/developer/msbuild/2003">
  <ItemGroup>
    <ClCompile Include="G:\NNNNET\poco_1.7.9\poco\Net\src\AbstractHTTPRequestHandler.cpp">
      <Filter>HTTPServer\Source Files</Filter>
    </ClCompile>
    <ClCompile Include="G:\NNNNET\poco_1.7.9\poco\Net\src\DNS.cpp">
      <Filter>NetCore\Source Files</Filter>
    </ClCompile>
    <ClCompile Include="G:\NNNNET\poco_1.7.9\poco\Net\src\DatagramSocket.cpp">
      <Filter>Sockets\Source Files</Filter>
    </ClCompile>
    <ClCompile Include="G:\NNNNET\poco_1.7.9\poco\Net\src\DatagramSocketImpl.cpp">
      <Filter>Sockets\Source Files</Filter>
    </ClCompile>
    <ClCompile Include="G:\NNNNET\poco_1.7.9\poco\Net\src\DialogSocket.cpp">
      <Filter>Sockets\Source Files</Filter>
    </ClCompile>
    <ClCompile Include="G:\NNNNET\poco_1.7.9\poco\Net\src\FTPClientSession.cpp">
      <Filter>FTP\Source Files</Filter>
    </ClCompile>
    <ClCompile Include="G:\NNNNET\poco_1.7.9\poco\Net\src\FTPStreamFactory.cpp">
      <Filter>FTP\Source Files</Filter>
    </ClCompile>
    <ClCompile Include="G:\NNNNET\poco_1.7.9\poco\Net\src\FilePartSource.cpp">
      <Filter>Messages\Source Files</Filter>
    </ClCompile>
    <ClCompile Include="G:\NNNNET\poco_1.7.9\poco\Net\src\HTMLForm.cpp">
      <Filter>HTML\Source Files</Filter>
    </ClCompile>
    <ClCompile Include="G:\NNNNET\poco_1.7.9\poco\Net\src\HTTPAuthenticationParams.cpp">
      <Filter>HTTP\Source Files</Filter>
    </ClCompile>
    <ClCompile Include="G:\NNNNET\poco_1.7.9\poco\Net\src\HTTPBasicCredentials.cpp">
      <Filter>HTTP\Source Files</Filter>
    </ClCompile>
    <ClCompile Include="G:\NNNNET\poco_1.7.9\poco\Net\src\HTTPBufferAllocator.cpp">
      <Filter>HTTP\Source Files</Filter>
    </ClCompile>
    <ClCompile Include="G:\NNNNET\poco_1.7.9\poco\Net\src\HTTPChunkedStream.cpp">
      <Filter>HTTP\Source Files</Filter>
    </ClCompile>
    <ClCompile Include="G:\NNNNET\poco_1.7.9\poco\Net\src\HTTPClientSession.cpp">
      <Filter>HTTPClient\Source Files</Filter>
    </ClCompile>
    <ClCompile Include="G:\NNNNET\poco_1.7.9\poco\Net\src\HTTPCookie.cpp">
      <Filter>HTTP\Source Files</Filter>
    </ClCompile>
    <ClCompile Include="G:\NNNNET\poco_1.7.9\poco\Net\src\HTTPCredentials.cpp">
      <Filter>HTTP\Source Files</Filter>
    </ClCompile>
    <ClCompile Include="G:\NNNNET\poco_1.7.9\poco\Net\src\HTTPDigestCredentials.cpp">
      <Filter>HTTP\Source Files</Filter>
    </ClCompile>
    <ClCompile Include="G:\NNNNET\poco_1.7.9\poco\Net\src\HTTPFixedLengthStream.cpp">
      <Filter>HTTP\Source Files</Filter>
    </ClCompile>
    <ClCompile Include="G:\NNNNET\poco_1.7.9\poco\Net\src\HTTPHeaderStream.cpp">
      <Filter>HTTP\Source Files</Filter>
    </ClCompile>
    <ClCompile Include="G:\NNNNET\poco_1.7.9\poco\Net\src\HTTPIOStream.cpp">
      <Filter>HTTP\Source Files</Filter>
    </ClCompile>
    <ClCompile Include="G:\NNNNET\poco_1.7.9\poco\Net\src\HTTPMessage.cpp">
      <Filter>HTTP\Source Files</Filter>
    </ClCompile>
    <ClCompile Include="G:\NNNNET\poco_1.7.9\poco\Net\src\HTTPRequest.cpp">
      <Filter>HTTP\Source Files</Filter>
    </ClCompile>
    <ClCompile Include="G:\NNNNET\poco_1.7.9\poco\Net\src\HTTPRequestHandler.cpp">
      <Filter>HTTPServer\Source Files</Filter>
    </ClCompile>
    <ClCompile Include="G:\NNNNET\poco_1.7.9\poco\Net\src\HTTPRequestHandlerFactory.cpp">
      <Filter>HTTPServer\Source Files</Filter>
    </ClCompile>
    <ClCompile Include="G:\NNNNET\poco_1.7.9\poco\Net\src\HTTPResponse.cpp">
      <Filter>HTTP\Source Files</Filter>
    </ClCompile>
    <ClCompile Include="G:\NNNNET\poco_1.7.9\poco\Net\src\HTTPServer.cpp">
      <Filter>HTTPServer\Source Files</Filter>
    </ClCompile>
    <ClCompile Include="G:\NNNNET\poco_1.7.9\poco\Net\src\HTTPServerConnection.cpp">
      <Filter>HTTPServer\Source Files</Filter>
    </ClCompile>
    <ClCompile Include="G:\NNNNET\poco_1.7.9\poco\Net\src\HTTPServerConnectionFactory.cpp">
      <Filter>HTTPServer\Source Files</Filter>
    </ClCompile>
    <ClCompile Include="G:\NNNNET\poco_1.7.9\poco\Net\src\HTTPServerParams.cpp">
      <Filter>HTTPServer\Source Files</Filter>
    </ClCompile>
    <ClCompile Include="G:\NNNNET\poco_1.7.9\poco\Net\src\HTTPServerRequest.cpp">
      <Filter>HTTPServer\Source Files</Filter>
    </ClCompile>
    <ClCompile Include="G:\NNNNET\poco_1.7.9\poco\Net\src\HTTPServerRequestImpl.cpp">
      <Filter>HTTPServer\Source Files</Filter>
    </ClCompile>
    <ClCompile Include="G:\NNNNET\poco_1.7.9\poco\Net\src\HTTPServerResponse.cpp">
      <Filter>HTTPServer\Source Files</Filter>
    </ClCompile>
    <ClCompile Include="G:\NNNNET\poco_1.7.9\poco\Net\src\HTTPServerResponseImpl.cpp">
      <Filter>HTTPServer\Source Files</Filter>
    </ClCompile>
    <ClCompile Include="G:\NNNNET\poco_1.7.9\poco\Net\src\HTTPServerSession.cpp">
      <Filter>HTTPServer\Source Files</Filter>
    </ClCompile>
    <ClCompile Include="G:\NNNNET\poco_1.7.9\poco\Net\src\HTTPSession.cpp">
      <Filter>HTTP\Source Files</Filter>
    </ClCompile>
    <ClCompile Include="G:\NNNNET\poco_1.7.9\poco\Net\src\HTTPSessionFactory.cpp">
      <Filter>HTTPClient\Source Files</Filter>
    </ClCompile>
    <ClCompile Include="G:\NNNNET\poco_1.7.9\poco\Net\src\HTTPSessionInstantiator.cpp">
      <Filter>HTTPClient\Source Files</Filter>
    </ClCompile>
    <ClCompile Include="G:\NNNNET\poco_1.7.9\poco\Net\src\HTTPStream.cpp">
      <Filter>HTTP\Source Files</Filter>
    </ClCompile>
    <ClCompile Include="G:\NNNNET\poco_1.7.9\poco\Net\src\HTTPStreamFactory.cpp">
      <Filter>HTTP\Source Files</Filter>
    </ClCompile>
    <ClCompile Include="G:\NNNNET\poco_1.7.9\poco\Net\src\HostEntry.cpp">
      <Filter>NetCore\Source Files</Filter>
    </ClCompile>
    <ClCompile Include="G:\NNNNET\poco_1.7.9\poco\Net\src\ICMPClient.cpp">
      <Filter>ICMP\Source Files</Filter>
    </ClCompile>
    <ClCompile Include="G:\NNNNET\poco_1.7.9\poco\Net\src\ICMPEventArgs.cpp">
      <Filter>ICMP\Source Files</Filter>
    </ClCompile>
    <ClCompile Include="G:\NNNNET\poco_1.7.9\poco\Net\src\ICMPPacket.cpp">
      <Filter>ICMP\Source Files</Filter>
    </ClCompile>
    <ClCompile Include="G:\NNNNET\poco_1.7.9\poco\Net\src\ICMPPacketImpl.cpp">
      <Filter>ICMP\Source Files</Filter>
    </ClCompile>
    <ClCompile Include="G:\NNNNET\poco_1.7.9\poco\Net\src\ICMPSocket.cpp">
      <Filter>ICMP\Source Files</Filter>
    </ClCompile>
    <ClCompile Include="G:\NNNNET\poco_1.7.9\poco\Net\src\ICMPSocketImpl.cpp">
      <Filter>ICMP\Source Files</Filter>
    </ClCompile>
    <ClCompile Include="G:\NNNNET\poco_1.7.9\poco\Net\src\ICMPv4PacketImpl.cpp">
      <Filter>ICMP\Source Files</Filter>
    </ClCompile>
    <ClCompile Include="G:\NNNNET\poco_1.7.9\poco\Net\src\IPAddress.cpp">
      <Filter>NetCore\Source Files</Filter>
    </ClCompile>
    <ClCompile Include="G:\NNNNET\poco_1.7.9\poco\Net\src\IPAddressImpl.cpp">
      <Filter>NetCore\Source Files</Filter>
    </ClCompile>
    <ClCompile Include="G:\NNNNET\poco_1.7.9\poco\Net\src\MailMessage.cpp">
      <Filter>Mail\Source Files</Filter>
    </ClCompile>
    <ClCompile Include="G:\NNNNET\poco_1.7.9\poco\Net\src\MailRecipient.cpp">
      <Filter>Mail\Source Files</Filter>
    </ClCompile>
    <ClCompile Include="G:\NNNNET\poco_1.7.9\poco\Net\src\MailStream.cpp">
      <Filter>Mail\Source Files</Filter>
    </ClCompile>
    <ClCompile Include="G:\NNNNET\poco_1.7.9\poco\Net\src\MediaType.cpp">
      <Filter>Messages\Source Files</Filter>
    </ClCompile>
    <ClCompile Include="G:\NNNNET\poco_1.7.9\poco\Net\src\MessageHeader.cpp">
      <Filter>Messages\Source Files</Filter>
    </ClCompile>
    <ClCompile Include="G:\NNNNET\poco_1.7.9\poco\Net\src\MulticastSocket.cpp">
      <Filter>Sockets\Source Files</Filter>
    </ClCompile>
    <ClCompile Include="G:\NNNNET\poco_1.7.9\poco\Net\src\MultipartReader.cpp">
      <Filter>Messages\Source Files</Filter>
    </ClCompile>
    <ClCompile Include="G:\NNNNET\poco_1.7.9\poco\Net\src\MultipartWriter.cpp">
      <Filter>Messages\Source Files</Filter>
    </ClCompile>
    <ClCompile Include="G:\NNNNET\poco_1.7.9\poco\Net\src\NTPClient.cpp">
      <Filter>NTP\Source Files</Filter>
    </ClCompile>
    <ClCompile Include="G:\NNNNET\poco_1.7.9\poco\Net\src\NTPEventArgs.cpp">
      <Filter>NTP\Source Files</Filter>
    </ClCompile>
    <ClCompile Include="G:\NNNNET\poco_1.7.9\poco\Net\src\NTPPacket.cpp">
      <Filter>NTP\Source Files</Filter>
    </ClCompile>
    <ClCompile Include="G:\NNNNET\poco_1.7.9\poco\Net\src\NameValueCollection.cpp">
      <Filter>Messages\Source Files</Filter>
    </ClCompile>
    <ClCompile Include="G:\NNNNET\poco_1.7.9\poco\Net\src\Net.cpp">
      <Filter>NetCore\Source Files</Filter>
    </ClCompile>
    <ClCompile Include="G:\NNNNET\poco_1.7.9\poco\Net\src\NetException.cpp">
      <Filter>NetCore\Source Files</Filter>
    </ClCompile>
    <ClCompile Include="G:\NNNNET\poco_1.7.9\poco\Net\src\NetworkInterface.cpp">
      <Filter>NetCore\Source Files</Filter>
    </ClCompile>
    <ClCompile Include="G:\NNNNET\poco_1.7.9\poco\Net\src\NullPartHandler.cpp">
      <Filter>Messages\Source Files</Filter>
    </ClCompile>
    <ClCompile Include="G:\NNNNET\poco_1.7.9\poco\Net\src\OAuth10Credentials.cpp">
      <Filter>OAuth\Source Files</Filter>
    </ClCompile>
    <ClCompile Include="G:\NNNNET\poco_1.7.9\poco\Net\src\OAuth20Credentials.cpp">
      <Filter>OAuth\Source Files</Filter>
    </ClCompile>
    <ClCompile Include="G:\NNNNET\poco_1.7.9\poco\Net\src\POP3ClientSession.cpp">
      <Filter>Mail\Source Files</Filter>
    </ClCompile>
    <ClCompile Include="G:\NNNNET\poco_1.7.9\poco\Net\src\PartHandler.cpp">
      <Filter>Messages\Source Files</Filter>
    </ClCompile>
    <ClCompile Include="G:\NNNNET\poco_1.7.9\poco\Net\src\PartSource.cpp">
      <Filter>Messages\Source Files</Filter>
    </ClCompile>
    <ClCompile Include="G:\NNNNET\poco_1.7.9\poco\Net\src\PartStore.cpp">
      <Filter>Messages\Source Files</Filter>
    </ClCompile>
    <ClCompile Include="G:\NNNNET\poco_1.7.9\poco\Net\src\QuotedPrintableDecoder.cpp">
      <Filter>Messages\Source Files</Filter>
    </ClCompile>
    <ClCompile Include="G:\NNNNET\poco_1.7.9\poco\Net\src\QuotedPrintableEncoder.cpp">
      <Filter>Messages\Source Files</Filter>
    </ClCompile>
    <ClCompile Include="G:\NNNNET\poco_1.7.9\poco\Net\src\RawSocket.cpp">
      <Filter>Sockets\Source Files</Filter>
    </ClCompile>
    <ClCompile Include="G:\NNNNET\poco_1.7.9\poco\Net\src\RawSocketImpl.cpp">
      <Filter>Sockets\Source Files</Filter>
    </ClCompile>
    <ClCompile Include="G:\NNNNET\poco_1.7.9\poco\Net\src\RemoteSyslogChannel.cpp">
      <Filter>Logging\Source Files</Filter>
    </ClCompile>
    <ClCompile Include="G:\NNNNET\poco_1.7.9\poco\Net\src\RemoteSyslogListener.cpp">
      <Filter>Logging\Source Files</Filter>
    </ClCompile>
    <ClCompile Include="G:\NNNNET\poco_1.7.9\poco\Net\src\SMTPChannel.cpp">
      <Filter>Logging\Source Files</Filter>
    </ClCompile>
    <ClCompile Include="G:\NNNNET\poco_1.7.9\poco\Net\src\SMTPClientSession.cpp">
      <Filter>Mail\Source Files</Filter>
    </ClCompile>
    <ClCompile Include="G:\NNNNET\poco_1.7.9\poco\Net\src\ServerSocket.cpp">
      <Filter>Sockets\Source Files</Filter>
    </ClCompile>
    <ClCompile Include="G:\NNNNET\poco_1.7.9\poco\Net\src\ServerSocketImpl.cpp">
      <Filter>Sockets\Source Files</Filter>
    </ClCompile>
    <ClCompile Include="G:\NNNNET\poco_1.7.9\poco\Net\src\Socket.cpp">
      <Filter>Sockets\Source Files</Filter>
    </ClCompile>
    <ClCompile Include="G:\NNNNET\poco_1.7.9\poco\Net\src\SocketAddress.cpp">
      <Filter>NetCore\Source Files</Filter>
    </ClCompile>
    <ClCompile Include="G:\NNNNET\poco_1.7.9\poco\Net\src\SocketAddressImpl.cpp">
      <Filter>NetCore\Source Files</Filter>
    </ClCompile>
    <ClCompile Include="G:\NNNNET\poco_1.7.9\poco\Net\src\SocketImpl.cpp">
      <Filter>Sockets\Source Files</Filter>
    </ClCompile>
    <ClCompile Include="G:\NNNNET\poco_1.7.9\poco\Net\src\SocketNotification.cpp">
      <Filter>Reactor\Source Files</Filter>
    </ClCompile>
    <ClCompile Include="G:\NNNNET\poco_1.7.9\poco\Net\src\SocketNotifier.cpp">
      <Filter>Reactor\Source Files</Filter>
    </ClCompile>
    <ClCompile Include="G:\NNNNET\poco_1.7.9\poco\Net\src\SocketReactor.cpp">
      <Filter>Reactor\Source Files</Filter>
    </ClCompile>
    <ClCompile Include="G:\NNNNET\poco_1.7.9\poco\Net\src\SocketStream.cpp">
      <Filter>Sockets\Source Files</Filter>
    </ClCompile>
    <ClCompile Include="G:\NNNNET\poco_1.7.9\poco\Net\src\StreamSocket.cpp">
      <Filter>Sockets\Source Files</Filter>
    </ClCompile>
    <ClCompile Include="G:\NNNNET\poco_1.7.9\poco\Net\src\StreamSocketImpl.cpp">
      <Filter>Sockets\Source Files</Filter>
    </ClCompile>
    <ClCompile Include="G:\NNNNET\poco_1.7.9\poco\Net\src\StringPartSource.cpp">
      <Filter>Messages\Source Files</Filter>
    </ClCompile>
    <ClCompile Include="G:\NNNNET\poco_1.7.9\poco\Net\src\TCPServer.cpp">
      <Filter>TCPServer\Source Files</Filter>
    </ClCompile>
    <ClCompile Include="G:\NNNNET\poco_1.7.9\poco\Net\src\TCPServerConnection.cpp">
      <Filter>TCPServer\Source Files</Filter>
    </ClCompile>
    <ClCompile Include="G:\NNNNET\poco_1.7.9\poco\Net\src\TCPServerConnectionFactory.cpp">
      <Filter>TCPServer\Source Files</Filter>
    </ClCompile>
    <ClCompile Include="G:\NNNNET\poco_1.7.9\poco\Net\src\TCPServerDispatcher.cpp">
      <Filter>TCPServer\Source Files</Filter>
    </ClCompile>
    <ClCompile Include="G:\NNNNET\poco_1.7.9\poco\Net\src\TCPServerParams.cpp">
      <Filter>TCPServer\Source Files</Filter>
    </ClCompile>
    <ClCompile Include="G:\NNNNET\poco_1.7.9\poco\Net\src\WebSocket.cpp">
      <Filter>WebSocket\Source Files</Filter>
    </ClCompile>
    <ClCompile Include="G:\NNNNET\poco_1.7.9\poco\Net\src\WebSocketImpl.cpp">
      <Filter>WebSocket\Source Files</Filter>
    </ClCompile>
  </ItemGroup>
  <ItemGroup>
    <ClInclude Include="G:\NNNNET\poco_1.7.9\poco\Net\include\Poco\Net\AbstractHTTPRequestHandler.h">
      <Filter>HTTPServer\Header Files</Filter>
    </ClInclude>
    <ClInclude Include="G:\NNNNET\poco_1.7.9\poco\Net\include\Poco\Net\DNS.h">
      <Filter>NetCore\Header Files</Filter>
    </ClInclude>
    <ClInclude Include="G:\NNNNET\poco_1.7.9\poco\Net\include\Poco\Net\DatagramSocket.h">
      <Filter>Sockets\Header Files</Filter>
    </ClInclude>
    <ClInclude Include="G:\NNNNET\poco_1.7.9\poco\Net\include\Poco\Net\DatagramSocketImpl.h">
      <Filter>Sockets\Header Files</Filter>
    </ClInclude>
    <ClInclude Include="G:\NNNNET\poco_1.7.9\poco\Net\include\Poco\Net\DialogSocket.h">
      <Filter>Sockets\Header Files</Filter>
    </ClInclude>
    <ClInclude Include="G:\NNNNET\poco_1.7.9\poco\Net\include\Poco\Net\FTPClientSession.h">
      <Filter>FTP\Header Files</Filter>
    </ClInclude>
    <ClInclude Include="G:\NNNNET\poco_1.7.9\poco\Net\include\Poco\Net\FTPStreamFactory.h">
      <Filter>FTP\Header Files</Filter>
    </ClInclude>
    <ClInclude Include="G:\NNNNET\poco_1.7.9\poco\Net\include\Poco\Net\FilePartSource.h">
      <Filter>Messages\Header Files</Filter>
    </ClInclude>
    <ClInclude Include="G:\NNNNET\poco_1.7.9\poco\Net\include\Poco\Net\HTMLForm.h">
      <Filter>HTML\Header Files</Filter>
    </ClInclude>
    <ClInclude Include="G:\NNNNET\poco_1.7.9\poco\Net\include\Poco\Net\HTTPAuthenticationParams.h">
      <Filter>HTTP\Header Files</Filter>
    </ClInclude>
    <ClInclude Include="G:\NNNNET\poco_1.7.9\poco\Net\include\Poco\Net\HTTPBasicCredentials.h">
      <Filter>HTTP\Header Files</Filter>
    </ClInclude>
    <ClInclude Include="G:\NNNNET\poco_1.7.9\poco\Net\include\Poco\Net\HTTPBasicStreamBuf.h">
      <Filter>HTTP\Header Files</Filter>
    </ClInclude>
    <ClInclude Include="G:\NNNNET\poco_1.7.9\poco\Net\include\Poco\Net\HTTPBufferAllocator.h">
      <Filter>HTTP\Header Files</Filter>
    </ClInclude>
    <ClInclude Include="G:\NNNNET\poco_1.7.9\poco\Net\include\Poco\Net\HTTPChunkedStream.h">
      <Filter>HTTP\Header Files</Filter>
    </ClInclude>
    <ClInclude Include="G:\NNNNET\poco_1.7.9\poco\Net\include\Poco\Net\HTTPClientSession.h">
      <Filter>HTTPClient\Header Files</Filter>
    </ClInclude>
    <ClInclude Include="G:\NNNNET\poco_1.7.9\poco\Net\include\Poco\Net\HTTPCookie.h">
      <Filter>HTTP\Header Files</Filter>
    </ClInclude>
    <ClInclude Include="G:\NNNNET\poco_1.7.9\poco\Net\include\Poco\Net\HTTPCredentials.h">
      <Filter>HTTP\Header Files</Filter>
    </ClInclude>
    <ClInclude Include="G:\NNNNET\poco_1.7.9\poco\Net\include\Poco\Net\HTTPDigestCredentials.h">
      <Filter>HTTP\Header Files</Filter>
    </ClInclude>
    <ClInclude Include="G:\NNNNET\poco_1.7.9\poco\Net\include\Poco\Net\HTTPFixedLengthStream.h">
      <Filter>HTTP\Header Files</Filter>
    </ClInclude>
    <ClInclude Include="G:\NNNNET\poco_1.7.9\poco\Net\include\Poco\Net\HTTPHeaderStream.h">
      <Filter>HTTP\Header Files</Filter>
    </ClInclude>
    <ClInclude Include="G:\NNNNET\poco_1.7.9\poco\Net\include\Poco\Net\HTTPIOStream.h">
      <Filter>HTTP\Header Files</Filter>
    </ClInclude>
    <ClInclude Include="G:\NNNNET\poco_1.7.9\poco\Net\include\Poco\Net\HTTPMessage.h">
      <Filter>HTTP\Header Files</Filter>
    </ClInclude>
    <ClInclude Include="G:\NNNNET\poco_1.7.9\poco\Net\include\Poco\Net\HTTPRequest.h">
      <Filter>HTTP\Header Files</Filter>
    </ClInclude>
    <ClInclude Include="G:\NNNNET\poco_1.7.9\poco\Net\include\Poco\Net\HTTPRequestHandler.h">
      <Filter>HTTPServer\Header Files</Filter>
    </ClInclude>
    <ClInclude Include="G:\NNNNET\poco_1.7.9\poco\Net\include\Poco\Net\HTTPRequestHandlerFactory.h">
      <Filter>HTTPServer\Header Files</Filter>
    </ClInclude>
    <ClInclude Include="G:\NNNNET\poco_1.7.9\poco\Net\include\Poco\Net\HTTPResponse.h">
      <Filter>HTTP\Header Files</Filter>
    </ClInclude>
    <ClInclude Include="G:\NNNNET\poco_1.7.9\poco\Net\include\Poco\Net\HTTPServer.h">
      <Filter>HTTPServer\Header Files</Filter>
    </ClInclude>
    <ClInclude Include="G:\NNNNET\poco_1.7.9\poco\Net\include\Poco\Net\HTTPServerConnection.h">
      <Filter>HTTPServer\Header Files</Filter>
    </ClInclude>
    <ClInclude Include="G:\NNNNET\poco_1.7.9\poco\Net\include\Poco\Net\HTTPServerConnectionFactory.h">
      <Filter>HTTPServer\Header Files</Filter>
    </ClInclude>
    <ClInclude Include="G:\NNNNET\poco_1.7.9\poco\Net\include\Poco\Net\HTTPServerParams.h">
      <Filter>HTTPServer\Header Files</Filter>
    </ClInclude>
    <ClInclude Include="G:\NNNNET\poco_1.7.9\poco\Net\include\Poco\Net\HTTPServerRequest.h">
      <Filter>HTTPServer\Header Files</Filter>
    </ClInclude>
    <ClInclude Include="G:\NNNNET\poco_1.7.9\poco\Net\include\Poco\Net\HTTPServerRequestImpl.h">
      <Filter>HTTPServer\Header Files</Filter>
    </ClInclude>
    <ClInclude Include="G:\NNNNET\poco_1.7.9\poco\Net\include\Poco\Net\HTTPServerResponse.h">
      <Filter>HTTPServer\Header Files</Filter>
    </ClInclude>
    <ClInclude Include="G:\NNNNET\poco_1.7.9\poco\Net\include\Poco\Net\HTTPServerResponseImpl.h">
      <Filter>HTTPServer\Header Files</Filter>
    </ClInclude>
    <ClInclude Include="G:\NNNNET\poco_1.7.9\poco\Net\include\Poco\Net\HTTPServerSession.h">
      <Filter>HTTPServer\Header Files</Filter>
    </ClInclude>
    <ClInclude Include="G:\NNNNET\poco_1.7.9\poco\Net\include\Poco\Net\HTTPSession.h">
      <Filter>HTTP\Header Files</Filter>
    </ClInclude>
    <ClInclude Include="G:\NNNNET\poco_1.7.9\poco\Net\include\Poco\Net\HTTPSessionFactory.h">
      <Filter>HTTPClient\Header Files</Filter>
    </ClInclude>
    <ClInclude Include="G:\NNNNET\poco_1.7.9\poco\Net\include\Poco\Net\HTTPSessionInstantiator.h">
      <Filter>HTTPClient\Header Files</Filter>
    </ClInclude>
    <ClInclude Include="G:\NNNNET\poco_1.7.9\poco\Net\include\Poco\Net\HTTPStream.h">
      <Filter>HTTP\Header Files</Filter>
    </ClInclude>
    <ClInclude Include="G:\NNNNET\poco_1.7.9\poco\Net\include\Poco\Net\HTTPStreamFactory.h">
      <Filter>HTTP\Header Files</Filter>
    </ClInclude>
    <ClInclude Include="G:\NNNNET\poco_1.7.9\poco\Net\include\Poco\Net\HostEntry.h">
      <Filter>NetCore\Header Files</Filter>
    </ClInclude>
    <ClInclude Include="G:\NNNNET\poco_1.7.9\poco\Net\include\Poco\Net\ICMPClient.h">
      <Filter>ICMP\Header Files</Filter>
    </ClInclude>
    <ClInclude Include="G:\NNNNET\poco_1.7.9\poco\Net\include\Poco\Net\ICMPEventArgs.h">
      <Filter>ICMP\Header Files</Filter>
    </ClInclude>
    <ClInclude Include="G:\NNNNET\poco_1.7.9\poco\Net\include\Poco\Net\ICMPPacket.h">
      <Filter>ICMP\Header Files</Filter>
    </ClInclude>
    <ClInclude Include="G:\NNNNET\poco_1.7.9\poco\Net\include\Poco\Net\ICMPPacketImpl.h">
      <Filter>ICMP\Header Files</Filter>
    </ClInclude>
    <ClInclude Include="G:\NNNNET\poco_1.7.9\poco\Net\include\Poco\Net\ICMPSocket.h">
      <Filter>ICMP\Header Files</Filter>
    </ClInclude>
    <ClInclude Include="G:\NNNNET\poco_1.7.9\poco\Net\include\Poco\Net\ICMPSocketImpl.h">
      <Filter>ICMP\Header Files</Filter>
    </ClInclude>
    <ClInclude Include="G:\NNNNET\poco_1.7.9\poco\Net\include\Poco\Net\ICMPv4PacketImpl.h">
      <Filter>ICMP\Header Files</Filter>
    </ClInclude>
    <ClInclude Include="G:\NNNNET\poco_1.7.9\poco\Net\include\Poco\Net\IPAddress.h">
      <Filter>NetCore\Header Files</Filter>
    </ClInclude>
    <ClInclude Include="G:\NNNNET\poco_1.7.9\poco\Net\include\Poco\Net\IPAddressImpl.h">
      <Filter>NetCore\Header Files</Filter>
    </ClInclude>
    <ClInclude Include="G:\NNNNET\poco_1.7.9\poco\Net\include\Poco\Net\MailMessage.h">
      <Filter>Mail\Header Files</Filter>
    </ClInclude>
    <ClInclude Include="G:\NNNNET\poco_1.7.9\poco\Net\include\Poco\Net\MailRecipient.h">
      <Filter>Mail\Header Files</Filter>
    </ClInclude>
    <ClInclude Include="G:\NNNNET\poco_1.7.9\poco\Net\include\Poco\Net\MailStream.h">
      <Filter>Mail\Header Files</Filter>
    </ClInclude>
    <ClInclude Include="G:\NNNNET\poco_1.7.9\poco\Net\include\Poco\Net\MediaType.h">
      <Filter>Messages\Header Files</Filter>
    </ClInclude>
    <ClInclude Include="G:\NNNNET\poco_1.7.9\poco\Net\include\Poco\Net\MessageHeader.h">
      <Filter>Messages\Header Files</Filter>
    </ClInclude>
    <ClInclude Include="G:\NNNNET\poco_1.7.9\poco\Net\include\Poco\Net\MulticastSocket.h">
      <Filter>Sockets\Header Files</Filter>
    </ClInclude>
    <ClInclude Include="G:\NNNNET\poco_1.7.9\poco\Net\include\Poco\Net\MultipartReader.h">
      <Filter>Messages\Header Files</Filter>
    </ClInclude>
    <ClInclude Include="G:\NNNNET\poco_1.7.9\poco\Net\include\Poco\Net\MultipartWriter.h">
      <Filter>Messages\Header Files</Filter>
    </ClInclude>
    <ClInclude Include="G:\NNNNET\poco_1.7.9\poco\Net\include\Poco\Net\NTPClient.h">
      <Filter>NTP\Header Files</Filter>
    </ClInclude>
    <ClInclude Include="G:\NNNNET\poco_1.7.9\poco\Net\include\Poco\Net\NTPEventArgs.h">
      <Filter>NTP\Header Files</Filter>
    </ClInclude>
    <ClInclude Include="G:\NNNNET\poco_1.7.9\poco\Net\include\Poco\Net\NTPPacket.h">
      <Filter>NTP\Header Files</Filter>
    </ClInclude>
    <ClInclude Include="G:\NNNNET\poco_1.7.9\poco\Net\include\Poco\Net\NameValueCollection.h">
      <Filter>Messages\Header Files</Filter>
    </ClInclude>
    <ClInclude Include="G:\NNNNET\poco_1.7.9\poco\Net\include\Poco\Net\Net.h">
      <Filter>NetCore\Header Files</Filter>
    </ClInclude>
    <ClInclude Include="G:\NNNNET\poco_1.7.9\poco\Net\include\Poco\Net\NetException.h">
      <Filter>NetCore\Header Files</Filter>
    </ClInclude>
    <ClInclude Include="G:\NNNNET\poco_1.7.9\poco\Net\include\Poco\Net\NetworkInterface.h">
      <Filter>Sockets\Header Files</Filter>
    </ClInclude>
    <ClInclude Include="G:\NNNNET\poco_1.7.9\poco\Net\include\Poco\Net\NullPartHandler.h">
      <Filter>Messages\Header Files</Filter>
    </ClInclude>
    <ClInclude Include="G:\NNNNET\poco_1.7.9\poco\Net\include\Poco\Net\OAuth10Credentials.h">
      <Filter>OAuth\Header Files</Filter>
    </ClInclude>
    <ClInclude Include="G:\NNNNET\poco_1.7.9\poco\Net\include\Poco\Net\OAuth20Credentials.h">
      <Filter>OAuth\Header Files</Filter>
    </ClInclude>
    <ClInclude Include="G:\NNNNET\poco_1.7.9\poco\Net\include\Poco\Net\POP3ClientSession.h">
      <Filter>Mail\Header Files</Filter>
    </ClInclude>
    <ClInclude Include="G:\NNNNET\poco_1.7.9\poco\Net\include\Poco\Net\ParallelSocketAcceptor.h">
      <Filter>Reactor\Header Files</Filter>
    </ClInclude>
    <ClInclude Include="G:\NNNNET\poco_1.7.9\poco\Net\include\Poco\Net\ParallelSocketReactor.h">
      <Filter>Reactor\Header Files</Filter>
    </ClInclude>
    <ClInclude Include="G:\NNNNET\poco_1.7.9\poco\Net\include\Poco\Net\PartHandler.h">
      <Filter>Messages\Header Files</Filter>
    </ClInclude>
    <ClInclude Include="G:\NNNNET\poco_1.7.9\poco\Net\include\Poco\Net\PartSource.h">
      <Filter>Messages\Header Files</Filter>
    </ClInclude>
    <ClInclude Include="G:\NNNNET\poco_1.7.9\poco\Net\include\Poco\Net\PartStore.h">
      <Filter>Messages\Header Files</Filter>
    </ClInclude>
    <ClInclude Include="G:\NNNNET\poco_1.7.9\poco\Net\include\Poco\Net\QuotedPrintableDecoder.h">
      <Filter>Messages\Header Files</Filter>
    </ClInclude>
    <ClInclude Include="G:\NNNNET\poco_1.7.9\poco\Net\include\Poco\Net\QuotedPrintableEncoder.h">
      <Filter>Messages\Header Files</Filter>
    </ClInclude>
    <ClInclude Include="G:\NNNNET\poco_1.7.9\poco\Net\include\Poco\Net\RawSocket.h">
      <Filter>Sockets\Header Files</Filter>
    </ClInclude>
    <ClInclude Include="G:\NNNNET\poco_1.7.9\poco\Net\include\Poco\Net\RawSocketImpl.h">
      <Filter>Sockets\Header Files</Filter>
    </ClInclude>
    <ClInclude Include="G:\NNNNET\poco_1.7.9\poco\Net\include\Poco\Net\RemoteSyslogChannel.h">
      <Filter>Logging\Header Files</Filter>
    </ClInclude>
    <ClInclude Include="G:\NNNNET\poco_1.7.9\poco\Net\include\Poco\Net\RemoteSyslogListener.h">
      <Filter>Logging\Header Files</Filter>
    </ClInclude>
    <ClInclude Include="G:\NNNNET\poco_1.7.9\poco\Net\include\Poco\Net\SMTPChannel.h">
      <Filter>Logging\Header Files</Filter>
    </ClInclude>
    <ClInclude Include="G:\NNNNET\poco_1.7.9\poco\Net\include\Poco\Net\SMTPClientSession.h">
      <Filter>Mail\Header Files</Filter>
    </ClInclude>
    <ClInclude Include="G:\NNNNET\poco_1.7.9\poco\Net\include\Poco\Net\ServerSocket.h">
      <Filter>Sockets\Header Files</Filter>
    </ClInclude>
    <ClInclude Include="G:\NNNNET\poco_1.7.9\poco\Net\include\Poco\Net\ServerSocketImpl.h">
      <Filter>Sockets\Header Files</Filter>
    </ClInclude>
    <ClInclude Include="G:\NNNNET\poco_1.7.9\poco\Net\include\Poco\Net\Socket.h">
      <Filter>Sockets\Header Files</Filter>
    </ClInclude>
    <ClInclude Include="G:\NNNNET\poco_1.7.9\poco\Net\include\Poco\Net\SocketAcceptor.h">
      <Filter>Reactor\Header Files</Filter>
    </ClInclude>
    <ClInclude Include="G:\NNNNET\poco_1.7.9\poco\Net\include\Poco\Net\SocketAddress.h">
      <Filter>NetCore\Header Files</Filter>
    </ClInclude>
    <ClInclude Include="G:\NNNNET\poco_1.7.9\poco\Net\include\Poco\Net\SocketAddressImpl.h">
      <Filter>NetCore\Header Files</Filter>
    </ClInclude>
    <ClInclude Include="G:\NNNNET\poco_1.7.9\poco\Net\include\Poco\Net\SocketConnector.h">
      <Filter>Reactor\Header Files</Filter>
    </ClInclude>
    <ClInclude Include="G:\NNNNET\poco_1.7.9\poco\Net\include\Poco\Net\SocketDefs.h">
      <Filter>NetCore\Header Files</Filter>
    </ClInclude>
    <ClInclude Include="G:\NNNNET\poco_1.7.9\poco\Net\include\Poco\Net\SocketImpl.h">
      <Filter>Sockets\Header Files</Filter>
    </ClInclude>
    <ClInclude Include="G:\NNNNET\poco_1.7.9\poco\Net\include\Poco\Net\SocketNotification.h">
      <Filter>Reactor\Header Files</Filter>
    </ClInclude>
    <ClInclude Include="G:\NNNNET\poco_1.7.9\poco\Net\include\Poco\Net\SocketNotifier.h">
      <Filter>Reactor\Header Files</Filter>
    </ClInclude>
    <ClInclude Include="G:\NNNNET\poco_1.7.9\poco\Net\include\Poco\Net\SocketReactor.h">
      <Filter>Reactor\Header Files</Filter>
    </ClInclude>
    <ClInclude Include="G:\NNNNET\poco_1.7.9\poco\Net\include\Poco\Net\SocketStream.h">
      <Filter>Sockets\Header Files</Filter>
    </ClInclude>
    <ClInclude Include="G:\NNNNET\poco_1.7.9\poco\Net\include\Poco\Net\StreamSocket.h">
      <Filter>Sockets\Header Files</Filter>
    </ClInclude>
    <ClInclude Include="G:\NNNNET\poco_1.7.9\poco\Net\include\Poco\Net\StreamSocketImpl.h">
      <Filter>Sockets\Header Files</Filter>
    </ClInclude>
    <ClInclude Include="G:\NNNNET\poco_1.7.9\poco\Net\include\Poco\Net\StringPartSource.h">
      <Filter>Messages\Header Files</Filter>
    </ClInclude>
    <ClInclude Include="G:\NNNNET\poco_1.7.9\poco\Net\include\Poco\Net\TCPServer.h">
      <Filter>TCPServer\Header Files</Filter>
    </ClInclude>
    <ClInclude Include="G:\NNNNET\poco_1.7.9\poco\Net\include\Poco\Net\TCPServerConnection.h">
      <Filter>TCPServer\Header Files</Filter>
    </ClInclude>
    <ClInclude Include="G:\NNNNET\poco_1.7.9\poco\Net\include\Poco\Net\TCPServerConnectionFactory.h">
      <Filter>TCPServer\Header Files</Filter>
    </ClInclude>
    <ClInclude Include="G:\NNNNET\poco_1.7.9\poco\Net\include\Poco\Net\TCPServerDispatcher.h">
      <Filter>TCPServer\Header Files</Filter>
    </ClInclude>
    <ClInclude Include="G:\NNNNET\poco_1.7.9\poco\Net\include\Poco\Net\TCPServerParams.h">
      <Filter>TCPServer\Header Files</Filter>
    </ClInclude>
    <ClInclude Include="G:\NNNNET\poco_1.7.9\poco\Net\include\Poco\Net\WebSocket.h">
      <Filter>WebSocket\Header Files</Filter>
    </ClInclude>
    <ClInclude Include="G:\NNNNET\poco_1.7.9\poco\Net\include\Poco\Net\WebSocketImpl.h">
      <Filter>WebSocket\Header Files</Filter>
    </ClInclude>
  </ItemGroup>
  <ItemGroup>
    <CustomBuild Include="G:\NNNNET\poco_1.7.9\poco\Net\CMakeLists.txt" />
  </ItemGroup>
  <ItemGroup>
    <Filter Include="FTP">
      <UniqueIdentifier>{6D95F755-C5C8-3C5F-9D58-792B4EFE866B}</UniqueIdentifier>
    </Filter>
    <Filter Include="FTP\Header Files">
      <UniqueIdentifier>{52B562FF-DF0D-303B-AE4F-681CFD097282}</UniqueIdentifier>
    </Filter>
    <Filter Include="FTP\Source Files">
      <UniqueIdentifier>{2A16A152-9103-3A19-B97D-E4591F6867FE}</UniqueIdentifier>
    </Filter>
    <Filter Include="HTML">
      <UniqueIdentifier>{93A88CC7-9C6F-3E4D-94B5-A10F847EC878}</UniqueIdentifier>
    </Filter>
    <Filter Include="HTML\Header Files">
      <UniqueIdentifier>{9349957D-E771-3125-88F3-99D03A49A6BC}</UniqueIdentifier>
    </Filter>
    <Filter Include="HTML\Source Files">
      <UniqueIdentifier>{E818343A-09F6-35B4-970B-D7121CF97ED5}</UniqueIdentifier>
    </Filter>
    <Filter Include="HTTP">
      <UniqueIdentifier>{2A2D9233-2E7D-39D5-827E-5DB8DC57F5E5}</UniqueIdentifier>
    </Filter>
    <Filter Include="HTTPClient">
      <UniqueIdentifier>{D7A43578-6850-38C6-8A86-66838CCFDF16}</UniqueIdentifier>
    </Filter>
    <Filter Include="HTTPClient\Header Files">
      <UniqueIdentifier>{F270D105-0242-35AA-94C0-96DB41A579A9}</UniqueIdentifier>
    </Filter>
    <Filter Include="HTTPClient\Source Files">
      <UniqueIdentifier>{527849D0-978B-351D-86FF-8E07B325649D}</UniqueIdentifier>
    </Filter>
    <Filter Include="HTTPServer">
      <UniqueIdentifier>{46560B70-C2EB-3FEC-B739-890A844B23C1}</UniqueIdentifier>
    </Filter>
    <Filter Include="HTTPServer\Header Files">
      <UniqueIdentifier>{A9D2E46A-7A0E-3C1A-917C-1E80CDD954C5}</UniqueIdentifier>
    </Filter>
    <Filter Include="HTTPServer\Source Files">
      <UniqueIdentifier>{EE77BB5A-823E-35DD-B14E-85CA891927BC}</UniqueIdentifier>
    </Filter>
    <Filter Include="HTTP\Header Files">
      <UniqueIdentifier>{2AA06743-56AC-32AE-8A45-63B2E054AB87}</UniqueIdentifier>
    </Filter>
    <Filter Include="HTTP\Source Files">
      <UniqueIdentifier>{463EF606-E481-3134-8087-B128DAC3499A}</UniqueIdentifier>
    </Filter>
    <Filter Include="ICMP">
      <UniqueIdentifier>{08B454DD-4BB5-37E4-AD33-95C448F3A24C}</UniqueIdentifier>
    </Filter>
    <Filter Include="ICMP\Header Files">
      <UniqueIdentifier>{E59EFEDA-59F2-3DA2-948C-DD2FBAB70ABB}</UniqueIdentifier>
    </Filter>
    <Filter Include="ICMP\Source Files">
      <UniqueIdentifier>{465743A7-4E42-3267-BF16-F5C364BDE538}</UniqueIdentifier>
    </Filter>
    <Filter Include="Logging">
      <UniqueIdentifier>{B8764EAC-251F-31E1-8D91-C765059F2692}</UniqueIdentifier>
    </Filter>
    <Filter Include="Logging\Header Files">
      <UniqueIdentifier>{5ED47DA1-F4FD-3051-9732-F34B95E4E05A}</UniqueIdentifier>
    </Filter>
    <Filter Include="Logging\Source Files">
      <UniqueIdentifier>{A0D0FCC5-08E1-3487-8B6C-EE7542D8B356}</UniqueIdentifier>
    </Filter>
    <Filter Include="Mail">
      <UniqueIdentifier>{3DC30A44-903E-3A5B-A1FE-C928B0835AD4}</UniqueIdentifier>
    </Filter>
    <Filter Include="Mail\Header Files">
      <UniqueIdentifier>{C0649BA5-7158-3EE8-9C5C-63D3FA6CEAB6}</UniqueIdentifier>
    </Filter>
    <Filter Include="Mail\Source Files">
      <UniqueIdentifier>{0465D94F-F020-31C0-98C7-4650E6D50D6A}</UniqueIdentifier>
    </Filter>
    <Filter Include="Messages">
      <UniqueIdentifier>{197F88C9-BFA9-33F3-AC78-4D06174F76F0}</UniqueIdentifier>
    </Filter>
    <Filter Include="Messages\Header Files">
      <UniqueIdentifier>{ACF82BF2-A71F-34FE-ABDD-5B7D2004E35E}</UniqueIdentifier>
    </Filter>
    <Filter Include="Messages\Source Files">
      <UniqueIdentifier>{6095E9D0-0FC5-3236-BB27-68439A949954}</UniqueIdentifier>
    </Filter>
    <Filter Include="NTP">
      <UniqueIdentifier>{1E689CF5-9FE4-3C20-AEA2-4FD04C384BCA}</UniqueIdentifier>
    </Filter>
    <Filter Include="NTP\Header Files">
      <UniqueIdentifier>{F513527F-FC3A-304F-8A13-AAE5E6E08178}</UniqueIdentifier>
    </Filter>
    <Filter Include="NTP\Source Files">
      <UniqueIdentifier>{D93D3A27-FF25-3DE9-8F84-E82ED6276F1A}</UniqueIdentifier>
    </Filter>
    <Filter Include="NetCore">
      <UniqueIdentifier>{8C6DCCEF-9FB4-3ECA-A287-412A29C1961F}</UniqueIdentifier>
    </Filter>
    <Filter Include="NetCore\Header Files">
      <UniqueIdentifier>{F098D46B-8435-35D4-B2C0-F28A2116D934}</UniqueIdentifier>
    </Filter>
    <Filter Include="NetCore\Source Files">
      <UniqueIdentifier>{D079F243-32DD-344D-92B2-5C7F86DEBBD0}</UniqueIdentifier>
    </Filter>
    <Filter Include="OAuth">
      <UniqueIdentifier>{256865BE-EAC5-3ADB-A979-519188BE7C43}</UniqueIdentifier>
    </Filter>
    <Filter Include="OAuth\Header Files">
      <UniqueIdentifier>{79BF60C9-3626-3ECB-965F-318F956CED1B}</UniqueIdentifier>
    </Filter>
    <Filter Include="OAuth\Source Files">
      <UniqueIdentifier>{654AE6BA-1F8F-3CD8-B3B5-F549F62AE4D4}</UniqueIdentifier>
    </Filter>
    <Filter Include="Reactor">
      <UniqueIdentifier>{8C5CF448-11CC-3D41-A08A-B2326AD50D2D}</UniqueIdentifier>
    </Filter>
    <Filter Include="Reactor\Header Files">
      <UniqueIdentifier>{C266FFEA-DCA7-39D8-826D-35C4590FB3C5}</UniqueIdentifier>
    </Filter>
    <Filter Include="Reactor\Source Files">
      <UniqueIdentifier>{2F48C77D-573E-3D7F-B9C3-53BFC969AB8D}</UniqueIdentifier>
    </Filter>
    <Filter Include="Sockets">
      <UniqueIdentifier>{DD703993-71F9-3760-B6CD-BE9E46022A9A}</UniqueIdentifier>
    </Filter>
    <Filter Include="Sockets\Header Files">
      <UniqueIdentifier>{894BB8C3-C5BD-3256-9DCB-9FC1F2CA8DF0}</UniqueIdentifier>
    </Filter>
    <Filter Include="Sockets\Source Files">
      <UniqueIdentifier>{43BC6FAF-9890-30CD-94BA-ECB64554EADE}</UniqueIdentifier>
    </Filter>
    <Filter Include="TCPServer">
      <UniqueIdentifier>{EE899999-30AC-340B-9FEF-EDEB756634E6}</UniqueIdentifier>
    </Filter>
    <Filter Include="TCPServer\Header Files">
      <UniqueIdentifier>{CF867D94-C9D1-38DB-9465-423E9F9FDDA2}</UniqueIdentifier>
    </Filter>
    <Filter Include="TCPServer\Source Files">
      <UniqueIdentifier>{11928722-1305-35D1-873B-146E1FDCED47}</UniqueIdentifier>
    </Filter>
    <Filter Include="WebSocket">
      <UniqueIdentifier>{E25144A6-C877-372E-9DA8-509D3ABC6191}</UniqueIdentifier>
    </Filter>
    <Filter Include="WebSocket\Header Files">
      <UniqueIdentifier>{35305962-39DE-3C97-B4A7-1998A71267C8}</UniqueIdentifier>
    </Filter>
    <Filter Include="WebSocket\Source Files">
      <UniqueIdentifier>{DF089187-20E3-37B6-8785-DC4C51AB964E}</UniqueIdentifier>
    </Filter>
  </ItemGroup>
</Project>
