<?xml version="1.0" encoding="utf-8"?>
<Project ToolsVersion="14.0" xmlns="http://schemas.microsoft.com/developer/msbuild/2003">
  <ItemGroup>
    <ClCompile Include="G:\NNNNET\poco_1.7.9\poco\JSON\src\Array.cpp">
      <Filter>JSON\Source Files</Filter>
    </ClCompile>
    <ClCompile Include="G:\NNNNET\poco_1.7.9\poco\JSON\src\Handler.cpp">
      <Filter>JSON\Source Files</Filter>
    </ClCompile>
    <ClCompile Include="G:\NNNNET\poco_1.7.9\poco\JSON\src\JSONException.cpp">
      <Filter>JSON\Source Files</Filter>
    </ClCompile>
    <ClCompile Include="G:\NNNNET\poco_1.7.9\poco\JSON\src\Object.cpp">
      <Filter>JSON\Source Files</Filter>
    </ClCompile>
    <ClCompile Include="G:\NNNNET\poco_1.7.9\poco\JSON\src\ParseHandler.cpp">
      <Filter>JSON\Source Files</Filter>
    </ClCompile>
    <ClCompile Include="G:\NNNNET\poco_1.7.9\poco\JSON\src\Parser.cpp">
      <Filter>JSON\Source Files</Filter>
    </ClCompile>
    <ClCompile Include="G:\NNNNET\poco_1.7.9\poco\JSON\src\PrintHandler.cpp">
      <Filter>JSON\Source Files</Filter>
    </ClCompile>
    <ClCompile Include="G:\NNNNET\poco_1.7.9\poco\JSON\src\Query.cpp">
      <Filter>JSON\Source Files</Filter>
    </ClCompile>
    <ClCompile Include="G:\NNNNET\poco_1.7.9\poco\JSON\src\Stringifier.cpp">
      <Filter>JSON\Source Files</Filter>
    </ClCompile>
    <ClCompile Include="G:\NNNNET\poco_1.7.9\poco\JSON\src\Template.cpp">
      <Filter>JSON\Source Files</Filter>
    </ClCompile>
    <ClCompile Include="G:\NNNNET\poco_1.7.9\poco\JSON\src\TemplateCache.cpp">
      <Filter>JSON\Source Files</Filter>
    </ClCompile>
  </ItemGroup>
  <ItemGroup>
    <ClInclude Include="G:\NNNNET\poco_1.7.9\poco\JSON\include\Poco\JSON\Array.h">
      <Filter>JSON\Header Files</Filter>
    </ClInclude>
    <ClInclude Include="G:\NNNNET\poco_1.7.9\poco\JSON\include\Poco\JSON\Handler.h">
      <Filter>JSON\Header Files</Filter>
    </ClInclude>
    <ClInclude Include="G:\NNNNET\poco_1.7.9\poco\JSON\include\Poco\JSON\JSON.h">
      <Filter>JSON\Header Files</Filter>
    </ClInclude>
    <ClInclude Include="G:\NNNNET\poco_1.7.9\poco\JSON\include\Poco\JSON\JSONException.h">
      <Filter>JSON\Header Files</Filter>
    </ClInclude>
    <ClInclude Include="G:\NNNNET\poco_1.7.9\poco\JSON\include\Poco\JSON\Object.h">
      <Filter>JSON\Header Files</Filter>
    </ClInclude>
    <ClInclude Include="G:\NNNNET\poco_1.7.9\poco\JSON\include\Poco\JSON\ParseHandler.h">
      <Filter>JSON\Header Files</Filter>
    </ClInclude>
    <ClInclude Include="G:\NNNNET\poco_1.7.9\poco\JSON\include\Poco\JSON\Parser.h">
      <Filter>JSON\Header Files</Filter>
    </ClInclude>
    <ClInclude Include="G:\NNNNET\poco_1.7.9\poco\JSON\include\Poco\JSON\PrintHandler.h">
      <Filter>JSON\Header Files</Filter>
    </ClInclude>
    <ClInclude Include="G:\NNNNET\poco_1.7.9\poco\JSON\include\Poco\JSON\Query.h">
      <Filter>JSON\Header Files</Filter>
    </ClInclude>
    <ClInclude Include="G:\NNNNET\poco_1.7.9\poco\JSON\include\Poco\JSON\Stringifier.h">
      <Filter>JSON\Header Files</Filter>
    </ClInclude>
    <ClInclude Include="G:\NNNNET\poco_1.7.9\poco\JSON\include\Poco\JSON\Template.h">
      <Filter>JSON\Header Files</Filter>
    </ClInclude>
    <ClInclude Include="G:\NNNNET\poco_1.7.9\poco\JSON\include\Poco\JSON\TemplateCache.h">
      <Filter>JSON\Header Files</Filter>
    </ClInclude>
  </ItemGroup>
  <ItemGroup>
    <CustomBuild Include="G:\NNNNET\poco_1.7.9\poco\JSON\CMakeLists.txt" />
  </ItemGroup>
  <ItemGroup>
    <Filter Include="JSON">
      <UniqueIdentifier>{716BD2D8-3B5B-3296-8DE9-BB3158161508}</UniqueIdentifier>
    </Filter>
    <Filter Include="JSON\Header Files">
      <UniqueIdentifier>{9EB8245C-8A5F-33E2-B5D0-F67565980C47}</UniqueIdentifier>
    </Filter>
    <Filter Include="JSON\Source Files">
      <UniqueIdentifier>{F453CB06-BF72-3C75-9CF3-39E1ECC8DD2B}</UniqueIdentifier>
    </Filter>
  </ItemGroup>
</Project>
