<?xml version="1.0" encoding="utf-8"?>
<Project ToolsVersion="14.0" xmlns="http://schemas.microsoft.com/developer/msbuild/2003">
  <ItemGroup>
    <ClCompile Include="G:\NNNNET\poco_1.7.9\poco\Foundation\testsuite\src\TestLibrary.cpp">
      <Filter>Source Files</Filter>
    </ClCompile>
    <ClCompile Include="G:\NNNNET\poco_1.7.9\poco\Foundation\testsuite\src\TestPlugin.cpp">
      <Filter>Source Files</Filter>
    </ClCompile>
  </ItemGroup>
  <ItemGroup>
    <ClInclude Include="G:\NNNNET\poco_1.7.9\poco\Foundation\testsuite\src\TestPlugin.h">
      <Filter>Unknown\Header Files</Filter>
    </ClInclude>
  </ItemGroup>
  <ItemGroup>
    <CustomBuild Include="G:\NNNNET\poco_1.7.9\poco\Foundation\testsuite\CMakeLists.txt" />
  </ItemGroup>
  <ItemGroup>
    <Filter Include="Source Files">
      <UniqueIdentifier>{90717596-F6B4-3D63-8A55-420D9CD5404A}</UniqueIdentifier>
    </Filter>
    <Filter Include="Unknown">
      <UniqueIdentifier>{11336703-E975-33F7-8AB3-BCCBD0E8E9C8}</UniqueIdentifier>
    </Filter>
    <Filter Include="Unknown\Header Files">
      <UniqueIdentifier>{90CB6516-B090-3232-9F8A-4DA916E94D15}</UniqueIdentifier>
    </Filter>
  </ItemGroup>
</Project>
