<?xml version="1.0" encoding="utf-8"?>
<Project ToolsVersion="14.0" xmlns="http://schemas.microsoft.com/developer/msbuild/2003">
  <ItemGroup>
    <ClCompile Include="G:\NNNNET\poco_1.7.9\poco\NetSSL_OpenSSL\src\AcceptCertificateHandler.cpp">
      <Filter>SSLCore\Source Files</Filter>
    </ClCompile>
    <ClCompile Include="G:\NNNNET\poco_1.7.9\poco\NetSSL_OpenSSL\src\CertificateHandlerFactory.cpp">
      <Filter>SSLCore\Source Files</Filter>
    </ClCompile>
    <ClCompile Include="G:\NNNNET\poco_1.7.9\poco\NetSSL_OpenSSL\src\CertificateHandlerFactoryMgr.cpp">
      <Filter>SSLCore\Source Files</Filter>
    </ClCompile>
    <ClCompile Include="G:\NNNNET\poco_1.7.9\poco\NetSSL_OpenSSL\src\ConsoleCertificateHandler.cpp">
      <Filter>SSLCore\Source Files</Filter>
    </ClCompile>
    <ClCompile Include="G:\NNNNET\poco_1.7.9\poco\NetSSL_OpenSSL\src\Context.cpp">
      <Filter>SSLCore\Source Files</Filter>
    </ClCompile>
    <ClCompile Include="G:\NNNNET\poco_1.7.9\poco\NetSSL_OpenSSL\src\HTTPSClientSession.cpp">
      <Filter>HTTPSClient\Source Files</Filter>
    </ClCompile>
    <ClCompile Include="G:\NNNNET\poco_1.7.9\poco\NetSSL_OpenSSL\src\HTTPSSessionInstantiator.cpp">
      <Filter>HTTPSClient\Source Files</Filter>
    </ClCompile>
    <ClCompile Include="G:\NNNNET\poco_1.7.9\poco\NetSSL_OpenSSL\src\HTTPSStreamFactory.cpp">
      <Filter>HTTPSClient\Source Files</Filter>
    </ClCompile>
    <ClCompile Include="G:\NNNNET\poco_1.7.9\poco\NetSSL_OpenSSL\src\InvalidCertificateHandler.cpp">
      <Filter>SSLCore\Source Files</Filter>
    </ClCompile>
    <ClCompile Include="G:\NNNNET\poco_1.7.9\poco\NetSSL_OpenSSL\src\KeyConsoleHandler.cpp">
      <Filter>SSLCore\Source Files</Filter>
    </ClCompile>
    <ClCompile Include="G:\NNNNET\poco_1.7.9\poco\NetSSL_OpenSSL\src\KeyFileHandler.cpp">
      <Filter>SSLCore\Source Files</Filter>
    </ClCompile>
    <ClCompile Include="G:\NNNNET\poco_1.7.9\poco\NetSSL_OpenSSL\src\PrivateKeyFactory.cpp">
      <Filter>SSLCore\Source Files</Filter>
    </ClCompile>
    <ClCompile Include="G:\NNNNET\poco_1.7.9\poco\NetSSL_OpenSSL\src\PrivateKeyFactoryMgr.cpp">
      <Filter>SSLCore\Source Files</Filter>
    </ClCompile>
    <ClCompile Include="G:\NNNNET\poco_1.7.9\poco\NetSSL_OpenSSL\src\PrivateKeyPassphraseHandler.cpp">
      <Filter>SSLCore\Source Files</Filter>
    </ClCompile>
    <ClCompile Include="G:\NNNNET\poco_1.7.9\poco\NetSSL_OpenSSL\src\RejectCertificateHandler.cpp">
      <Filter>SSLCore\Source Files</Filter>
    </ClCompile>
    <ClCompile Include="G:\NNNNET\poco_1.7.9\poco\NetSSL_OpenSSL\src\SSLException.cpp">
      <Filter>SSLCore\Source Files</Filter>
    </ClCompile>
    <ClCompile Include="G:\NNNNET\poco_1.7.9\poco\NetSSL_OpenSSL\src\SSLManager.cpp">
      <Filter>SSLCore\Source Files</Filter>
    </ClCompile>
    <ClCompile Include="G:\NNNNET\poco_1.7.9\poco\NetSSL_OpenSSL\src\SecureSMTPClientSession.cpp">
      <Filter>Mail\Source Files</Filter>
    </ClCompile>
    <ClCompile Include="G:\NNNNET\poco_1.7.9\poco\NetSSL_OpenSSL\src\SecureServerSocket.cpp">
      <Filter>SSLSockets\Source Files</Filter>
    </ClCompile>
    <ClCompile Include="G:\NNNNET\poco_1.7.9\poco\NetSSL_OpenSSL\src\SecureServerSocketImpl.cpp">
      <Filter>SSLSockets\Source Files</Filter>
    </ClCompile>
    <ClCompile Include="G:\NNNNET\poco_1.7.9\poco\NetSSL_OpenSSL\src\SecureSocketImpl.cpp">
      <Filter>SSLSockets\Source Files</Filter>
    </ClCompile>
    <ClCompile Include="G:\NNNNET\poco_1.7.9\poco\NetSSL_OpenSSL\src\SecureStreamSocket.cpp">
      <Filter>SSLSockets\Source Files</Filter>
    </ClCompile>
    <ClCompile Include="G:\NNNNET\poco_1.7.9\poco\NetSSL_OpenSSL\src\SecureStreamSocketImpl.cpp">
      <Filter>SSLSockets\Source Files</Filter>
    </ClCompile>
    <ClCompile Include="G:\NNNNET\poco_1.7.9\poco\NetSSL_OpenSSL\src\Session.cpp">
      <Filter>SSLCore\Source Files</Filter>
    </ClCompile>
    <ClCompile Include="G:\NNNNET\poco_1.7.9\poco\NetSSL_OpenSSL\src\Utility.cpp">
      <Filter>SSLCore\Source Files</Filter>
    </ClCompile>
    <ClCompile Include="G:\NNNNET\poco_1.7.9\poco\NetSSL_OpenSSL\src\VerificationErrorArgs.cpp">
      <Filter>SSLCore\Source Files</Filter>
    </ClCompile>
    <ClCompile Include="G:\NNNNET\poco_1.7.9\poco\NetSSL_OpenSSL\src\X509Certificate.cpp">
      <Filter>SSLCore\Source Files</Filter>
    </ClCompile>
  </ItemGroup>
  <ItemGroup>
    <ClInclude Include="G:\NNNNET\poco_1.7.9\poco\NetSSL_OpenSSL\include\Poco\Net\AcceptCertificateHandler.h">
      <Filter>SSLCore\Header Files</Filter>
    </ClInclude>
    <ClInclude Include="G:\NNNNET\poco_1.7.9\poco\NetSSL_OpenSSL\include\Poco\Net\CertificateHandlerFactory.h">
      <Filter>SSLCore\Header Files</Filter>
    </ClInclude>
    <ClInclude Include="G:\NNNNET\poco_1.7.9\poco\NetSSL_OpenSSL\include\Poco\Net\CertificateHandlerFactoryMgr.h">
      <Filter>SSLCore\Header Files</Filter>
    </ClInclude>
    <ClInclude Include="G:\NNNNET\poco_1.7.9\poco\NetSSL_OpenSSL\include\Poco\Net\ConsoleCertificateHandler.h">
      <Filter>SSLCore\Header Files</Filter>
    </ClInclude>
    <ClInclude Include="G:\NNNNET\poco_1.7.9\poco\NetSSL_OpenSSL\include\Poco\Net\Context.h">
      <Filter>SSLCore\Header Files</Filter>
    </ClInclude>
    <ClInclude Include="G:\NNNNET\poco_1.7.9\poco\NetSSL_OpenSSL\include\Poco\Net\HTTPSClientSession.h">
      <Filter>HTTPSClient\Header Files</Filter>
    </ClInclude>
    <ClInclude Include="G:\NNNNET\poco_1.7.9\poco\NetSSL_OpenSSL\include\Poco\Net\HTTPSSessionInstantiator.h">
      <Filter>HTTPSClient\Header Files</Filter>
    </ClInclude>
    <ClInclude Include="G:\NNNNET\poco_1.7.9\poco\NetSSL_OpenSSL\include\Poco\Net\HTTPSStreamFactory.h">
      <Filter>HTTPSClient\Header Files</Filter>
    </ClInclude>
    <ClInclude Include="G:\NNNNET\poco_1.7.9\poco\NetSSL_OpenSSL\include\Poco\Net\InvalidCertificateHandler.h">
      <Filter>SSLCore\Header Files</Filter>
    </ClInclude>
    <ClInclude Include="G:\NNNNET\poco_1.7.9\poco\NetSSL_OpenSSL\include\Poco\Net\KeyConsoleHandler.h">
      <Filter>SSLCore\Header Files</Filter>
    </ClInclude>
    <ClInclude Include="G:\NNNNET\poco_1.7.9\poco\NetSSL_OpenSSL\include\Poco\Net\KeyFileHandler.h">
      <Filter>SSLCore\Header Files</Filter>
    </ClInclude>
    <ClInclude Include="G:\NNNNET\poco_1.7.9\poco\NetSSL_OpenSSL\include\Poco\Net\NetSSL.h">
      <Filter>SSLCore\Header Files</Filter>
    </ClInclude>
    <ClInclude Include="G:\NNNNET\poco_1.7.9\poco\NetSSL_OpenSSL\include\Poco\Net\PrivateKeyFactory.h">
      <Filter>SSLCore\Header Files</Filter>
    </ClInclude>
    <ClInclude Include="G:\NNNNET\poco_1.7.9\poco\NetSSL_OpenSSL\include\Poco\Net\PrivateKeyFactoryMgr.h">
      <Filter>SSLCore\Header Files</Filter>
    </ClInclude>
    <ClInclude Include="G:\NNNNET\poco_1.7.9\poco\NetSSL_OpenSSL\include\Poco\Net\PrivateKeyPassphraseHandler.h">
      <Filter>SSLCore\Header Files</Filter>
    </ClInclude>
    <ClInclude Include="G:\NNNNET\poco_1.7.9\poco\NetSSL_OpenSSL\include\Poco\Net\RejectCertificateHandler.h">
      <Filter>SSLCore\Header Files</Filter>
    </ClInclude>
    <ClInclude Include="G:\NNNNET\poco_1.7.9\poco\NetSSL_OpenSSL\include\Poco\Net\SSLException.h">
      <Filter>SSLCore\Header Files</Filter>
    </ClInclude>
    <ClInclude Include="G:\NNNNET\poco_1.7.9\poco\NetSSL_OpenSSL\include\Poco\Net\SSLManager.h">
      <Filter>SSLCore\Header Files</Filter>
    </ClInclude>
    <ClInclude Include="G:\NNNNET\poco_1.7.9\poco\NetSSL_OpenSSL\include\Poco\Net\SecureSMTPClientSession.h">
      <Filter>Mail\Header Files</Filter>
    </ClInclude>
    <ClInclude Include="G:\NNNNET\poco_1.7.9\poco\NetSSL_OpenSSL\include\Poco\Net\SecureServerSocket.h">
      <Filter>SSLSockets\Header Files</Filter>
    </ClInclude>
    <ClInclude Include="G:\NNNNET\poco_1.7.9\poco\NetSSL_OpenSSL\include\Poco\Net\SecureServerSocketImpl.h">
      <Filter>SSLSockets\Header Files</Filter>
    </ClInclude>
    <ClInclude Include="G:\NNNNET\poco_1.7.9\poco\NetSSL_OpenSSL\include\Poco\Net\SecureSocketImpl.h">
      <Filter>SSLSockets\Header Files</Filter>
    </ClInclude>
    <ClInclude Include="G:\NNNNET\poco_1.7.9\poco\NetSSL_OpenSSL\include\Poco\Net\SecureStreamSocket.h">
      <Filter>SSLSockets\Header Files</Filter>
    </ClInclude>
    <ClInclude Include="G:\NNNNET\poco_1.7.9\poco\NetSSL_OpenSSL\include\Poco\Net\SecureStreamSocketImpl.h">
      <Filter>SSLSockets\Header Files</Filter>
    </ClInclude>
    <ClInclude Include="G:\NNNNET\poco_1.7.9\poco\NetSSL_OpenSSL\include\Poco\Net\Session.h">
      <Filter>SSLCore\Header Files</Filter>
    </ClInclude>
    <ClInclude Include="G:\NNNNET\poco_1.7.9\poco\NetSSL_OpenSSL\include\Poco\Net\Utility.h">
      <Filter>SSLCore\Header Files</Filter>
    </ClInclude>
    <ClInclude Include="G:\NNNNET\poco_1.7.9\poco\NetSSL_OpenSSL\include\Poco\Net\VerificationErrorArgs.h">
      <Filter>SSLCore\Header Files</Filter>
    </ClInclude>
    <ClInclude Include="G:\NNNNET\poco_1.7.9\poco\NetSSL_OpenSSL\include\Poco\Net\X509Certificate.h">
      <Filter>SSLCore\Header Files</Filter>
    </ClInclude>
  </ItemGroup>
  <ItemGroup>
    <CustomBuild Include="G:\NNNNET\poco_1.7.9\poco\NetSSL_OpenSSL\CMakeLists.txt" />
  </ItemGroup>
  <ItemGroup>
    <Filter Include="HTTPSClient">
      <UniqueIdentifier>{CF807403-4E8F-3927-9138-C63BB4682E0D}</UniqueIdentifier>
    </Filter>
    <Filter Include="HTTPSClient\Header Files">
      <UniqueIdentifier>{D200BA64-B8F7-33D4-95C7-6570CD4942DC}</UniqueIdentifier>
    </Filter>
    <Filter Include="HTTPSClient\Source Files">
      <UniqueIdentifier>{6FD0FC2B-2733-354A-9EFA-611301B5EA79}</UniqueIdentifier>
    </Filter>
    <Filter Include="Mail">
      <UniqueIdentifier>{3DC30A44-903E-3A5B-A1FE-C928B0835AD4}</UniqueIdentifier>
    </Filter>
    <Filter Include="Mail\Header Files">
      <UniqueIdentifier>{C0649BA5-7158-3EE8-9C5C-63D3FA6CEAB6}</UniqueIdentifier>
    </Filter>
    <Filter Include="Mail\Source Files">
      <UniqueIdentifier>{0465D94F-F020-31C0-98C7-4650E6D50D6A}</UniqueIdentifier>
    </Filter>
    <Filter Include="SSLCore">
      <UniqueIdentifier>{27779D66-A471-3D90-B464-021081F513D5}</UniqueIdentifier>
    </Filter>
    <Filter Include="SSLCore\Header Files">
      <UniqueIdentifier>{C71439EB-B0D8-3246-A27D-8C1E522F49C3}</UniqueIdentifier>
    </Filter>
    <Filter Include="SSLCore\Source Files">
      <UniqueIdentifier>{0A0A88B8-DEB2-3EA3-8A76-BBC4E81139F8}</UniqueIdentifier>
    </Filter>
    <Filter Include="SSLSockets">
      <UniqueIdentifier>{34869685-4B4B-3BDF-8185-FE5B15490700}</UniqueIdentifier>
    </Filter>
    <Filter Include="SSLSockets\Header Files">
      <UniqueIdentifier>{3EA306C3-24F8-32C3-8BF8-46DDA3A78F8A}</UniqueIdentifier>
    </Filter>
    <Filter Include="SSLSockets\Source Files">
      <UniqueIdentifier>{1549FE8F-28AF-36F0-B9B8-311B3592FA5A}</UniqueIdentifier>
    </Filter>
  </ItemGroup>
</Project>
