<?xml version="1.0" encoding="utf-8"?>
<Project ToolsVersion="14.0" xmlns="http://schemas.microsoft.com/developer/msbuild/2003">
  <ItemGroup>
    <ClCompile Include="G:\NNNNET\poco_1.7.9\poco\NetSSL_OpenSSL\src\AcceptCertificateHandler.cpp">
      <Filter>SSLCore\Source Files</Filter>
    </ClCompile>
    <ClCompile Include="G:\NNNNET\poco_1.7.9\poco\NetSSL_OpenSSL\src\CertificateHandlerFactory.cpp">
      <Filter>SSLCore\Source Files</Filter>
    </ClCompile>
    <ClCompile Include="G:\NNNNET\poco_1.7.9\poco\NetSSL_OpenSSL\src\CertificateHandlerFactoryMgr.cpp">
      <Filter>SSLCore\Source Files</Filter>
    </ClCompile>
    <ClCompile Include="G:\NNNNET\poco_1.7.9\poco\NetSSL_OpenSSL\src\ConsoleCertificateHandler.cpp">
      <Filter>SSLCore\Source Files</Filter>
    </ClCompile>
    <ClCompile Include="G:\NNNNET\poco_1.7.9\poco\NetSSL_OpenSSL\src\Context.cpp">
      <Filter>SSLCore\Source Files</Filter>
    </ClCompile>
    <ClCompile Include="G:\NNNNET\poco_1.7.9\poco\NetSSL_OpenSSL\src\HTTPSClientSession.cpp">
      <Filter>HTTPSClient\Source Files</Filter>
    </ClCompile>
    <ClCompile Include="G:\NNNNET\poco_1.7.9\poco\NetSSL_OpenSSL\src\HTTPSSessionInstantiator.cpp">
      <Filter>HTTPSClient\Source Files</Filter>
    </ClCompile>
    <ClCompile Include="G:\NNNNET\poco_1.7.9\poco\NetSSL_OpenSSL\src\HTTPSStreamFactory.cpp">
      <Filter>HTTPSClient\Source Files</Filter>
    </ClCompile>
    <ClCompile Include="G:\NNNNET\poco_1.7.9\poco\NetSSL_OpenSSL\src\InvalidCertificateHandler.cpp">
      <Filter>SSLCore\Source Files</Filter>
    </ClCompile>
    <ClCompile Include="G:\NNNNET\poco_1.7.9\poco\NetSSL_OpenSSL\src\KeyConsoleHandler.cpp">
      <Filter>SSLCore\Source Files</Filter>
    </ClCompile>
    <ClCompile Include="G:\NNNNET\poco_1.7.9\poco\NetSSL_OpenSSL\src\KeyFileHandler.cpp">
      <Filter>SSLCore\Source Files</Filter>
    </ClCompile>
    <ClCompile Include="G:\NNNNET\poco_1.7.9\poco\NetSSL_OpenSSL\src\PrivateKeyFactory.cpp">
      <Filter>SSLCore\Source Files</Filter>
    </ClCompile>
    <ClCompile Include="G:\NNNNET\poco_1.7.9\poco\NetSSL_OpenSSL\src\PrivateKeyFactoryMgr.cpp">
      <Filter>SSLCore\Source Files</Filter>
    </ClCompile>
    <ClCompile Include="G:\NNNNET\poco_1.7.9\poco\NetSSL_OpenSSL\src\PrivateKeyPassphraseHandler.cpp">
      <Filter>SSLCore\Source Files</Filter>
    </ClCompile>
    <ClCompile Include="G:\NNNNET\poco_1.7.9\poco\NetSSL_OpenSSL\src\RejectCertificateHandler.cpp">
      <Filter>SSLCore\Source Files</Filter>
    </ClCompile>
    <ClCompile Include="G:\NNNNET\poco_1.7.9\poco\NetSSL_OpenSSL\src\SSLException.cpp">
      <Filter>SSLCore\Source Files</Filter>
    </ClCompile>
    <ClCompile Include="G:\NNNNET\poco_1.7.9\poco\NetSSL_OpenSSL\src\SSLManager.cpp">
      <Filter>SSLCore\Source Files</Filter>
    </ClCompile>
    <ClCompile Include="G:\NNNNET\poco_1.7.9\poco\NetSSL_OpenSSL\src\SecureSMTPClientSession.cpp">
      <Filter>Mail\Source Files</Filter>
    </ClCompile>
    <ClCompile Include="G:\NNNNET\poco_1.7.9\poco\NetSSL_OpenSSL\src\SecureServerSocket.cpp">
      <Filter>SSLSockets\Source Files</Filter>
    </ClCompile>
    <ClCompile Include="G:\NNNNET\poco_1.7.9\poco\NetSSL_OpenSSL\src\SecureServerSocketImpl.cpp">
      <Filter>SSLSockets\Source Files</Filter>
    </ClCompile>
    <ClCompile Include="G:\NNNNET\poco_1.7.9\poco\NetSSL_OpenSSL\src\SecureSocketImpl.cpp">
      <Filter>SSLSockets\Source Files</Filter>
    </ClCompile>
    <ClCompile Include="G:\NNNNET\poco_1.7.9\poco\NetSSL_OpenSSL\src\SecureStreamSocket.cpp">
      <Filter>SSLSockets\Source Files</Filter>
    </ClCompile>
    <ClCompile Include="G:\NNNNET\poco_1.7.9\poco\NetSSL_OpenSSL\src\SecureStreamSocketImpl.cpp">
      <Filter>SSLSockets\Source Files</Filter>
    </ClCompile>
    <ClCompile Include="G:\NNNNET\poco_1.7.9\poco\NetSSL_OpenSSL\src\Session.cpp">
      <Filter>SSLCore\Source Files</Filter>
    </ClCompile>
    <ClCompile Include="G:\NNNNET\poco_1.7.9\poco\NetSSL_OpenSSL\src\Utility.cpp">
      <Filter>SSLCore\Source Files</Filter>
    </ClCompile>
    <ClCompile Include="G:\NNNNET\poco_1.7.9\poco\NetSSL_OpenSSL\src\VerificationErrorArgs.cpp">
      <Filter>SSLCore\Source Files</Filter>
    </ClCompile>
    <ClCompile Include="G:\NNNNET\poco_1.7.9\poco\NetSSL_OpenSSL\src\X509Certificate.cpp">
      <Filter>SSLCore\Source Files</Filter>
    </ClCompile>
  </ItemGroup>
  <ItemGroup>
    <ClInclude Include="G:\NNNNET\poco_1.7.9\poco\NetSSL_OpenSSL\include\Poco\Net\AcceptCertificateHandler.h">
      <Filter>SSLCore\Header Files</Filter>
    </ClInclude>
    <ClInclude Include="G:\NNNNET\poco_1.7.9\poco\NetSSL_OpenSSL\include\Poco\Net\CertificateHandlerFactory.h">
      <Filter>SSLCore\Header Files</Filter>
    </ClInclude>
    <ClInclude Include="G:\NNNNET\poco_1.7.9\poco\NetSSL_OpenSSL\include\Poco\Net\CertificateHandlerFactoryMgr.h">
      <Filter>SSLCore\Header Files</Filter>
    </ClInclude>
    <ClInclude Include="G:\NNNNET\poco_1.7.9\poco\NetSSL_OpenSSL\include\Poco\Net\ConsoleCertificateHandler.h">
      <Filter>SSLCore\Header Files</Filter>
    </ClInclude>
    <ClInclude Include="G:\NNNNET\poco_1.7.9\poco\NetSSL_OpenSSL\include\Poco\Net\Context.h">
      <Filter>SSLCore\Header Files</Filter>
    </ClInclude>
    <ClInclude Include="G:\NNNNET\poco_1.7.9\poco\NetSSL_OpenSSL\include\Poco\Net\HTTPSClientSession.h">
      <Filter>HTTPSClient\Header Files</Filter>
    </ClInclude>
    <ClInclude Include="G:\NNNNET\poco_1.7.9\poco\NetSSL_OpenSSL\include\Poco\Net\HTTPSSessionInstantiator.h">
      <Filter>HTTPSClient\Header Files</Filter>
    </ClInclude>
    <ClInclude Include="G:\NNNNET\poco_1.7.9\poco\NetSSL_OpenSSL\include\Poco\Net\HTTPSStreamFactory.h">
      <Filter>HTTPSClient\Header Files</Filter>
    </ClInclude>
    <ClInclude Include="G:\NNNNET\poco_1.7.9\poco\NetSSL_OpenSSL\include\Poco\Net\InvalidCertificateHandler.h">
      <Filter>SSLCore\Header Files</Filter>
    </ClInclude>
    <ClInclude Include="G:\NNNNET\poco_1.7.9\poco\NetSSL_OpenSSL\include\Poco\Net\KeyConsoleHandler.h">
      <Filter>SSLCore\Header Files</Filter>
    </ClInclude>
    <ClInclude Include="G:\NNNNET\poco_1.7.9\poco\NetSSL_OpenSSL\include\Poco\Net\KeyFileHandler.h">
      <Filter>SSLCore\Header Files</Filter>
    </ClInclude>
    <ClInclude Include="G:\NNNNET\poco_1.7.9\poco\NetSSL_OpenSSL\include\Poco\Net\NetSSL.h">
      <Filter>SSLCore\Header Files</Filter>
    </ClInclude>
    <ClInclude Include="G:\NNNNET\poco_1.7.9\poco\NetSSL_OpenSSL\include\Poco\Net\PrivateKeyFactory.h">
      <Filter>SSLCore\Header Files</Filter>
    </ClInclude>
    <ClInclude Include="G:\NNNNET\poco_1.7.9\poco\NetSSL_OpenSSL\include\Poco\Net\PrivateKeyFactoryMgr.h">
      <Filter>SSLCore\Header Files</Filter>
    </ClInclude>
    <ClInclude Include="G:\NNNNET\poco_1.7.9\poco\NetSSL_OpenSSL\include\Poco\Net\PrivateKeyPassphraseHandler.h">
      <Filter>SSLCore\Header Files</Filter>
    </ClInclude>
    <ClInclude Include="G:\NNNNET\poco_1.7.9\poco\NetSSL_OpenSSL\include\Poco\Net\RejectCertificateHandler.h">
      <Filter>SSLCore\Header Files</Filter>
    </ClInclude>
    <ClInclude Include="G:\NNNNET\poco_1.7.9\poco\NetSSL_OpenSSL\include\Poco\Net\SSLException.h">
      <Filter>SSLCore\Header Files</Filter>
    </ClInclude>
    <ClInclude Include="G:\NNNNET\poco_1.7.9\poco\NetSSL_OpenSSL\include\Poco\Net\SSLManager.h">
      <Filter>SSLCore\Header Files</Filter>
    </ClInclude>
    <ClInclude Include="G:\NNNNET\poco_1.7.9\poco\NetSSL_OpenSSL\include\Poco\Net\SecureSMTPClientSession.h">
      <Filter>Mail\Header Files</Filter>
    </ClInclude>
    <ClInclude Include="G:\NNNNET\poco_1.7.9\poco\NetSSL_OpenSSL\include\Poco\Net\SecureServerSocket.h">
      <Filter>SSLSockets\Header Files</Filter>
    </ClInclude>
    <ClInclude Include="G:\NNNNET\poco_1.7.9\poco\NetSSL_OpenSSL\include\Poco\Net\SecureServerSocketImpl.h">
      <Filter>SSLSockets\Header Files</Filter>
    </ClInclude>
    <ClInclude Include="G:\NNNNET\poco_1.7.9\poco\NetSSL_OpenSSL\include\Poco\Net\SecureSocketImpl.h">
      <Filter>SSLSockets\Header Files</Filter>
    </ClInclude>
    <ClInclude Include="G:\NNNNET\poco_1.7.9\poco\NetSSL_OpenSSL\include\Poco\Net\SecureStreamSocket.h">
      <Filter>SSLSockets\Header Files</Filter>
    </ClInclude>
    <ClInclude Include="G:\NNNNET\poco_1.7.9\poco\NetSSL_OpenSSL\include\Poco\Net\SecureStreamSocketImpl.h">
      <Filter>SSLSockets\Header Files</Filter>
    </ClInclude>
    <ClInclude Include="G:\NNNNET\poco_1.7.9\poco\NetSSL_OpenSSL\include\Poco\Net\Session.h">
      <Filter>SSLCore\Header Files</Filter>
    </ClInclude>
    <ClInclude Include="G:\NNNNET\poco_1.7.9\poco\NetSSL_OpenSSL\include\Poco\Net\Utility.h">
      <Filter>SSLCore\Header Files</Filter>
    </ClInclude>
    <ClInclude Include="G:\NNNNET\poco_1.7.9\poco\NetSSL_OpenSSL\include\Poco\Net\VerificationErrorArgs.h">
      <Filter>SSLCore\Header Files</Filter>
    </ClInclude>
    <ClInclude Include="G:\NNNNET\poco_1.7.9\poco\NetSSL_OpenSSL\include\Poco\Net\X509Certificate.h">
      <Filter>SSLCore\Header Files</Filter>
    </ClInclude>
  </ItemGroup>
  <ItemGroup>
    <CustomBuild Include="G:\NNNNET\poco_1.7.9\poco\NetSSL_OpenSSL\CMakeLists.txt" />
  </ItemGroup>
  <ItemGroup>
    <Filter Include="HTTPSClient">
      <UniqueIdentifier>{63F429EA-5671-3E83-9C6F-AAC0E8F2AB0D}</UniqueIdentifier>
    </Filter>
    <Filter Include="HTTPSClient\Header Files">
      <UniqueIdentifier>{B389EDA5-F747-3DF8-88E7-B2A6B3628F6E}</UniqueIdentifier>
    </Filter>
    <Filter Include="HTTPSClient\Source Files">
      <UniqueIdentifier>{42C693EF-87A9-3846-85ED-98940D18CD35}</UniqueIdentifier>
    </Filter>
    <Filter Include="Mail">
      <UniqueIdentifier>{28B85B27-0A94-302B-A415-A8F7552ED321}</UniqueIdentifier>
    </Filter>
    <Filter Include="Mail\Header Files">
      <UniqueIdentifier>{F33DD605-8138-380C-9811-9AA2E5B71AC8}</UniqueIdentifier>
    </Filter>
    <Filter Include="Mail\Source Files">
      <UniqueIdentifier>{E4E5E455-1960-393B-8BFC-683213785C86}</UniqueIdentifier>
    </Filter>
    <Filter Include="SSLCore">
      <UniqueIdentifier>{B7EB7A0F-890B-353F-867A-7AB9B7363DC1}</UniqueIdentifier>
    </Filter>
    <Filter Include="SSLCore\Header Files">
      <UniqueIdentifier>{28967CEB-33FE-345A-9D82-2F22E25C860D}</UniqueIdentifier>
    </Filter>
    <Filter Include="SSLCore\Source Files">
      <UniqueIdentifier>{9F2F95FF-1590-3D88-B9B8-308A9C62CA79}</UniqueIdentifier>
    </Filter>
    <Filter Include="SSLSockets">
      <UniqueIdentifier>{30D40BA0-1C13-3E95-A6CA-ED4D7E34F561}</UniqueIdentifier>
    </Filter>
    <Filter Include="SSLSockets\Header Files">
      <UniqueIdentifier>{797EFEAD-F3D2-3381-9A06-D25701E741E8}</UniqueIdentifier>
    </Filter>
    <Filter Include="SSLSockets\Source Files">
      <UniqueIdentifier>{AA014E6E-5496-3A88-8F1F-B6732D87E45B}</UniqueIdentifier>
    </Filter>
  </ItemGroup>
</Project>
