<?xml version="1.0" encoding="utf-8"?>
<Project ToolsVersion="14.0" xmlns="http://schemas.microsoft.com/developer/msbuild/2003">
  <ItemGroup>
    <ClCompile Include="G:\NNNNET\poco_1.7.9\poco\Net\testsuite\src\DNSTest.cpp">
      <Filter>Unknown\Source Files</Filter>
    </ClCompile>
    <ClCompile Include="G:\NNNNET\poco_1.7.9\poco\Net\testsuite\src\DatagramSocketTest.cpp">
      <Filter>Unknown\Source Files</Filter>
    </ClCompile>
    <ClCompile Include="G:\NNNNET\poco_1.7.9\poco\Net\testsuite\src\DialogServer.cpp">
      <Filter>Unknown\Source Files</Filter>
    </ClCompile>
    <ClCompile Include="G:\NNNNET\poco_1.7.9\poco\Net\testsuite\src\DialogSocketTest.cpp">
      <Filter>Unknown\Source Files</Filter>
    </ClCompile>
    <ClCompile Include="G:\NNNNET\poco_1.7.9\poco\Net\testsuite\src\Driver.cpp">
      <Filter>Unknown\Source Files</Filter>
    </ClCompile>
    <ClCompile Include="G:\NNNNET\poco_1.7.9\poco\Net\testsuite\src\EchoServer.cpp">
      <Filter>Unknown\Source Files</Filter>
    </ClCompile>
    <ClCompile Include="G:\NNNNET\poco_1.7.9\poco\Net\testsuite\src\FTPClientSessionTest.cpp">
      <Filter>Unknown\Source Files</Filter>
    </ClCompile>
    <ClCompile Include="G:\NNNNET\poco_1.7.9\poco\Net\testsuite\src\FTPClientTestSuite.cpp">
      <Filter>Unknown\Source Files</Filter>
    </ClCompile>
    <ClCompile Include="G:\NNNNET\poco_1.7.9\poco\Net\testsuite\src\FTPStreamFactoryTest.cpp">
      <Filter>Unknown\Source Files</Filter>
    </ClCompile>
    <ClCompile Include="G:\NNNNET\poco_1.7.9\poco\Net\testsuite\src\HTMLFormTest.cpp">
      <Filter>Unknown\Source Files</Filter>
    </ClCompile>
    <ClCompile Include="G:\NNNNET\poco_1.7.9\poco\Net\testsuite\src\HTMLTestSuite.cpp">
      <Filter>Unknown\Source Files</Filter>
    </ClCompile>
    <ClCompile Include="G:\NNNNET\poco_1.7.9\poco\Net\testsuite\src\HTTPClientSessionTest.cpp">
      <Filter>Unknown\Source Files</Filter>
    </ClCompile>
    <ClCompile Include="G:\NNNNET\poco_1.7.9\poco\Net\testsuite\src\HTTPClientTestSuite.cpp">
      <Filter>Unknown\Source Files</Filter>
    </ClCompile>
    <ClCompile Include="G:\NNNNET\poco_1.7.9\poco\Net\testsuite\src\HTTPCookieTest.cpp">
      <Filter>Unknown\Source Files</Filter>
    </ClCompile>
    <ClCompile Include="G:\NNNNET\poco_1.7.9\poco\Net\testsuite\src\HTTPCredentialsTest.cpp">
      <Filter>Unknown\Source Files</Filter>
    </ClCompile>
    <ClCompile Include="G:\NNNNET\poco_1.7.9\poco\Net\testsuite\src\HTTPRequestTest.cpp">
      <Filter>Unknown\Source Files</Filter>
    </ClCompile>
    <ClCompile Include="G:\NNNNET\poco_1.7.9\poco\Net\testsuite\src\HTTPResponseTest.cpp">
      <Filter>Unknown\Source Files</Filter>
    </ClCompile>
    <ClCompile Include="G:\NNNNET\poco_1.7.9\poco\Net\testsuite\src\HTTPServerTest.cpp">
      <Filter>Unknown\Source Files</Filter>
    </ClCompile>
    <ClCompile Include="G:\NNNNET\poco_1.7.9\poco\Net\testsuite\src\HTTPServerTestSuite.cpp">
      <Filter>Unknown\Source Files</Filter>
    </ClCompile>
    <ClCompile Include="G:\NNNNET\poco_1.7.9\poco\Net\testsuite\src\HTTPStreamFactoryTest.cpp">
      <Filter>Unknown\Source Files</Filter>
    </ClCompile>
    <ClCompile Include="G:\NNNNET\poco_1.7.9\poco\Net\testsuite\src\HTTPTestServer.cpp">
      <Filter>Unknown\Source Files</Filter>
    </ClCompile>
    <ClCompile Include="G:\NNNNET\poco_1.7.9\poco\Net\testsuite\src\HTTPTestSuite.cpp">
      <Filter>Unknown\Source Files</Filter>
    </ClCompile>
    <ClCompile Include="G:\NNNNET\poco_1.7.9\poco\Net\testsuite\src\ICMPClientTest.cpp">
      <Filter>Unknown\Source Files</Filter>
    </ClCompile>
    <ClCompile Include="G:\NNNNET\poco_1.7.9\poco\Net\testsuite\src\ICMPClientTestSuite.cpp">
      <Filter>Unknown\Source Files</Filter>
    </ClCompile>
    <ClCompile Include="G:\NNNNET\poco_1.7.9\poco\Net\testsuite\src\ICMPSocketTest.cpp">
      <Filter>Unknown\Source Files</Filter>
    </ClCompile>
    <ClCompile Include="G:\NNNNET\poco_1.7.9\poco\Net\testsuite\src\IPAddressTest.cpp">
      <Filter>Unknown\Source Files</Filter>
    </ClCompile>
    <ClCompile Include="G:\NNNNET\poco_1.7.9\poco\Net\testsuite\src\MailMessageTest.cpp">
      <Filter>Unknown\Source Files</Filter>
    </ClCompile>
    <ClCompile Include="G:\NNNNET\poco_1.7.9\poco\Net\testsuite\src\MailStreamTest.cpp">
      <Filter>Unknown\Source Files</Filter>
    </ClCompile>
    <ClCompile Include="G:\NNNNET\poco_1.7.9\poco\Net\testsuite\src\MailTestSuite.cpp">
      <Filter>Unknown\Source Files</Filter>
    </ClCompile>
    <ClCompile Include="G:\NNNNET\poco_1.7.9\poco\Net\testsuite\src\MediaTypeTest.cpp">
      <Filter>Unknown\Source Files</Filter>
    </ClCompile>
    <ClCompile Include="G:\NNNNET\poco_1.7.9\poco\Net\testsuite\src\MessageHeaderTest.cpp">
      <Filter>Unknown\Source Files</Filter>
    </ClCompile>
    <ClCompile Include="G:\NNNNET\poco_1.7.9\poco\Net\testsuite\src\MessagesTestSuite.cpp">
      <Filter>Unknown\Source Files</Filter>
    </ClCompile>
    <ClCompile Include="G:\NNNNET\poco_1.7.9\poco\Net\testsuite\src\MulticastEchoServer.cpp">
      <Filter>Unknown\Source Files</Filter>
    </ClCompile>
    <ClCompile Include="G:\NNNNET\poco_1.7.9\poco\Net\testsuite\src\MulticastSocketTest.cpp">
      <Filter>Unknown\Source Files</Filter>
    </ClCompile>
    <ClCompile Include="G:\NNNNET\poco_1.7.9\poco\Net\testsuite\src\MultipartReaderTest.cpp">
      <Filter>Unknown\Source Files</Filter>
    </ClCompile>
    <ClCompile Include="G:\NNNNET\poco_1.7.9\poco\Net\testsuite\src\MultipartWriterTest.cpp">
      <Filter>Unknown\Source Files</Filter>
    </ClCompile>
    <ClCompile Include="G:\NNNNET\poco_1.7.9\poco\Net\testsuite\src\NTPClientTest.cpp">
      <Filter>Unknown\Source Files</Filter>
    </ClCompile>
    <ClCompile Include="G:\NNNNET\poco_1.7.9\poco\Net\testsuite\src\NTPClientTestSuite.cpp">
      <Filter>Unknown\Source Files</Filter>
    </ClCompile>
    <ClCompile Include="G:\NNNNET\poco_1.7.9\poco\Net\testsuite\src\NameValueCollectionTest.cpp">
      <Filter>Unknown\Source Files</Filter>
    </ClCompile>
    <ClCompile Include="G:\NNNNET\poco_1.7.9\poco\Net\testsuite\src\NetCoreTestSuite.cpp">
      <Filter>Unknown\Source Files</Filter>
    </ClCompile>
    <ClCompile Include="G:\NNNNET\poco_1.7.9\poco\Net\testsuite\src\NetTestSuite.cpp">
      <Filter>Unknown\Source Files</Filter>
    </ClCompile>
    <ClCompile Include="G:\NNNNET\poco_1.7.9\poco\Net\testsuite\src\NetworkInterfaceTest.cpp">
      <Filter>Unknown\Source Files</Filter>
    </ClCompile>
    <ClCompile Include="G:\NNNNET\poco_1.7.9\poco\Net\testsuite\src\OAuth10CredentialsTest.cpp">
      <Filter>Unknown\Source Files</Filter>
    </ClCompile>
    <ClCompile Include="G:\NNNNET\poco_1.7.9\poco\Net\testsuite\src\OAuth20CredentialsTest.cpp">
      <Filter>Unknown\Source Files</Filter>
    </ClCompile>
    <ClCompile Include="G:\NNNNET\poco_1.7.9\poco\Net\testsuite\src\OAuthTestSuite.cpp">
      <Filter>Unknown\Source Files</Filter>
    </ClCompile>
    <ClCompile Include="G:\NNNNET\poco_1.7.9\poco\Net\testsuite\src\POP3ClientSessionTest.cpp">
      <Filter>Unknown\Source Files</Filter>
    </ClCompile>
    <ClCompile Include="G:\NNNNET\poco_1.7.9\poco\Net\testsuite\src\QuotedPrintableTest.cpp">
      <Filter>Unknown\Source Files</Filter>
    </ClCompile>
    <ClCompile Include="G:\NNNNET\poco_1.7.9\poco\Net\testsuite\src\RawSocketTest.cpp">
      <Filter>Unknown\Source Files</Filter>
    </ClCompile>
    <ClCompile Include="G:\NNNNET\poco_1.7.9\poco\Net\testsuite\src\ReactorTestSuite.cpp">
      <Filter>Unknown\Source Files</Filter>
    </ClCompile>
    <ClCompile Include="G:\NNNNET\poco_1.7.9\poco\Net\testsuite\src\SMTPClientSessionTest.cpp">
      <Filter>Unknown\Source Files</Filter>
    </ClCompile>
    <ClCompile Include="G:\NNNNET\poco_1.7.9\poco\Net\testsuite\src\SocketAddressTest.cpp">
      <Filter>Unknown\Source Files</Filter>
    </ClCompile>
    <ClCompile Include="G:\NNNNET\poco_1.7.9\poco\Net\testsuite\src\SocketReactorTest.cpp">
      <Filter>Unknown\Source Files</Filter>
    </ClCompile>
    <ClCompile Include="G:\NNNNET\poco_1.7.9\poco\Net\testsuite\src\SocketStreamTest.cpp">
      <Filter>Unknown\Source Files</Filter>
    </ClCompile>
    <ClCompile Include="G:\NNNNET\poco_1.7.9\poco\Net\testsuite\src\SocketTest.cpp">
      <Filter>Unknown\Source Files</Filter>
    </ClCompile>
    <ClCompile Include="G:\NNNNET\poco_1.7.9\poco\Net\testsuite\src\SocketsTestSuite.cpp">
      <Filter>Unknown\Source Files</Filter>
    </ClCompile>
    <ClCompile Include="G:\NNNNET\poco_1.7.9\poco\Net\testsuite\src\SyslogTest.cpp">
      <Filter>Unknown\Source Files</Filter>
    </ClCompile>
    <ClCompile Include="G:\NNNNET\poco_1.7.9\poco\Net\testsuite\src\TCPServerTest.cpp">
      <Filter>Unknown\Source Files</Filter>
    </ClCompile>
    <ClCompile Include="G:\NNNNET\poco_1.7.9\poco\Net\testsuite\src\TCPServerTestSuite.cpp">
      <Filter>Unknown\Source Files</Filter>
    </ClCompile>
    <ClCompile Include="G:\NNNNET\poco_1.7.9\poco\Net\testsuite\src\UDPEchoServer.cpp">
      <Filter>Unknown\Source Files</Filter>
    </ClCompile>
    <ClCompile Include="G:\NNNNET\poco_1.7.9\poco\Net\testsuite\src\WebSocketTest.cpp">
      <Filter>Unknown\Source Files</Filter>
    </ClCompile>
    <ClCompile Include="G:\NNNNET\poco_1.7.9\poco\Net\testsuite\src\WebSocketTestSuite.cpp">
      <Filter>Unknown\Source Files</Filter>
    </ClCompile>
  </ItemGroup>
  <ItemGroup>
    <ClInclude Include="G:\NNNNET\poco_1.7.9\poco\Net\testsuite\src\WinCEDriver.cpp">
      <Filter>Unknown\Source Files</Filter>
    </ClInclude>
    <ClInclude Include="G:\NNNNET\poco_1.7.9\poco\Net\testsuite\src\WinDriver.cpp">
      <Filter>Unknown\Source Files</Filter>
    </ClInclude>
    <ClInclude Include="G:\NNNNET\poco_1.7.9\poco\Net\testsuite\src\DNSTest.h">
      <Filter>Unknown\Header Files</Filter>
    </ClInclude>
    <ClInclude Include="G:\NNNNET\poco_1.7.9\poco\Net\testsuite\src\DatagramSocketTest.h">
      <Filter>Unknown\Header Files</Filter>
    </ClInclude>
    <ClInclude Include="G:\NNNNET\poco_1.7.9\poco\Net\testsuite\src\DialogServer.h">
      <Filter>Unknown\Header Files</Filter>
    </ClInclude>
    <ClInclude Include="G:\NNNNET\poco_1.7.9\poco\Net\testsuite\src\DialogSocketTest.h">
      <Filter>Unknown\Header Files</Filter>
    </ClInclude>
    <ClInclude Include="G:\NNNNET\poco_1.7.9\poco\Net\testsuite\src\EchoServer.h">
      <Filter>Unknown\Header Files</Filter>
    </ClInclude>
    <ClInclude Include="G:\NNNNET\poco_1.7.9\poco\Net\testsuite\src\FTPClientSessionTest.h">
      <Filter>Unknown\Header Files</Filter>
    </ClInclude>
    <ClInclude Include="G:\NNNNET\poco_1.7.9\poco\Net\testsuite\src\FTPClientTestSuite.h">
      <Filter>Unknown\Header Files</Filter>
    </ClInclude>
    <ClInclude Include="G:\NNNNET\poco_1.7.9\poco\Net\testsuite\src\FTPStreamFactoryTest.h">
      <Filter>Unknown\Header Files</Filter>
    </ClInclude>
    <ClInclude Include="G:\NNNNET\poco_1.7.9\poco\Net\testsuite\src\HTMLFormTest.h">
      <Filter>Unknown\Header Files</Filter>
    </ClInclude>
    <ClInclude Include="G:\NNNNET\poco_1.7.9\poco\Net\testsuite\src\HTMLTestSuite.h">
      <Filter>Unknown\Header Files</Filter>
    </ClInclude>
    <ClInclude Include="G:\NNNNET\poco_1.7.9\poco\Net\testsuite\src\HTTPClientSessionTest.h">
      <Filter>Unknown\Header Files</Filter>
    </ClInclude>
    <ClInclude Include="G:\NNNNET\poco_1.7.9\poco\Net\testsuite\src\HTTPClientTestSuite.h">
      <Filter>Unknown\Header Files</Filter>
    </ClInclude>
    <ClInclude Include="G:\NNNNET\poco_1.7.9\poco\Net\testsuite\src\HTTPCookieTest.h">
      <Filter>Unknown\Header Files</Filter>
    </ClInclude>
    <ClInclude Include="G:\NNNNET\poco_1.7.9\poco\Net\testsuite\src\HTTPCredentialsTest.h">
      <Filter>Unknown\Header Files</Filter>
    </ClInclude>
    <ClInclude Include="G:\NNNNET\poco_1.7.9\poco\Net\testsuite\src\HTTPRequestTest.h">
      <Filter>Unknown\Header Files</Filter>
    </ClInclude>
    <ClInclude Include="G:\NNNNET\poco_1.7.9\poco\Net\testsuite\src\HTTPResponseTest.h">
      <Filter>Unknown\Header Files</Filter>
    </ClInclude>
    <ClInclude Include="G:\NNNNET\poco_1.7.9\poco\Net\testsuite\src\HTTPServerTest.h">
      <Filter>Unknown\Header Files</Filter>
    </ClInclude>
    <ClInclude Include="G:\NNNNET\poco_1.7.9\poco\Net\testsuite\src\HTTPServerTestSuite.h">
      <Filter>Unknown\Header Files</Filter>
    </ClInclude>
    <ClInclude Include="G:\NNNNET\poco_1.7.9\poco\Net\testsuite\src\HTTPStreamFactoryTest.h">
      <Filter>Unknown\Header Files</Filter>
    </ClInclude>
    <ClInclude Include="G:\NNNNET\poco_1.7.9\poco\Net\testsuite\src\HTTPTestServer.h">
      <Filter>Unknown\Header Files</Filter>
    </ClInclude>
    <ClInclude Include="G:\NNNNET\poco_1.7.9\poco\Net\testsuite\src\HTTPTestSuite.h">
      <Filter>Unknown\Header Files</Filter>
    </ClInclude>
    <ClInclude Include="G:\NNNNET\poco_1.7.9\poco\Net\testsuite\src\ICMPClientTest.h">
      <Filter>Unknown\Header Files</Filter>
    </ClInclude>
    <ClInclude Include="G:\NNNNET\poco_1.7.9\poco\Net\testsuite\src\ICMPClientTestSuite.h">
      <Filter>Unknown\Header Files</Filter>
    </ClInclude>
    <ClInclude Include="G:\NNNNET\poco_1.7.9\poco\Net\testsuite\src\ICMPSocketTest.h">
      <Filter>Unknown\Header Files</Filter>
    </ClInclude>
    <ClInclude Include="G:\NNNNET\poco_1.7.9\poco\Net\testsuite\src\IPAddressTest.h">
      <Filter>Unknown\Header Files</Filter>
    </ClInclude>
    <ClInclude Include="G:\NNNNET\poco_1.7.9\poco\Net\testsuite\src\MailMessageTest.h">
      <Filter>Unknown\Header Files</Filter>
    </ClInclude>
    <ClInclude Include="G:\NNNNET\poco_1.7.9\poco\Net\testsuite\src\MailStreamTest.h">
      <Filter>Unknown\Header Files</Filter>
    </ClInclude>
    <ClInclude Include="G:\NNNNET\poco_1.7.9\poco\Net\testsuite\src\MailTestSuite.h">
      <Filter>Unknown\Header Files</Filter>
    </ClInclude>
    <ClInclude Include="G:\NNNNET\poco_1.7.9\poco\Net\testsuite\src\MediaTypeTest.h">
      <Filter>Unknown\Header Files</Filter>
    </ClInclude>
    <ClInclude Include="G:\NNNNET\poco_1.7.9\poco\Net\testsuite\src\MessageHeaderTest.h">
      <Filter>Unknown\Header Files</Filter>
    </ClInclude>
    <ClInclude Include="G:\NNNNET\poco_1.7.9\poco\Net\testsuite\src\MessagesTestSuite.h">
      <Filter>Unknown\Header Files</Filter>
    </ClInclude>
    <ClInclude Include="G:\NNNNET\poco_1.7.9\poco\Net\testsuite\src\MulticastEchoServer.h">
      <Filter>Unknown\Header Files</Filter>
    </ClInclude>
    <ClInclude Include="G:\NNNNET\poco_1.7.9\poco\Net\testsuite\src\MulticastSocketTest.h">
      <Filter>Unknown\Header Files</Filter>
    </ClInclude>
    <ClInclude Include="G:\NNNNET\poco_1.7.9\poco\Net\testsuite\src\MultipartReaderTest.h">
      <Filter>Unknown\Header Files</Filter>
    </ClInclude>
    <ClInclude Include="G:\NNNNET\poco_1.7.9\poco\Net\testsuite\src\MultipartWriterTest.h">
      <Filter>Unknown\Header Files</Filter>
    </ClInclude>
    <ClInclude Include="G:\NNNNET\poco_1.7.9\poco\Net\testsuite\src\NTPClientTest.h">
      <Filter>Unknown\Header Files</Filter>
    </ClInclude>
    <ClInclude Include="G:\NNNNET\poco_1.7.9\poco\Net\testsuite\src\NTPClientTestSuite.h">
      <Filter>Unknown\Header Files</Filter>
    </ClInclude>
    <ClInclude Include="G:\NNNNET\poco_1.7.9\poco\Net\testsuite\src\NameValueCollectionTest.h">
      <Filter>Unknown\Header Files</Filter>
    </ClInclude>
    <ClInclude Include="G:\NNNNET\poco_1.7.9\poco\Net\testsuite\src\NetCoreTestSuite.h">
      <Filter>Unknown\Header Files</Filter>
    </ClInclude>
    <ClInclude Include="G:\NNNNET\poco_1.7.9\poco\Net\testsuite\src\NetTestSuite.h">
      <Filter>Unknown\Header Files</Filter>
    </ClInclude>
    <ClInclude Include="G:\NNNNET\poco_1.7.9\poco\Net\testsuite\src\NetworkInterfaceTest.h">
      <Filter>Unknown\Header Files</Filter>
    </ClInclude>
    <ClInclude Include="G:\NNNNET\poco_1.7.9\poco\Net\testsuite\src\OAuth10CredentialsTest.h">
      <Filter>Unknown\Header Files</Filter>
    </ClInclude>
    <ClInclude Include="G:\NNNNET\poco_1.7.9\poco\Net\testsuite\src\OAuth20CredentialsTest.h">
      <Filter>Unknown\Header Files</Filter>
    </ClInclude>
    <ClInclude Include="G:\NNNNET\poco_1.7.9\poco\Net\testsuite\src\OAuthTestSuite.h">
      <Filter>Unknown\Header Files</Filter>
    </ClInclude>
    <ClInclude Include="G:\NNNNET\poco_1.7.9\poco\Net\testsuite\src\POP3ClientSessionTest.h">
      <Filter>Unknown\Header Files</Filter>
    </ClInclude>
    <ClInclude Include="G:\NNNNET\poco_1.7.9\poco\Net\testsuite\src\QuotedPrintableTest.h">
      <Filter>Unknown\Header Files</Filter>
    </ClInclude>
    <ClInclude Include="G:\NNNNET\poco_1.7.9\poco\Net\testsuite\src\RawSocketTest.h">
      <Filter>Unknown\Header Files</Filter>
    </ClInclude>
    <ClInclude Include="G:\NNNNET\poco_1.7.9\poco\Net\testsuite\src\ReactorTestSuite.h">
      <Filter>Unknown\Header Files</Filter>
    </ClInclude>
    <ClInclude Include="G:\NNNNET\poco_1.7.9\poco\Net\testsuite\src\SMTPClientSessionTest.h">
      <Filter>Unknown\Header Files</Filter>
    </ClInclude>
    <ClInclude Include="G:\NNNNET\poco_1.7.9\poco\Net\testsuite\src\SocketAddressTest.h">
      <Filter>Unknown\Header Files</Filter>
    </ClInclude>
    <ClInclude Include="G:\NNNNET\poco_1.7.9\poco\Net\testsuite\src\SocketReactorTest.h">
      <Filter>Unknown\Header Files</Filter>
    </ClInclude>
    <ClInclude Include="G:\NNNNET\poco_1.7.9\poco\Net\testsuite\src\SocketStreamTest.h">
      <Filter>Unknown\Header Files</Filter>
    </ClInclude>
    <ClInclude Include="G:\NNNNET\poco_1.7.9\poco\Net\testsuite\src\SocketTest.h">
      <Filter>Unknown\Header Files</Filter>
    </ClInclude>
    <ClInclude Include="G:\NNNNET\poco_1.7.9\poco\Net\testsuite\src\SocketsTestSuite.h">
      <Filter>Unknown\Header Files</Filter>
    </ClInclude>
    <ClInclude Include="G:\NNNNET\poco_1.7.9\poco\Net\testsuite\src\SyslogTest.h">
      <Filter>Unknown\Header Files</Filter>
    </ClInclude>
    <ClInclude Include="G:\NNNNET\poco_1.7.9\poco\Net\testsuite\src\TCPServerTest.h">
      <Filter>Unknown\Header Files</Filter>
    </ClInclude>
    <ClInclude Include="G:\NNNNET\poco_1.7.9\poco\Net\testsuite\src\TCPServerTestSuite.h">
      <Filter>Unknown\Header Files</Filter>
    </ClInclude>
    <ClInclude Include="G:\NNNNET\poco_1.7.9\poco\Net\testsuite\src\UDPEchoServer.h">
      <Filter>Unknown\Header Files</Filter>
    </ClInclude>
    <ClInclude Include="G:\NNNNET\poco_1.7.9\poco\Net\testsuite\src\WebSocketTest.h">
      <Filter>Unknown\Header Files</Filter>
    </ClInclude>
    <ClInclude Include="G:\NNNNET\poco_1.7.9\poco\Net\testsuite\src\WebSocketTestSuite.h">
      <Filter>Unknown\Header Files</Filter>
    </ClInclude>
  </ItemGroup>
  <ItemGroup>
    <CustomBuild Include="G:\NNNNET\poco_1.7.9\poco\Net\testsuite\CMakeLists.txt" />
  </ItemGroup>
  <ItemGroup>
    <Filter Include="Unknown">
      <UniqueIdentifier>{11336703-E975-33F7-8AB3-BCCBD0E8E9C8}</UniqueIdentifier>
    </Filter>
    <Filter Include="Unknown\Header Files">
      <UniqueIdentifier>{90CB6516-B090-3232-9F8A-4DA916E94D15}</UniqueIdentifier>
    </Filter>
    <Filter Include="Unknown\Source Files">
      <UniqueIdentifier>{AD9ED0BB-B99F-3F00-B978-F181D7F8A636}</UniqueIdentifier>
    </Filter>
  </ItemGroup>
</Project>
