<?xml version="1.0" encoding="utf-8"?>
<Project ToolsVersion="14.0" xmlns="http://schemas.microsoft.com/developer/msbuild/2003">
  <ItemGroup>
    <ClCompile Include="G:\NNNNET\poco_1.7.9\poco\NetSSL_OpenSSL\src\AcceptCertificateHandler.cpp">
      <Filter>SSLCore\Source Files</Filter>
    </ClCompile>
    <ClCompile Include="G:\NNNNET\poco_1.7.9\poco\NetSSL_OpenSSL\src\CertificateHandlerFactory.cpp">
      <Filter>SSLCore\Source Files</Filter>
    </ClCompile>
    <ClCompile Include="G:\NNNNET\poco_1.7.9\poco\NetSSL_OpenSSL\src\CertificateHandlerFactoryMgr.cpp">
      <Filter>SSLCore\Source Files</Filter>
    </ClCompile>
    <ClCompile Include="G:\NNNNET\poco_1.7.9\poco\NetSSL_OpenSSL\src\ConsoleCertificateHandler.cpp">
      <Filter>SSLCore\Source Files</Filter>
    </ClCompile>
    <ClCompile Include="G:\NNNNET\poco_1.7.9\poco\NetSSL_OpenSSL\src\Context.cpp">
      <Filter>SSLCore\Source Files</Filter>
    </ClCompile>
    <ClCompile Include="G:\NNNNET\poco_1.7.9\poco\NetSSL_OpenSSL\src\HTTPSClientSession.cpp">
      <Filter>HTTPSClient\Source Files</Filter>
    </ClCompile>
    <ClCompile Include="G:\NNNNET\poco_1.7.9\poco\NetSSL_OpenSSL\src\HTTPSSessionInstantiator.cpp">
      <Filter>HTTPSClient\Source Files</Filter>
    </ClCompile>
    <ClCompile Include="G:\NNNNET\poco_1.7.9\poco\NetSSL_OpenSSL\src\HTTPSStreamFactory.cpp">
      <Filter>HTTPSClient\Source Files</Filter>
    </ClCompile>
    <ClCompile Include="G:\NNNNET\poco_1.7.9\poco\NetSSL_OpenSSL\src\InvalidCertificateHandler.cpp">
      <Filter>SSLCore\Source Files</Filter>
    </ClCompile>
    <ClCompile Include="G:\NNNNET\poco_1.7.9\poco\NetSSL_OpenSSL\src\KeyConsoleHandler.cpp">
      <Filter>SSLCore\Source Files</Filter>
    </ClCompile>
    <ClCompile Include="G:\NNNNET\poco_1.7.9\poco\NetSSL_OpenSSL\src\KeyFileHandler.cpp">
      <Filter>SSLCore\Source Files</Filter>
    </ClCompile>
    <ClCompile Include="G:\NNNNET\poco_1.7.9\poco\NetSSL_OpenSSL\src\PrivateKeyFactory.cpp">
      <Filter>SSLCore\Source Files</Filter>
    </ClCompile>
    <ClCompile Include="G:\NNNNET\poco_1.7.9\poco\NetSSL_OpenSSL\src\PrivateKeyFactoryMgr.cpp">
      <Filter>SSLCore\Source Files</Filter>
    </ClCompile>
    <ClCompile Include="G:\NNNNET\poco_1.7.9\poco\NetSSL_OpenSSL\src\PrivateKeyPassphraseHandler.cpp">
      <Filter>SSLCore\Source Files</Filter>
    </ClCompile>
    <ClCompile Include="G:\NNNNET\poco_1.7.9\poco\NetSSL_OpenSSL\src\RejectCertificateHandler.cpp">
      <Filter>SSLCore\Source Files</Filter>
    </ClCompile>
    <ClCompile Include="G:\NNNNET\poco_1.7.9\poco\NetSSL_OpenSSL\src\SSLException.cpp">
      <Filter>SSLCore\Source Files</Filter>
    </ClCompile>
    <ClCompile Include="G:\NNNNET\poco_1.7.9\poco\NetSSL_OpenSSL\src\SSLManager.cpp">
      <Filter>SSLCore\Source Files</Filter>
    </ClCompile>
    <ClCompile Include="G:\NNNNET\poco_1.7.9\poco\NetSSL_OpenSSL\src\SecureSMTPClientSession.cpp">
      <Filter>Mail\Source Files</Filter>
    </ClCompile>
    <ClCompile Include="G:\NNNNET\poco_1.7.9\poco\NetSSL_OpenSSL\src\SecureServerSocket.cpp">
      <Filter>SSLSockets\Source Files</Filter>
    </ClCompile>
    <ClCompile Include="G:\NNNNET\poco_1.7.9\poco\NetSSL_OpenSSL\src\SecureServerSocketImpl.cpp">
      <Filter>SSLSockets\Source Files</Filter>
    </ClCompile>
    <ClCompile Include="G:\NNNNET\poco_1.7.9\poco\NetSSL_OpenSSL\src\SecureSocketImpl.cpp">
      <Filter>SSLSockets\Source Files</Filter>
    </ClCompile>
    <ClCompile Include="G:\NNNNET\poco_1.7.9\poco\NetSSL_OpenSSL\src\SecureStreamSocket.cpp">
      <Filter>SSLSockets\Source Files</Filter>
    </ClCompile>
    <ClCompile Include="G:\NNNNET\poco_1.7.9\poco\NetSSL_OpenSSL\src\SecureStreamSocketImpl.cpp">
      <Filter>SSLSockets\Source Files</Filter>
    </ClCompile>
    <ClCompile Include="G:\NNNNET\poco_1.7.9\poco\NetSSL_OpenSSL\src\Session.cpp">
      <Filter>SSLCore\Source Files</Filter>
    </ClCompile>
    <ClCompile Include="G:\NNNNET\poco_1.7.9\poco\NetSSL_OpenSSL\src\Utility.cpp">
      <Filter>SSLCore\Source Files</Filter>
    </ClCompile>
    <ClCompile Include="G:\NNNNET\poco_1.7.9\poco\NetSSL_OpenSSL\src\VerificationErrorArgs.cpp">
      <Filter>SSLCore\Source Files</Filter>
    </ClCompile>
    <ClCompile Include="G:\NNNNET\poco_1.7.9\poco\NetSSL_OpenSSL\src\X509Certificate.cpp">
      <Filter>SSLCore\Source Files</Filter>
    </ClCompile>
  </ItemGroup>
  <ItemGroup>
    <ClInclude Include="G:\NNNNET\poco_1.7.9\poco\NetSSL_OpenSSL\include\Poco\Net\AcceptCertificateHandler.h">
      <Filter>SSLCore\Header Files</Filter>
    </ClInclude>
    <ClInclude Include="G:\NNNNET\poco_1.7.9\poco\NetSSL_OpenSSL\include\Poco\Net\CertificateHandlerFactory.h">
      <Filter>SSLCore\Header Files</Filter>
    </ClInclude>
    <ClInclude Include="G:\NNNNET\poco_1.7.9\poco\NetSSL_OpenSSL\include\Poco\Net\CertificateHandlerFactoryMgr.h">
      <Filter>SSLCore\Header Files</Filter>
    </ClInclude>
    <ClInclude Include="G:\NNNNET\poco_1.7.9\poco\NetSSL_OpenSSL\include\Poco\Net\ConsoleCertificateHandler.h">
      <Filter>SSLCore\Header Files</Filter>
    </ClInclude>
    <ClInclude Include="G:\NNNNET\poco_1.7.9\poco\NetSSL_OpenSSL\include\Poco\Net\Context.h">
      <Filter>SSLCore\Header Files</Filter>
    </ClInclude>
    <ClInclude Include="G:\NNNNET\poco_1.7.9\poco\NetSSL_OpenSSL\include\Poco\Net\HTTPSClientSession.h">
      <Filter>HTTPSClient\Header Files</Filter>
    </ClInclude>
    <ClInclude Include="G:\NNNNET\poco_1.7.9\poco\NetSSL_OpenSSL\include\Poco\Net\HTTPSSessionInstantiator.h">
      <Filter>HTTPSClient\Header Files</Filter>
    </ClInclude>
    <ClInclude Include="G:\NNNNET\poco_1.7.9\poco\NetSSL_OpenSSL\include\Poco\Net\HTTPSStreamFactory.h">
      <Filter>HTTPSClient\Header Files</Filter>
    </ClInclude>
    <ClInclude Include="G:\NNNNET\poco_1.7.9\poco\NetSSL_OpenSSL\include\Poco\Net\InvalidCertificateHandler.h">
      <Filter>SSLCore\Header Files</Filter>
    </ClInclude>
    <ClInclude Include="G:\NNNNET\poco_1.7.9\poco\NetSSL_OpenSSL\include\Poco\Net\KeyConsoleHandler.h">
      <Filter>SSLCore\Header Files</Filter>
    </ClInclude>
    <ClInclude Include="G:\NNNNET\poco_1.7.9\poco\NetSSL_OpenSSL\include\Poco\Net\KeyFileHandler.h">
      <Filter>SSLCore\Header Files</Filter>
    </ClInclude>
    <ClInclude Include="G:\NNNNET\poco_1.7.9\poco\NetSSL_OpenSSL\include\Poco\Net\NetSSL.h">
      <Filter>SSLCore\Header Files</Filter>
    </ClInclude>
    <ClInclude Include="G:\NNNNET\poco_1.7.9\poco\NetSSL_OpenSSL\include\Poco\Net\PrivateKeyFactory.h">
      <Filter>SSLCore\Header Files</Filter>
    </ClInclude>
    <ClInclude Include="G:\NNNNET\poco_1.7.9\poco\NetSSL_OpenSSL\include\Poco\Net\PrivateKeyFactoryMgr.h">
      <Filter>SSLCore\Header Files</Filter>
    </ClInclude>
    <ClInclude Include="G:\NNNNET\poco_1.7.9\poco\NetSSL_OpenSSL\include\Poco\Net\PrivateKeyPassphraseHandler.h">
      <Filter>SSLCore\Header Files</Filter>
    </ClInclude>
    <ClInclude Include="G:\NNNNET\poco_1.7.9\poco\NetSSL_OpenSSL\include\Poco\Net\RejectCertificateHandler.h">
      <Filter>SSLCore\Header Files</Filter>
    </ClInclude>
    <ClInclude Include="G:\NNNNET\poco_1.7.9\poco\NetSSL_OpenSSL\include\Poco\Net\SSLException.h">
      <Filter>SSLCore\Header Files</Filter>
    </ClInclude>
    <ClInclude Include="G:\NNNNET\poco_1.7.9\poco\NetSSL_OpenSSL\include\Poco\Net\SSLManager.h">
      <Filter>SSLCore\Header Files</Filter>
    </ClInclude>
    <ClInclude Include="G:\NNNNET\poco_1.7.9\poco\NetSSL_OpenSSL\include\Poco\Net\SecureSMTPClientSession.h">
      <Filter>Mail\Header Files</Filter>
    </ClInclude>
    <ClInclude Include="G:\NNNNET\poco_1.7.9\poco\NetSSL_OpenSSL\include\Poco\Net\SecureServerSocket.h">
      <Filter>SSLSockets\Header Files</Filter>
    </ClInclude>
    <ClInclude Include="G:\NNNNET\poco_1.7.9\poco\NetSSL_OpenSSL\include\Poco\Net\SecureServerSocketImpl.h">
      <Filter>SSLSockets\Header Files</Filter>
    </ClInclude>
    <ClInclude Include="G:\NNNNET\poco_1.7.9\poco\NetSSL_OpenSSL\include\Poco\Net\SecureSocketImpl.h">
      <Filter>SSLSockets\Header Files</Filter>
    </ClInclude>
    <ClInclude Include="G:\NNNNET\poco_1.7.9\poco\NetSSL_OpenSSL\include\Poco\Net\SecureStreamSocket.h">
      <Filter>SSLSockets\Header Files</Filter>
    </ClInclude>
    <ClInclude Include="G:\NNNNET\poco_1.7.9\poco\NetSSL_OpenSSL\include\Poco\Net\SecureStreamSocketImpl.h">
      <Filter>SSLSockets\Header Files</Filter>
    </ClInclude>
    <ClInclude Include="G:\NNNNET\poco_1.7.9\poco\NetSSL_OpenSSL\include\Poco\Net\Session.h">
      <Filter>SSLCore\Header Files</Filter>
    </ClInclude>
    <ClInclude Include="G:\NNNNET\poco_1.7.9\poco\NetSSL_OpenSSL\include\Poco\Net\Utility.h">
      <Filter>SSLCore\Header Files</Filter>
    </ClInclude>
    <ClInclude Include="G:\NNNNET\poco_1.7.9\poco\NetSSL_OpenSSL\include\Poco\Net\VerificationErrorArgs.h">
      <Filter>SSLCore\Header Files</Filter>
    </ClInclude>
    <ClInclude Include="G:\NNNNET\poco_1.7.9\poco\NetSSL_OpenSSL\include\Poco\Net\X509Certificate.h">
      <Filter>SSLCore\Header Files</Filter>
    </ClInclude>
  </ItemGroup>
  <ItemGroup>
    <CustomBuild Include="G:\NNNNET\poco_1.7.9\poco\NetSSL_OpenSSL\CMakeLists.txt" />
  </ItemGroup>
  <ItemGroup>
    <Filter Include="HTTPSClient">
      <UniqueIdentifier>{6497B5BA-4138-3BF0-9CD4-B28E45BDAFFA}</UniqueIdentifier>
    </Filter>
    <Filter Include="HTTPSClient\Header Files">
      <UniqueIdentifier>{3FDDB092-9C57-3C37-A159-89AE6232B784}</UniqueIdentifier>
    </Filter>
    <Filter Include="HTTPSClient\Source Files">
      <UniqueIdentifier>{5C8FCF9E-A35C-3471-B6AE-CFF7E1A59023}</UniqueIdentifier>
    </Filter>
    <Filter Include="Mail">
      <UniqueIdentifier>{FD20C6D6-6AEC-35B2-B3B2-AD2A07D7EB58}</UniqueIdentifier>
    </Filter>
    <Filter Include="Mail\Header Files">
      <UniqueIdentifier>{B67CEA67-3E49-3EBC-8888-A917B29B228C}</UniqueIdentifier>
    </Filter>
    <Filter Include="Mail\Source Files">
      <UniqueIdentifier>{DEDF6AEE-43FA-32F0-A785-6432EC637CC8}</UniqueIdentifier>
    </Filter>
    <Filter Include="SSLCore">
      <UniqueIdentifier>{0172443E-E548-3A92-9B47-E22401B4E707}</UniqueIdentifier>
    </Filter>
    <Filter Include="SSLCore\Header Files">
      <UniqueIdentifier>{64FE8024-7DE5-307C-B085-B94138CDB10D}</UniqueIdentifier>
    </Filter>
    <Filter Include="SSLCore\Source Files">
      <UniqueIdentifier>{0FBFCB20-B47F-32C1-BC59-253FC9DDA526}</UniqueIdentifier>
    </Filter>
    <Filter Include="SSLSockets">
      <UniqueIdentifier>{79A42ACD-F0B8-3CD2-84D7-348153AA57A3}</UniqueIdentifier>
    </Filter>
    <Filter Include="SSLSockets\Header Files">
      <UniqueIdentifier>{7E617A41-9071-355B-B9D2-20D7BBD09590}</UniqueIdentifier>
    </Filter>
    <Filter Include="SSLSockets\Source Files">
      <UniqueIdentifier>{1F28459C-5025-3269-993A-DB5A8AA2F1DE}</UniqueIdentifier>
    </Filter>
  </ItemGroup>
</Project>
