<?xml version="1.0" encoding="utf-8"?>
<Project ToolsVersion="14.0" xmlns="http://schemas.microsoft.com/developer/msbuild/2003">
  <ItemGroup>
    <CustomBuild Include="G:\NNNNET\poco_1.7.9\poco\buildwin32\CMakeFiles\2f7d70404b2f679ea26de34a12d4416c\INSTALL_force.rule">
      <Filter>CMake Rules</Filter>
    </CustomBuild>
  </ItemGroup>
  <ItemGroup>
    <Filter Include="CMake Rules">
      <UniqueIdentifier>{C6FEC81B-6A23-30DC-B0C0-F248BBC0415A}</UniqueIdentifier>
    </Filter>
  </ItemGroup>
</Project>
