<?xml version="1.0" encoding="utf-8"?>
<Project ToolsVersion="14.0" xmlns="http://schemas.microsoft.com/developer/msbuild/2003">
  <ItemGroup>
    <ClCompile Include="G:\NNNNET\poco_1.7.9\poco\Crypto\src\Cipher.cpp">
      <Filter>Cipher\Source Files</Filter>
    </ClCompile>
    <ClCompile Include="G:\NNNNET\poco_1.7.9\poco\Crypto\src\CipherFactory.cpp">
      <Filter>Cipher\Source Files</Filter>
    </ClCompile>
    <ClCompile Include="G:\NNNNET\poco_1.7.9\poco\Crypto\src\CipherImpl.cpp">
      <Filter>Cipher\Source Files</Filter>
    </ClCompile>
    <ClCompile Include="G:\NNNNET\poco_1.7.9\poco\Crypto\src\CipherKey.cpp">
      <Filter>Cipher\Source Files</Filter>
    </ClCompile>
    <ClCompile Include="G:\NNNNET\poco_1.7.9\poco\Crypto\src\CipherKeyImpl.cpp">
      <Filter>Cipher\Source Files</Filter>
    </ClCompile>
    <ClCompile Include="G:\NNNNET\poco_1.7.9\poco\Crypto\src\CryptoStream.cpp">
      <Filter>Cipher\Source Files</Filter>
    </ClCompile>
    <ClCompile Include="G:\NNNNET\poco_1.7.9\poco\Crypto\src\CryptoTransform.cpp">
      <Filter>Cipher\Source Files</Filter>
    </ClCompile>
    <ClCompile Include="G:\NNNNET\poco_1.7.9\poco\Crypto\src\DigestEngine.cpp">
      <Filter>Digest\Source Files</Filter>
    </ClCompile>
    <ClCompile Include="G:\NNNNET\poco_1.7.9\poco\Crypto\src\OpenSSLInitializer.cpp">
      <Filter>CryptoCore\Source Files</Filter>
    </ClCompile>
    <ClCompile Include="G:\NNNNET\poco_1.7.9\poco\Crypto\src\RSACipherImpl.cpp">
      <Filter>RSA\Source Files</Filter>
    </ClCompile>
    <ClCompile Include="G:\NNNNET\poco_1.7.9\poco\Crypto\src\RSADigestEngine.cpp">
      <Filter>RSA\Source Files</Filter>
    </ClCompile>
    <ClCompile Include="G:\NNNNET\poco_1.7.9\poco\Crypto\src\RSAKey.cpp">
      <Filter>RSA\Source Files</Filter>
    </ClCompile>
    <ClCompile Include="G:\NNNNET\poco_1.7.9\poco\Crypto\src\RSAKeyImpl.cpp">
      <Filter>RSA\Source Files</Filter>
    </ClCompile>
    <ClCompile Include="G:\NNNNET\poco_1.7.9\poco\Crypto\src\X509Certificate.cpp">
      <Filter>Certificate\Source Files</Filter>
    </ClCompile>
  </ItemGroup>
  <ItemGroup>
    <ClInclude Include="G:\NNNNET\poco_1.7.9\poco\Crypto\include\Poco\Crypto\Cipher.h">
      <Filter>Cipher\Header Files</Filter>
    </ClInclude>
    <ClInclude Include="G:\NNNNET\poco_1.7.9\poco\Crypto\include\Poco\Crypto\CipherFactory.h">
      <Filter>Cipher\Header Files</Filter>
    </ClInclude>
    <ClInclude Include="G:\NNNNET\poco_1.7.9\poco\Crypto\include\Poco\Crypto\CipherImpl.h">
      <Filter>Cipher\Header Files</Filter>
    </ClInclude>
    <ClInclude Include="G:\NNNNET\poco_1.7.9\poco\Crypto\include\Poco\Crypto\CipherKey.h">
      <Filter>Cipher\Header Files</Filter>
    </ClInclude>
    <ClInclude Include="G:\NNNNET\poco_1.7.9\poco\Crypto\include\Poco\Crypto\CipherKeyImpl.h">
      <Filter>Cipher\Header Files</Filter>
    </ClInclude>
    <ClInclude Include="G:\NNNNET\poco_1.7.9\poco\Crypto\include\Poco\Crypto\Crypto.h">
      <Filter>CryptoCore\Header Files</Filter>
    </ClInclude>
    <ClInclude Include="G:\NNNNET\poco_1.7.9\poco\Crypto\include\Poco\Crypto\CryptoStream.h">
      <Filter>Cipher\Header Files</Filter>
    </ClInclude>
    <ClInclude Include="G:\NNNNET\poco_1.7.9\poco\Crypto\include\Poco\Crypto\CryptoTransform.h">
      <Filter>Cipher\Header Files</Filter>
    </ClInclude>
    <ClInclude Include="G:\NNNNET\poco_1.7.9\poco\Crypto\include\Poco\Crypto\DigestEngine.h">
      <Filter>Digest\Header Files</Filter>
    </ClInclude>
    <ClInclude Include="G:\NNNNET\poco_1.7.9\poco\Crypto\include\Poco\Crypto\OpenSSLInitializer.h">
      <Filter>CryptoCore\Header Files</Filter>
    </ClInclude>
    <ClInclude Include="G:\NNNNET\poco_1.7.9\poco\Crypto\include\Poco\Crypto\RSACipherImpl.h">
      <Filter>RSA\Header Files</Filter>
    </ClInclude>
    <ClInclude Include="G:\NNNNET\poco_1.7.9\poco\Crypto\include\Poco\Crypto\RSADigestEngine.h">
      <Filter>RSA\Header Files</Filter>
    </ClInclude>
    <ClInclude Include="G:\NNNNET\poco_1.7.9\poco\Crypto\include\Poco\Crypto\RSAKey.h">
      <Filter>RSA\Header Files</Filter>
    </ClInclude>
    <ClInclude Include="G:\NNNNET\poco_1.7.9\poco\Crypto\include\Poco\Crypto\RSAKeyImpl.h">
      <Filter>RSA\Header Files</Filter>
    </ClInclude>
    <ClInclude Include="G:\NNNNET\poco_1.7.9\poco\Crypto\include\Poco\Crypto\X509Certificate.h">
      <Filter>Certificate\Header Files</Filter>
    </ClInclude>
  </ItemGroup>
  <ItemGroup>
    <CustomBuild Include="G:\NNNNET\poco_1.7.9\poco\Crypto\CMakeLists.txt" />
  </ItemGroup>
  <ItemGroup>
    <Filter Include="Certificate">
      <UniqueIdentifier>{55113955-9DC0-3D8B-9913-407E063A6DEC}</UniqueIdentifier>
    </Filter>
    <Filter Include="Certificate\Header Files">
      <UniqueIdentifier>{A0DC563D-2C84-31CE-BB2B-C74823CFB11B}</UniqueIdentifier>
    </Filter>
    <Filter Include="Certificate\Source Files">
      <UniqueIdentifier>{FFC43EA7-9C09-3227-BA92-3F3B74F42C1D}</UniqueIdentifier>
    </Filter>
    <Filter Include="Cipher">
      <UniqueIdentifier>{E0163A77-0A12-3B5E-8F2D-2554F2174347}</UniqueIdentifier>
    </Filter>
    <Filter Include="Cipher\Header Files">
      <UniqueIdentifier>{A8C12FBA-3E4F-3C7B-A22E-5738DFDC2AFC}</UniqueIdentifier>
    </Filter>
    <Filter Include="Cipher\Source Files">
      <UniqueIdentifier>{39822541-D1B1-36B5-BCCB-09ADF5216DBD}</UniqueIdentifier>
    </Filter>
    <Filter Include="CryptoCore">
      <UniqueIdentifier>{5FD3FF9F-07AA-34B8-AF06-249A7812FB0F}</UniqueIdentifier>
    </Filter>
    <Filter Include="CryptoCore\Header Files">
      <UniqueIdentifier>{A0166666-7A55-3C41-8F4E-323DAFC6F5CC}</UniqueIdentifier>
    </Filter>
    <Filter Include="CryptoCore\Source Files">
      <UniqueIdentifier>{C19E1CAE-0808-388A-8668-C6DFBFFEDE51}</UniqueIdentifier>
    </Filter>
    <Filter Include="Digest">
      <UniqueIdentifier>{35FBFAA7-5DA0-3F33-B911-C258037BEEA0}</UniqueIdentifier>
    </Filter>
    <Filter Include="Digest\Header Files">
      <UniqueIdentifier>{628BDB0C-E4EB-3BA0-B7CC-D32892713ED8}</UniqueIdentifier>
    </Filter>
    <Filter Include="Digest\Source Files">
      <UniqueIdentifier>{BE8C9230-DBB4-3E53-A393-F34534AC5345}</UniqueIdentifier>
    </Filter>
    <Filter Include="RSA">
      <UniqueIdentifier>{ECD05C84-B3B1-3963-A2C7-F2A0E3E3A4DB}</UniqueIdentifier>
    </Filter>
    <Filter Include="RSA\Header Files">
      <UniqueIdentifier>{A9CCA826-B0BB-3AE4-ABF9-418690D8D94D}</UniqueIdentifier>
    </Filter>
    <Filter Include="RSA\Source Files">
      <UniqueIdentifier>{4C93103B-B16B-3ED1-9455-8E6A71F25E73}</UniqueIdentifier>
    </Filter>
  </ItemGroup>
</Project>
