Microsoft Visual Studio Solution File, Format Version 12.00
# Visual Studio 14
Project("{8BC9CEB8-8B4A-11D0-8D11-00A0C91BC942}") = "ALL_BUILD", "ALL_BUILD.vcxproj", "{70A81693-9CD2-3AF8-A637-3012E9C7960C}"
	ProjectSection(ProjectDependencies) = postProject
		{60F03EE4-3363-30B3-ABCD-228A962267AA} = {60F03EE4-3363-30B3-ABCD-228A962267AA}
		{4497ED0D-BAE3-372B-B972-2F06A65A95C7} = {4497ED0D-BAE3-372B-B972-2F06A65A95C7}
		{718EC2AC-F203-3652-AB70-5E54E32DA1A7} = {718EC2AC-F203-3652-AB70-5E54E32DA1A7}
		{11A65E8E-5EAD-3D9A-9E89-F73F76F682FB} = {11A65E8E-5EAD-3D9A-9E89-F73F76F682FB}
		{4148A530-65E9-3A90-9C90-736E498B576D} = {4148A530-65E9-3A90-9C90-736E498B576D}
		{7022AC60-5B17-344B-B332-E6E037A3D3E0} = {7022AC60-5B17-344B-B332-E6E037A3D3E0}
		{A6D764AA-B405-3546-BBEC-021979150ADD} = {A6D764AA-B405-3546-BBEC-021979150ADD}
		{088074B1-CDEC-3260-9C0B-8817D0DC948E} = {088074B1-CDEC-3260-9C0B-8817D0DC948E}
		{3F259D66-ABFE-354B-B5E7-BC42552F63EA} = {3F259D66-ABFE-354B-B5E7-BC42552F63EA}
		{5ADF7ABE-C292-3778-BCD2-EE8595699079} = {5ADF7ABE-C292-3778-BCD2-EE8595699079}
	EndProjectSection
EndProject
Project("{8BC9CEB8-8B4A-11D0-8D11-00A0C91BC942}") = "Crypto", "Crypto\Crypto.vcxproj", "{60F03EE4-3363-30B3-ABCD-228A962267AA}"
	ProjectSection(ProjectDependencies) = postProject
		{11A65E8E-5EAD-3D9A-9E89-F73F76F682FB} = {11A65E8E-5EAD-3D9A-9E89-F73F76F682FB}
		{5ADF7ABE-C292-3778-BCD2-EE8595699079} = {5ADF7ABE-C292-3778-BCD2-EE8595699079}
	EndProjectSection
EndProject
Project("{8BC9CEB8-8B4A-11D0-8D11-00A0C91BC942}") = "Data", "Data\Data.vcxproj", "{4497ED0D-BAE3-372B-B972-2F06A65A95C7}"
	ProjectSection(ProjectDependencies) = postProject
		{11A65E8E-5EAD-3D9A-9E89-F73F76F682FB} = {11A65E8E-5EAD-3D9A-9E89-F73F76F682FB}
		{5ADF7ABE-C292-3778-BCD2-EE8595699079} = {5ADF7ABE-C292-3778-BCD2-EE8595699079}
	EndProjectSection
EndProject
Project("{8BC9CEB8-8B4A-11D0-8D11-00A0C91BC942}") = "DataSQLite", "Data\SQLite\DataSQLite.vcxproj", "{718EC2AC-F203-3652-AB70-5E54E32DA1A7}"
	ProjectSection(ProjectDependencies) = postProject
		{4497ED0D-BAE3-372B-B972-2F06A65A95C7} = {4497ED0D-BAE3-372B-B972-2F06A65A95C7}
		{11A65E8E-5EAD-3D9A-9E89-F73F76F682FB} = {11A65E8E-5EAD-3D9A-9E89-F73F76F682FB}
		{5ADF7ABE-C292-3778-BCD2-EE8595699079} = {5ADF7ABE-C292-3778-BCD2-EE8595699079}
	EndProjectSection
EndProject
Project("{8BC9CEB8-8B4A-11D0-8D11-00A0C91BC942}") = "Foundation", "Foundation\Foundation.vcxproj", "{11A65E8E-5EAD-3D9A-9E89-F73F76F682FB}"
	ProjectSection(ProjectDependencies) = postProject
		{5ADF7ABE-C292-3778-BCD2-EE8595699079} = {5ADF7ABE-C292-3778-BCD2-EE8595699079}
	EndProjectSection
EndProject
Project("{8BC9CEB8-8B4A-11D0-8D11-00A0C91BC942}") = "INSTALL", "INSTALL.vcxproj", "{7B1621A7-D883-3896-8E9E-02A5A39EB76B}"
	ProjectSection(ProjectDependencies) = postProject
		{70A81693-9CD2-3AF8-A637-3012E9C7960C} = {70A81693-9CD2-3AF8-A637-3012E9C7960C}
		{5ADF7ABE-C292-3778-BCD2-EE8595699079} = {5ADF7ABE-C292-3778-BCD2-EE8595699079}
	EndProjectSection
EndProject
Project("{8BC9CEB8-8B4A-11D0-8D11-00A0C91BC942}") = "JSON", "JSON\JSON.vcxproj", "{4148A530-65E9-3A90-9C90-736E498B576D}"
	ProjectSection(ProjectDependencies) = postProject
		{11A65E8E-5EAD-3D9A-9E89-F73F76F682FB} = {11A65E8E-5EAD-3D9A-9E89-F73F76F682FB}
		{5ADF7ABE-C292-3778-BCD2-EE8595699079} = {5ADF7ABE-C292-3778-BCD2-EE8595699079}
	EndProjectSection
EndProject
Project("{8BC9CEB8-8B4A-11D0-8D11-00A0C91BC942}") = "Net", "Net\Net.vcxproj", "{7022AC60-5B17-344B-B332-E6E037A3D3E0}"
	ProjectSection(ProjectDependencies) = postProject
		{11A65E8E-5EAD-3D9A-9E89-F73F76F682FB} = {11A65E8E-5EAD-3D9A-9E89-F73F76F682FB}
		{5ADF7ABE-C292-3778-BCD2-EE8595699079} = {5ADF7ABE-C292-3778-BCD2-EE8595699079}
	EndProjectSection
EndProject
Project("{8BC9CEB8-8B4A-11D0-8D11-00A0C91BC942}") = "NetSSL", "NetSSL_OpenSSL\NetSSL.vcxproj", "{A6D764AA-B405-3546-BBEC-021979150ADD}"
	ProjectSection(ProjectDependencies) = postProject
		{60F03EE4-3363-30B3-ABCD-228A962267AA} = {60F03EE4-3363-30B3-ABCD-228A962267AA}
		{11A65E8E-5EAD-3D9A-9E89-F73F76F682FB} = {11A65E8E-5EAD-3D9A-9E89-F73F76F682FB}
		{4148A530-65E9-3A90-9C90-736E498B576D} = {4148A530-65E9-3A90-9C90-736E498B576D}
		{7022AC60-5B17-344B-B332-E6E037A3D3E0} = {7022AC60-5B17-344B-B332-E6E037A3D3E0}
		{088074B1-CDEC-3260-9C0B-8817D0DC948E} = {088074B1-CDEC-3260-9C0B-8817D0DC948E}
		{3F259D66-ABFE-354B-B5E7-BC42552F63EA} = {3F259D66-ABFE-354B-B5E7-BC42552F63EA}
		{5ADF7ABE-C292-3778-BCD2-EE8595699079} = {5ADF7ABE-C292-3778-BCD2-EE8595699079}
	EndProjectSection
EndProject
Project("{8BC9CEB8-8B4A-11D0-8D11-00A0C91BC942}") = "PACKAGE", "PACKAGE.vcxproj", "{21D98F0F-9979-3301-8D90-A9E8506F9A00}"
	ProjectSection(ProjectDependencies) = postProject
		{70A81693-9CD2-3AF8-A637-3012E9C7960C} = {70A81693-9CD2-3AF8-A637-3012E9C7960C}
		{5ADF7ABE-C292-3778-BCD2-EE8595699079} = {5ADF7ABE-C292-3778-BCD2-EE8595699079}
	EndProjectSection
EndProject
Project("{8BC9CEB8-8B4A-11D0-8D11-00A0C91BC942}") = "Util", "Util\Util.vcxproj", "{088074B1-CDEC-3260-9C0B-8817D0DC948E}"
	ProjectSection(ProjectDependencies) = postProject
		{11A65E8E-5EAD-3D9A-9E89-F73F76F682FB} = {11A65E8E-5EAD-3D9A-9E89-F73F76F682FB}
		{4148A530-65E9-3A90-9C90-736E498B576D} = {4148A530-65E9-3A90-9C90-736E498B576D}
		{3F259D66-ABFE-354B-B5E7-BC42552F63EA} = {3F259D66-ABFE-354B-B5E7-BC42552F63EA}
		{5ADF7ABE-C292-3778-BCD2-EE8595699079} = {5ADF7ABE-C292-3778-BCD2-EE8595699079}
	EndProjectSection
EndProject
Project("{8BC9CEB8-8B4A-11D0-8D11-00A0C91BC942}") = "XML", "XML\XML.vcxproj", "{3F259D66-ABFE-354B-B5E7-BC42552F63EA}"
	ProjectSection(ProjectDependencies) = postProject
		{11A65E8E-5EAD-3D9A-9E89-F73F76F682FB} = {11A65E8E-5EAD-3D9A-9E89-F73F76F682FB}
		{5ADF7ABE-C292-3778-BCD2-EE8595699079} = {5ADF7ABE-C292-3778-BCD2-EE8595699079}
	EndProjectSection
EndProject
Project("{8BC9CEB8-8B4A-11D0-8D11-00A0C91BC942}") = "ZERO_CHECK", "ZERO_CHECK.vcxproj", "{5ADF7ABE-C292-3778-BCD2-EE8595699079}"
	ProjectSection(ProjectDependencies) = postProject
	EndProjectSection
EndProject
Project("{8BC9CEB8-8B4A-11D0-8D11-00A0C91BC942}") = "uninstall", "uninstall.vcxproj", "{3D6E73BF-F778-3AFD-B4CD-48744D7C0BD5}"
	ProjectSection(ProjectDependencies) = postProject
		{5ADF7ABE-C292-3778-BCD2-EE8595699079} = {5ADF7ABE-C292-3778-BCD2-EE8595699079}
	EndProjectSection
EndProject
Global
	GlobalSection(SolutionConfigurationPlatforms) = preSolution
		Debug|Win32 = Debug|Win32
		Release|Win32 = Release|Win32
		MinSizeRel|Win32 = MinSizeRel|Win32
		RelWithDebInfo|Win32 = RelWithDebInfo|Win32
	EndGlobalSection
	GlobalSection(ProjectConfigurationPlatforms) = postSolution
		{70A81693-9CD2-3AF8-A637-3012E9C7960C}.Debug|Win32.ActiveCfg = Debug|Win32
		{70A81693-9CD2-3AF8-A637-3012E9C7960C}.Debug|Win32.Build.0 = Debug|Win32
		{70A81693-9CD2-3AF8-A637-3012E9C7960C}.Release|Win32.ActiveCfg = Release|Win32
		{70A81693-9CD2-3AF8-A637-3012E9C7960C}.Release|Win32.Build.0 = Release|Win32
		{70A81693-9CD2-3AF8-A637-3012E9C7960C}.MinSizeRel|Win32.ActiveCfg = MinSizeRel|Win32
		{70A81693-9CD2-3AF8-A637-3012E9C7960C}.MinSizeRel|Win32.Build.0 = MinSizeRel|Win32
		{70A81693-9CD2-3AF8-A637-3012E9C7960C}.RelWithDebInfo|Win32.ActiveCfg = RelWithDebInfo|Win32
		{70A81693-9CD2-3AF8-A637-3012E9C7960C}.RelWithDebInfo|Win32.Build.0 = RelWithDebInfo|Win32
		{60F03EE4-3363-30B3-ABCD-228A962267AA}.Debug|Win32.ActiveCfg = Debug|Win32
		{60F03EE4-3363-30B3-ABCD-228A962267AA}.Debug|Win32.Build.0 = Debug|Win32
		{60F03EE4-3363-30B3-ABCD-228A962267AA}.Release|Win32.ActiveCfg = Release|Win32
		{60F03EE4-3363-30B3-ABCD-228A962267AA}.Release|Win32.Build.0 = Release|Win32
		{60F03EE4-3363-30B3-ABCD-228A962267AA}.MinSizeRel|Win32.ActiveCfg = MinSizeRel|Win32
		{60F03EE4-3363-30B3-ABCD-228A962267AA}.MinSizeRel|Win32.Build.0 = MinSizeRel|Win32
		{60F03EE4-3363-30B3-ABCD-228A962267AA}.RelWithDebInfo|Win32.ActiveCfg = RelWithDebInfo|Win32
		{60F03EE4-3363-30B3-ABCD-228A962267AA}.RelWithDebInfo|Win32.Build.0 = RelWithDebInfo|Win32
		{4497ED0D-BAE3-372B-B972-2F06A65A95C7}.Debug|Win32.ActiveCfg = Debug|Win32
		{4497ED0D-BAE3-372B-B972-2F06A65A95C7}.Debug|Win32.Build.0 = Debug|Win32
		{4497ED0D-BAE3-372B-B972-2F06A65A95C7}.Release|Win32.ActiveCfg = Release|Win32
		{4497ED0D-BAE3-372B-B972-2F06A65A95C7}.Release|Win32.Build.0 = Release|Win32
		{4497ED0D-BAE3-372B-B972-2F06A65A95C7}.MinSizeRel|Win32.ActiveCfg = MinSizeRel|Win32
		{4497ED0D-BAE3-372B-B972-2F06A65A95C7}.MinSizeRel|Win32.Build.0 = MinSizeRel|Win32
		{4497ED0D-BAE3-372B-B972-2F06A65A95C7}.RelWithDebInfo|Win32.ActiveCfg = RelWithDebInfo|Win32
		{4497ED0D-BAE3-372B-B972-2F06A65A95C7}.RelWithDebInfo|Win32.Build.0 = RelWithDebInfo|Win32
		{718EC2AC-F203-3652-AB70-5E54E32DA1A7}.Debug|Win32.ActiveCfg = Debug|Win32
		{718EC2AC-F203-3652-AB70-5E54E32DA1A7}.Debug|Win32.Build.0 = Debug|Win32
		{718EC2AC-F203-3652-AB70-5E54E32DA1A7}.Release|Win32.ActiveCfg = Release|Win32
		{718EC2AC-F203-3652-AB70-5E54E32DA1A7}.Release|Win32.Build.0 = Release|Win32
		{718EC2AC-F203-3652-AB70-5E54E32DA1A7}.MinSizeRel|Win32.ActiveCfg = MinSizeRel|Win32
		{718EC2AC-F203-3652-AB70-5E54E32DA1A7}.MinSizeRel|Win32.Build.0 = MinSizeRel|Win32
		{718EC2AC-F203-3652-AB70-5E54E32DA1A7}.RelWithDebInfo|Win32.ActiveCfg = RelWithDebInfo|Win32
		{718EC2AC-F203-3652-AB70-5E54E32DA1A7}.RelWithDebInfo|Win32.Build.0 = RelWithDebInfo|Win32
		{11A65E8E-5EAD-3D9A-9E89-F73F76F682FB}.Debug|Win32.ActiveCfg = Debug|Win32
		{11A65E8E-5EAD-3D9A-9E89-F73F76F682FB}.Debug|Win32.Build.0 = Debug|Win32
		{11A65E8E-5EAD-3D9A-9E89-F73F76F682FB}.Release|Win32.ActiveCfg = Release|Win32
		{11A65E8E-5EAD-3D9A-9E89-F73F76F682FB}.Release|Win32.Build.0 = Release|Win32
		{11A65E8E-5EAD-3D9A-9E89-F73F76F682FB}.MinSizeRel|Win32.ActiveCfg = MinSizeRel|Win32
		{11A65E8E-5EAD-3D9A-9E89-F73F76F682FB}.MinSizeRel|Win32.Build.0 = MinSizeRel|Win32
		{11A65E8E-5EAD-3D9A-9E89-F73F76F682FB}.RelWithDebInfo|Win32.ActiveCfg = RelWithDebInfo|Win32
		{11A65E8E-5EAD-3D9A-9E89-F73F76F682FB}.RelWithDebInfo|Win32.Build.0 = RelWithDebInfo|Win32
		{7B1621A7-D883-3896-8E9E-02A5A39EB76B}.Debug|Win32.ActiveCfg = Debug|Win32
		{7B1621A7-D883-3896-8E9E-02A5A39EB76B}.Release|Win32.ActiveCfg = Release|Win32
		{7B1621A7-D883-3896-8E9E-02A5A39EB76B}.MinSizeRel|Win32.ActiveCfg = MinSizeRel|Win32
		{7B1621A7-D883-3896-8E9E-02A5A39EB76B}.RelWithDebInfo|Win32.ActiveCfg = RelWithDebInfo|Win32
		{4148A530-65E9-3A90-9C90-736E498B576D}.Debug|Win32.ActiveCfg = Debug|Win32
		{4148A530-65E9-3A90-9C90-736E498B576D}.Debug|Win32.Build.0 = Debug|Win32
		{4148A530-65E9-3A90-9C90-736E498B576D}.Release|Win32.ActiveCfg = Release|Win32
		{4148A530-65E9-3A90-9C90-736E498B576D}.Release|Win32.Build.0 = Release|Win32
		{4148A530-65E9-3A90-9C90-736E498B576D}.MinSizeRel|Win32.ActiveCfg = MinSizeRel|Win32
		{4148A530-65E9-3A90-9C90-736E498B576D}.MinSizeRel|Win32.Build.0 = MinSizeRel|Win32
		{4148A530-65E9-3A90-9C90-736E498B576D}.RelWithDebInfo|Win32.ActiveCfg = RelWithDebInfo|Win32
		{4148A530-65E9-3A90-9C90-736E498B576D}.RelWithDebInfo|Win32.Build.0 = RelWithDebInfo|Win32
		{7022AC60-5B17-344B-B332-E6E037A3D3E0}.Debug|Win32.ActiveCfg = Debug|Win32
		{7022AC60-5B17-344B-B332-E6E037A3D3E0}.Debug|Win32.Build.0 = Debug|Win32
		{7022AC60-5B17-344B-B332-E6E037A3D3E0}.Release|Win32.ActiveCfg = Release|Win32
		{7022AC60-5B17-344B-B332-E6E037A3D3E0}.Release|Win32.Build.0 = Release|Win32
		{7022AC60-5B17-344B-B332-E6E037A3D3E0}.MinSizeRel|Win32.ActiveCfg = MinSizeRel|Win32
		{7022AC60-5B17-344B-B332-E6E037A3D3E0}.MinSizeRel|Win32.Build.0 = MinSizeRel|Win32
		{7022AC60-5B17-344B-B332-E6E037A3D3E0}.RelWithDebInfo|Win32.ActiveCfg = RelWithDebInfo|Win32
		{7022AC60-5B17-344B-B332-E6E037A3D3E0}.RelWithDebInfo|Win32.Build.0 = RelWithDebInfo|Win32
		{A6D764AA-B405-3546-BBEC-021979150ADD}.Debug|Win32.ActiveCfg = Debug|Win32
		{A6D764AA-B405-3546-BBEC-021979150ADD}.Debug|Win32.Build.0 = Debug|Win32
		{A6D764AA-B405-3546-BBEC-021979150ADD}.Release|Win32.ActiveCfg = Release|Win32
		{A6D764AA-B405-3546-BBEC-021979150ADD}.Release|Win32.Build.0 = Release|Win32
		{A6D764AA-B405-3546-BBEC-021979150ADD}.MinSizeRel|Win32.ActiveCfg = MinSizeRel|Win32
		{A6D764AA-B405-3546-BBEC-021979150ADD}.MinSizeRel|Win32.Build.0 = MinSizeRel|Win32
		{A6D764AA-B405-3546-BBEC-021979150ADD}.RelWithDebInfo|Win32.ActiveCfg = RelWithDebInfo|Win32
		{A6D764AA-B405-3546-BBEC-021979150ADD}.RelWithDebInfo|Win32.Build.0 = RelWithDebInfo|Win32
		{21D98F0F-9979-3301-8D90-A9E8506F9A00}.Debug|Win32.ActiveCfg = Debug|Win32
		{21D98F0F-9979-3301-8D90-A9E8506F9A00}.Release|Win32.ActiveCfg = Release|Win32
		{21D98F0F-9979-3301-8D90-A9E8506F9A00}.MinSizeRel|Win32.ActiveCfg = MinSizeRel|Win32
		{21D98F0F-9979-3301-8D90-A9E8506F9A00}.RelWithDebInfo|Win32.ActiveCfg = RelWithDebInfo|Win32
		{088074B1-CDEC-3260-9C0B-8817D0DC948E}.Debug|Win32.ActiveCfg = Debug|Win32
		{088074B1-CDEC-3260-9C0B-8817D0DC948E}.Debug|Win32.Build.0 = Debug|Win32
		{088074B1-CDEC-3260-9C0B-8817D0DC948E}.Release|Win32.ActiveCfg = Release|Win32
		{088074B1-CDEC-3260-9C0B-8817D0DC948E}.Release|Win32.Build.0 = Release|Win32
		{088074B1-CDEC-3260-9C0B-8817D0DC948E}.MinSizeRel|Win32.ActiveCfg = MinSizeRel|Win32
		{088074B1-CDEC-3260-9C0B-8817D0DC948E}.MinSizeRel|Win32.Build.0 = MinSizeRel|Win32
		{088074B1-CDEC-3260-9C0B-8817D0DC948E}.RelWithDebInfo|Win32.ActiveCfg = RelWithDebInfo|Win32
		{088074B1-CDEC-3260-9C0B-8817D0DC948E}.RelWithDebInfo|Win32.Build.0 = RelWithDebInfo|Win32
		{3F259D66-ABFE-354B-B5E7-BC42552F63EA}.Debug|Win32.ActiveCfg = Debug|Win32
		{3F259D66-ABFE-354B-B5E7-BC42552F63EA}.Debug|Win32.Build.0 = Debug|Win32
		{3F259D66-ABFE-354B-B5E7-BC42552F63EA}.Release|Win32.ActiveCfg = Release|Win32
		{3F259D66-ABFE-354B-B5E7-BC42552F63EA}.Release|Win32.Build.0 = Release|Win32
		{3F259D66-ABFE-354B-B5E7-BC42552F63EA}.MinSizeRel|Win32.ActiveCfg = MinSizeRel|Win32
		{3F259D66-ABFE-354B-B5E7-BC42552F63EA}.MinSizeRel|Win32.Build.0 = MinSizeRel|Win32
		{3F259D66-ABFE-354B-B5E7-BC42552F63EA}.RelWithDebInfo|Win32.ActiveCfg = RelWithDebInfo|Win32
		{3F259D66-ABFE-354B-B5E7-BC42552F63EA}.RelWithDebInfo|Win32.Build.0 = RelWithDebInfo|Win32
		{5ADF7ABE-C292-3778-BCD2-EE8595699079}.Debug|Win32.ActiveCfg = Debug|Win32
		{5ADF7ABE-C292-3778-BCD2-EE8595699079}.Debug|Win32.Build.0 = Debug|Win32
		{5ADF7ABE-C292-3778-BCD2-EE8595699079}.Release|Win32.ActiveCfg = Release|Win32
		{5ADF7ABE-C292-3778-BCD2-EE8595699079}.Release|Win32.Build.0 = Release|Win32
		{5ADF7ABE-C292-3778-BCD2-EE8595699079}.MinSizeRel|Win32.ActiveCfg = MinSizeRel|Win32
		{5ADF7ABE-C292-3778-BCD2-EE8595699079}.MinSizeRel|Win32.Build.0 = MinSizeRel|Win32
		{5ADF7ABE-C292-3778-BCD2-EE8595699079}.RelWithDebInfo|Win32.ActiveCfg = RelWithDebInfo|Win32
		{5ADF7ABE-C292-3778-BCD2-EE8595699079}.RelWithDebInfo|Win32.Build.0 = RelWithDebInfo|Win32
		{3D6E73BF-F778-3AFD-B4CD-48744D7C0BD5}.Debug|Win32.ActiveCfg = Debug|Win32
		{3D6E73BF-F778-3AFD-B4CD-48744D7C0BD5}.Release|Win32.ActiveCfg = Release|Win32
		{3D6E73BF-F778-3AFD-B4CD-48744D7C0BD5}.MinSizeRel|Win32.ActiveCfg = MinSizeRel|Win32
		{3D6E73BF-F778-3AFD-B4CD-48744D7C0BD5}.RelWithDebInfo|Win32.ActiveCfg = RelWithDebInfo|Win32
	EndGlobalSection
	GlobalSection(ExtensibilityGlobals) = postSolution
		SolutionGuid = {AEE764C9-6331-3660-98C4-A0A161533AC4}
	EndGlobalSection
	GlobalSection(ExtensibilityAddIns) = postSolution
	EndGlobalSection
EndGlobal
