<?xml version="1.0" encoding="utf-8"?>
<Project ToolsVersion="14.0" xmlns="http://schemas.microsoft.com/developer/msbuild/2003">
  <ItemGroup>
    <ClCompile Include="G:\NNNNET\poco_1.7.9\poco\Util\src\AbstractConfiguration.cpp">
      <Filter>Configuration\Source Files</Filter>
    </ClCompile>
    <ClCompile Include="G:\NNNNET\poco_1.7.9\poco\Util\src\Application.cpp">
      <Filter>Application\Source Files</Filter>
    </ClCompile>
    <ClCompile Include="G:\NNNNET\poco_1.7.9\poco\Util\src\ConfigurationMapper.cpp">
      <Filter>Configuration\Source Files</Filter>
    </ClCompile>
    <ClCompile Include="G:\NNNNET\poco_1.7.9\poco\Util\src\ConfigurationView.cpp">
      <Filter>Configuration\Source Files</Filter>
    </ClCompile>
    <ClCompile Include="G:\NNNNET\poco_1.7.9\poco\Util\src\FilesystemConfiguration.cpp">
      <Filter>Configuration\Source Files</Filter>
    </ClCompile>
    <ClCompile Include="G:\NNNNET\poco_1.7.9\poco\Util\src\HelpFormatter.cpp">
      <Filter>Options\Source Files</Filter>
    </ClCompile>
    <ClCompile Include="G:\NNNNET\poco_1.7.9\poco\Util\src\IniFileConfiguration.cpp">
      <Filter>Configuration\Source Files</Filter>
    </ClCompile>
    <ClCompile Include="G:\NNNNET\poco_1.7.9\poco\Util\src\IntValidator.cpp">
      <Filter>Options\Source Files</Filter>
    </ClCompile>
    <ClCompile Include="G:\NNNNET\poco_1.7.9\poco\Util\src\JSONConfiguration.cpp">
      <Filter>JSON\Source Files</Filter>
    </ClCompile>
    <ClCompile Include="G:\NNNNET\poco_1.7.9\poco\Util\src\LayeredConfiguration.cpp">
      <Filter>Configuration\Source Files</Filter>
    </ClCompile>
    <ClCompile Include="G:\NNNNET\poco_1.7.9\poco\Util\src\LoggingConfigurator.cpp">
      <Filter>Configuration\Source Files</Filter>
    </ClCompile>
    <ClCompile Include="G:\NNNNET\poco_1.7.9\poco\Util\src\LoggingSubsystem.cpp">
      <Filter>Application\Source Files</Filter>
    </ClCompile>
    <ClCompile Include="G:\NNNNET\poco_1.7.9\poco\Util\src\MapConfiguration.cpp">
      <Filter>Configuration\Source Files</Filter>
    </ClCompile>
    <ClCompile Include="G:\NNNNET\poco_1.7.9\poco\Util\src\Option.cpp">
      <Filter>Options\Source Files</Filter>
    </ClCompile>
    <ClCompile Include="G:\NNNNET\poco_1.7.9\poco\Util\src\OptionCallback.cpp">
      <Filter>Options\Source Files</Filter>
    </ClCompile>
    <ClCompile Include="G:\NNNNET\poco_1.7.9\poco\Util\src\OptionException.cpp">
      <Filter>Options\Source Files</Filter>
    </ClCompile>
    <ClCompile Include="G:\NNNNET\poco_1.7.9\poco\Util\src\OptionProcessor.cpp">
      <Filter>Options\Source Files</Filter>
    </ClCompile>
    <ClCompile Include="G:\NNNNET\poco_1.7.9\poco\Util\src\OptionSet.cpp">
      <Filter>Options\Source Files</Filter>
    </ClCompile>
    <ClCompile Include="G:\NNNNET\poco_1.7.9\poco\Util\src\PropertyFileConfiguration.cpp">
      <Filter>Configuration\Source Files</Filter>
    </ClCompile>
    <ClCompile Include="G:\NNNNET\poco_1.7.9\poco\Util\src\RegExpValidator.cpp">
      <Filter>Options\Source Files</Filter>
    </ClCompile>
    <ClCompile Include="G:\NNNNET\poco_1.7.9\poco\Util\src\ServerApplication.cpp">
      <Filter>Application\Source Files</Filter>
    </ClCompile>
    <ClCompile Include="G:\NNNNET\poco_1.7.9\poco\Util\src\Subsystem.cpp">
      <Filter>Application\Source Files</Filter>
    </ClCompile>
    <ClCompile Include="G:\NNNNET\poco_1.7.9\poco\Util\src\SystemConfiguration.cpp">
      <Filter>Configuration\Source Files</Filter>
    </ClCompile>
    <ClCompile Include="G:\NNNNET\poco_1.7.9\poco\Util\src\Timer.cpp">
      <Filter>Timer\Source Files</Filter>
    </ClCompile>
    <ClCompile Include="G:\NNNNET\poco_1.7.9\poco\Util\src\TimerTask.cpp">
      <Filter>Timer\Source Files</Filter>
    </ClCompile>
    <ClCompile Include="G:\NNNNET\poco_1.7.9\poco\Util\src\Validator.cpp">
      <Filter>Options\Source Files</Filter>
    </ClCompile>
    <ClCompile Include="G:\NNNNET\poco_1.7.9\poco\Util\src\WinRegistryConfiguration.cpp">
      <Filter>Windows\Source Files</Filter>
    </ClCompile>
    <ClCompile Include="G:\NNNNET\poco_1.7.9\poco\Util\src\WinRegistryKey.cpp">
      <Filter>Windows\Source Files</Filter>
    </ClCompile>
    <ClCompile Include="G:\NNNNET\poco_1.7.9\poco\Util\src\WinService.cpp">
      <Filter>Windows\Source Files</Filter>
    </ClCompile>
    <ClCompile Include="G:\NNNNET\poco_1.7.9\poco\Util\src\XMLConfiguration.cpp">
      <Filter>Configuration\Source Files</Filter>
    </ClCompile>
  </ItemGroup>
  <ItemGroup>
    <ClInclude Include="G:\NNNNET\poco_1.7.9\poco\Util\include\Poco\Util\AbstractConfiguration.h">
      <Filter>Configuration\Header Files</Filter>
    </ClInclude>
    <ClInclude Include="G:\NNNNET\poco_1.7.9\poco\Util\include\Poco\Util\Application.h">
      <Filter>Application\Header Files</Filter>
    </ClInclude>
    <ClInclude Include="G:\NNNNET\poco_1.7.9\poco\Util\include\Poco\Util\ConfigurationMapper.h">
      <Filter>Configuration\Header Files</Filter>
    </ClInclude>
    <ClInclude Include="G:\NNNNET\poco_1.7.9\poco\Util\include\Poco\Util\ConfigurationView.h">
      <Filter>Configuration\Header Files</Filter>
    </ClInclude>
    <ClInclude Include="G:\NNNNET\poco_1.7.9\poco\Util\include\Poco\Util\FilesystemConfiguration.h">
      <Filter>Configuration\Header Files</Filter>
    </ClInclude>
    <ClInclude Include="G:\NNNNET\poco_1.7.9\poco\Util\include\Poco\Util\HelpFormatter.h">
      <Filter>Options\Header Files</Filter>
    </ClInclude>
    <ClInclude Include="G:\NNNNET\poco_1.7.9\poco\Util\include\Poco\Util\IniFileConfiguration.h">
      <Filter>Configuration\Header Files</Filter>
    </ClInclude>
    <ClInclude Include="G:\NNNNET\poco_1.7.9\poco\Util\include\Poco\Util\IntValidator.h">
      <Filter>Options\Header Files</Filter>
    </ClInclude>
    <ClInclude Include="G:\NNNNET\poco_1.7.9\poco\Util\include\Poco\Util\JSONConfiguration.h">
      <Filter>Util\Header Files</Filter>
    </ClInclude>
    <ClInclude Include="G:\NNNNET\poco_1.7.9\poco\Util\include\Poco\Util\LayeredConfiguration.h">
      <Filter>Configuration\Header Files</Filter>
    </ClInclude>
    <ClInclude Include="G:\NNNNET\poco_1.7.9\poco\Util\include\Poco\Util\LoggingConfigurator.h">
      <Filter>Configuration\Header Files</Filter>
    </ClInclude>
    <ClInclude Include="G:\NNNNET\poco_1.7.9\poco\Util\include\Poco\Util\LoggingSubsystem.h">
      <Filter>Application\Header Files</Filter>
    </ClInclude>
    <ClInclude Include="G:\NNNNET\poco_1.7.9\poco\Util\include\Poco\Util\MapConfiguration.h">
      <Filter>Configuration\Header Files</Filter>
    </ClInclude>
    <ClInclude Include="G:\NNNNET\poco_1.7.9\poco\Util\include\Poco\Util\Option.h">
      <Filter>Options\Header Files</Filter>
    </ClInclude>
    <ClInclude Include="G:\NNNNET\poco_1.7.9\poco\Util\include\Poco\Util\OptionCallback.h">
      <Filter>Options\Header Files</Filter>
    </ClInclude>
    <ClInclude Include="G:\NNNNET\poco_1.7.9\poco\Util\include\Poco\Util\OptionException.h">
      <Filter>Options\Header Files</Filter>
    </ClInclude>
    <ClInclude Include="G:\NNNNET\poco_1.7.9\poco\Util\include\Poco\Util\OptionProcessor.h">
      <Filter>Options\Header Files</Filter>
    </ClInclude>
    <ClInclude Include="G:\NNNNET\poco_1.7.9\poco\Util\include\Poco\Util\OptionSet.h">
      <Filter>Options\Header Files</Filter>
    </ClInclude>
    <ClInclude Include="G:\NNNNET\poco_1.7.9\poco\Util\include\Poco\Util\PropertyFileConfiguration.h">
      <Filter>Configuration\Header Files</Filter>
    </ClInclude>
    <ClInclude Include="G:\NNNNET\poco_1.7.9\poco\Util\include\Poco\Util\RegExpValidator.h">
      <Filter>Options\Header Files</Filter>
    </ClInclude>
    <ClInclude Include="G:\NNNNET\poco_1.7.9\poco\Util\include\Poco\Util\ServerApplication.h">
      <Filter>Application\Header Files</Filter>
    </ClInclude>
    <ClInclude Include="G:\NNNNET\poco_1.7.9\poco\Util\include\Poco\Util\Subsystem.h">
      <Filter>Application\Header Files</Filter>
    </ClInclude>
    <ClInclude Include="G:\NNNNET\poco_1.7.9\poco\Util\include\Poco\Util\SystemConfiguration.h">
      <Filter>Configuration\Header Files</Filter>
    </ClInclude>
    <ClInclude Include="G:\NNNNET\poco_1.7.9\poco\Util\include\Poco\Util\Timer.h">
      <Filter>Timer\Header Files</Filter>
    </ClInclude>
    <ClInclude Include="G:\NNNNET\poco_1.7.9\poco\Util\include\Poco\Util\TimerTask.h">
      <Filter>Timer\Header Files</Filter>
    </ClInclude>
    <ClInclude Include="G:\NNNNET\poco_1.7.9\poco\Util\include\Poco\Util\TimerTaskAdapter.h">
      <Filter>Timer\Header Files</Filter>
    </ClInclude>
    <ClInclude Include="G:\NNNNET\poco_1.7.9\poco\Util\include\Poco\Util\Units.h">
      <Filter>Units\Header Files</Filter>
    </ClInclude>
    <ClInclude Include="G:\NNNNET\poco_1.7.9\poco\Util\include\Poco\Util\Util.h">
      <Filter>Util\Header Files</Filter>
    </ClInclude>
    <ClInclude Include="G:\NNNNET\poco_1.7.9\poco\Util\include\Poco\Util\Validator.h">
      <Filter>Options\Header Files</Filter>
    </ClInclude>
    <ClInclude Include="G:\NNNNET\poco_1.7.9\poco\Util\include\Poco\Util\WinRegistryConfiguration.h">
      <Filter>Windows\Header Files</Filter>
    </ClInclude>
    <ClInclude Include="G:\NNNNET\poco_1.7.9\poco\Util\include\Poco\Util\WinRegistryKey.h">
      <Filter>Windows\Header Files</Filter>
    </ClInclude>
    <ClInclude Include="G:\NNNNET\poco_1.7.9\poco\Util\include\Poco\Util\WinService.h">
      <Filter>Windows\Header Files</Filter>
    </ClInclude>
    <ClInclude Include="G:\NNNNET\poco_1.7.9\poco\Util\include\Poco\Util\XMLConfiguration.h">
      <Filter>Configuration\Header Files</Filter>
    </ClInclude>
  </ItemGroup>
  <ItemGroup>
    <CustomBuild Include="G:\NNNNET\poco_1.7.9\poco\Util\CMakeLists.txt" />
  </ItemGroup>
  <ItemGroup>
    <Filter Include="Application">
      <UniqueIdentifier>{EF415C06-356D-3EA5-981C-A33BF03E7CF9}</UniqueIdentifier>
    </Filter>
    <Filter Include="Application\Header Files">
      <UniqueIdentifier>{B53FA49F-7DB8-3D1E-B703-5A4833ED9068}</UniqueIdentifier>
    </Filter>
    <Filter Include="Application\Source Files">
      <UniqueIdentifier>{F2BCD015-4468-3BA3-B7EF-8DC17F7C8AF3}</UniqueIdentifier>
    </Filter>
    <Filter Include="Configuration">
      <UniqueIdentifier>{A7621BFC-6961-3205-B90F-4ACFC9BDD671}</UniqueIdentifier>
    </Filter>
    <Filter Include="Configuration\Header Files">
      <UniqueIdentifier>{34076E8E-25D5-3433-801B-617D607094A6}</UniqueIdentifier>
    </Filter>
    <Filter Include="Configuration\Source Files">
      <UniqueIdentifier>{E4DF4763-D9C8-3EF1-A66E-C784245AAD46}</UniqueIdentifier>
    </Filter>
    <Filter Include="JSON">
      <UniqueIdentifier>{716BD2D8-3B5B-3296-8DE9-BB3158161508}</UniqueIdentifier>
    </Filter>
    <Filter Include="JSON\Source Files">
      <UniqueIdentifier>{F453CB06-BF72-3C75-9CF3-39E1ECC8DD2B}</UniqueIdentifier>
    </Filter>
    <Filter Include="Options">
      <UniqueIdentifier>{49021210-8225-3FEF-B2C9-F48DD0D9C775}</UniqueIdentifier>
    </Filter>
    <Filter Include="Options\Header Files">
      <UniqueIdentifier>{C88B2712-4C6D-3D0C-88DF-CE6D2E69C88B}</UniqueIdentifier>
    </Filter>
    <Filter Include="Options\Source Files">
      <UniqueIdentifier>{F6F05453-0328-3028-881E-ABE7DB809549}</UniqueIdentifier>
    </Filter>
    <Filter Include="Timer">
      <UniqueIdentifier>{6FD28C78-4092-39DC-8F70-F2F0FCBEF996}</UniqueIdentifier>
    </Filter>
    <Filter Include="Timer\Header Files">
      <UniqueIdentifier>{611DF478-63AE-3DE8-8A71-DA65178AEA43}</UniqueIdentifier>
    </Filter>
    <Filter Include="Timer\Source Files">
      <UniqueIdentifier>{017667A9-7A4B-3AC2-AC41-466CAD30778C}</UniqueIdentifier>
    </Filter>
    <Filter Include="Units">
      <UniqueIdentifier>{545DA8FD-B8EA-3B8A-BD03-25751B05A9E0}</UniqueIdentifier>
    </Filter>
    <Filter Include="Units\Header Files">
      <UniqueIdentifier>{67E865DD-0D82-35B9-9218-30693D33FE65}</UniqueIdentifier>
    </Filter>
    <Filter Include="Util">
      <UniqueIdentifier>{20A99B39-7230-30A8-9500-3A59E4BDCBAE}</UniqueIdentifier>
    </Filter>
    <Filter Include="Util\Header Files">
      <UniqueIdentifier>{7A61AB10-3FD6-3454-9827-F23B1405A167}</UniqueIdentifier>
    </Filter>
    <Filter Include="Windows">
      <UniqueIdentifier>{1D353D13-6B31-3ADD-8B5E-1D60460B4F3C}</UniqueIdentifier>
    </Filter>
    <Filter Include="Windows\Header Files">
      <UniqueIdentifier>{50705CFB-84B6-3482-BA46-F8DFCF1F3509}</UniqueIdentifier>
    </Filter>
    <Filter Include="Windows\Source Files">
      <UniqueIdentifier>{698831BD-1007-39EB-9685-50ADFCBB1F81}</UniqueIdentifier>
    </Filter>
  </ItemGroup>
</Project>
