Microsoft Visual Studio Solution File, Format Version 12.00
# Visual Studio 14
Project("{8BC9CEB8-8B4A-11D0-8D11-00A0C91BC942}") = "ALL_BUILD", "ALL_BUILD.vcxproj", "{2BC910F9-9CB5-3870-9A13-30FE91724D2D}"
	ProjectSection(ProjectDependencies) = postProject
		{0A86F138-AAC5-3CC2-8DAC-22E432170DAE} = {0A86F138-AAC5-3CC2-8DAC-22E432170DAE}
		{1CB71509-740D-30FE-8A52-C0E081638F9D} = {1CB71509-740D-30FE-8A52-C0E081638F9D}
		{BDAEC1DF-17B5-3169-BA29-88B0F77379C8} = {BDAEC1DF-17B5-3169-BA29-88B0F77379C8}
		{F9F8A78C-4601-3827-A03F-98084CFC52EC} = {F9F8A78C-4601-3827-A03F-98084CFC52EC}
		{F6B05E09-7DBD-3016-85DF-734AFE6AC419} = {F6B05E09-7DBD-3016-85DF-734AFE6AC419}
		{39DE89E2-4031-3EB2-8C80-C9036010EC67} = {39DE89E2-4031-3EB2-8C80-C9036010EC67}
		{4A177391-CCC5-31B1-91BE-ECCC40B60AEB} = {4A177391-CCC5-31B1-91BE-ECCC40B60AEB}
		{A3EFF9CF-4281-3576-8F58-A3392ADC6901} = {A3EFF9CF-4281-3576-8F58-A3392ADC6901}
		{71126210-DA87-3F1C-A709-E0891425CF24} = {71126210-DA87-3F1C-A709-E0891425CF24}
		{1AF5CA72-E379-3ACD-BABF-A3EC6D24D04B} = {1AF5CA72-E379-3ACD-BABF-A3EC6D24D04B}
		{680D35D3-63A6-3123-96F5-80215083E177} = {680D35D3-63A6-3123-96F5-80215083E177}
	EndProjectSection
EndProject
Project("{8BC9CEB8-8B4A-11D0-8D11-00A0C91BC942}") = "Crypto", "Crypto\Crypto.vcxproj", "{0A86F138-AAC5-3CC2-8DAC-22E432170DAE}"
	ProjectSection(ProjectDependencies) = postProject
		{F9F8A78C-4601-3827-A03F-98084CFC52EC} = {F9F8A78C-4601-3827-A03F-98084CFC52EC}
		{680D35D3-63A6-3123-96F5-80215083E177} = {680D35D3-63A6-3123-96F5-80215083E177}
	EndProjectSection
EndProject
Project("{8BC9CEB8-8B4A-11D0-8D11-00A0C91BC942}") = "Data", "Data\Data.vcxproj", "{1CB71509-740D-30FE-8A52-C0E081638F9D}"
	ProjectSection(ProjectDependencies) = postProject
		{F9F8A78C-4601-3827-A03F-98084CFC52EC} = {F9F8A78C-4601-3827-A03F-98084CFC52EC}
		{680D35D3-63A6-3123-96F5-80215083E177} = {680D35D3-63A6-3123-96F5-80215083E177}
	EndProjectSection
EndProject
Project("{8BC9CEB8-8B4A-11D0-8D11-00A0C91BC942}") = "DataSQLite", "Data\SQLite\DataSQLite.vcxproj", "{BDAEC1DF-17B5-3169-BA29-88B0F77379C8}"
	ProjectSection(ProjectDependencies) = postProject
		{1CB71509-740D-30FE-8A52-C0E081638F9D} = {1CB71509-740D-30FE-8A52-C0E081638F9D}
		{F9F8A78C-4601-3827-A03F-98084CFC52EC} = {F9F8A78C-4601-3827-A03F-98084CFC52EC}
		{680D35D3-63A6-3123-96F5-80215083E177} = {680D35D3-63A6-3123-96F5-80215083E177}
	EndProjectSection
EndProject
Project("{8BC9CEB8-8B4A-11D0-8D11-00A0C91BC942}") = "Foundation", "Foundation\Foundation.vcxproj", "{F9F8A78C-4601-3827-A03F-98084CFC52EC}"
	ProjectSection(ProjectDependencies) = postProject
		{680D35D3-63A6-3123-96F5-80215083E177} = {680D35D3-63A6-3123-96F5-80215083E177}
	EndProjectSection
EndProject
Project("{8BC9CEB8-8B4A-11D0-8D11-00A0C91BC942}") = "INSTALL", "INSTALL.vcxproj", "{CDEE9EF3-B5F2-32D9-BD20-49A952D48EBB}"
	ProjectSection(ProjectDependencies) = postProject
		{2BC910F9-9CB5-3870-9A13-30FE91724D2D} = {2BC910F9-9CB5-3870-9A13-30FE91724D2D}
		{680D35D3-63A6-3123-96F5-80215083E177} = {680D35D3-63A6-3123-96F5-80215083E177}
	EndProjectSection
EndProject
Project("{8BC9CEB8-8B4A-11D0-8D11-00A0C91BC942}") = "JSON", "JSON\JSON.vcxproj", "{F6B05E09-7DBD-3016-85DF-734AFE6AC419}"
	ProjectSection(ProjectDependencies) = postProject
		{F9F8A78C-4601-3827-A03F-98084CFC52EC} = {F9F8A78C-4601-3827-A03F-98084CFC52EC}
		{680D35D3-63A6-3123-96F5-80215083E177} = {680D35D3-63A6-3123-96F5-80215083E177}
	EndProjectSection
EndProject
Project("{8BC9CEB8-8B4A-11D0-8D11-00A0C91BC942}") = "Net", "Net\Net.vcxproj", "{39DE89E2-4031-3EB2-8C80-C9036010EC67}"
	ProjectSection(ProjectDependencies) = postProject
		{F9F8A78C-4601-3827-A03F-98084CFC52EC} = {F9F8A78C-4601-3827-A03F-98084CFC52EC}
		{680D35D3-63A6-3123-96F5-80215083E177} = {680D35D3-63A6-3123-96F5-80215083E177}
	EndProjectSection
EndProject
Project("{8BC9CEB8-8B4A-11D0-8D11-00A0C91BC942}") = "NetSSL", "NetSSL_OpenSSL\NetSSL.vcxproj", "{4A177391-CCC5-31B1-91BE-ECCC40B60AEB}"
	ProjectSection(ProjectDependencies) = postProject
		{0A86F138-AAC5-3CC2-8DAC-22E432170DAE} = {0A86F138-AAC5-3CC2-8DAC-22E432170DAE}
		{F9F8A78C-4601-3827-A03F-98084CFC52EC} = {F9F8A78C-4601-3827-A03F-98084CFC52EC}
		{F6B05E09-7DBD-3016-85DF-734AFE6AC419} = {F6B05E09-7DBD-3016-85DF-734AFE6AC419}
		{39DE89E2-4031-3EB2-8C80-C9036010EC67} = {39DE89E2-4031-3EB2-8C80-C9036010EC67}
		{71126210-DA87-3F1C-A709-E0891425CF24} = {71126210-DA87-3F1C-A709-E0891425CF24}
		{1AF5CA72-E379-3ACD-BABF-A3EC6D24D04B} = {1AF5CA72-E379-3ACD-BABF-A3EC6D24D04B}
		{680D35D3-63A6-3123-96F5-80215083E177} = {680D35D3-63A6-3123-96F5-80215083E177}
	EndProjectSection
EndProject
Project("{8BC9CEB8-8B4A-11D0-8D11-00A0C91BC942}") = "NetSSLWin", "NetSSL_Win\NetSSLWin.vcxproj", "{A3EFF9CF-4281-3576-8F58-A3392ADC6901}"
	ProjectSection(ProjectDependencies) = postProject
		{F9F8A78C-4601-3827-A03F-98084CFC52EC} = {F9F8A78C-4601-3827-A03F-98084CFC52EC}
		{F6B05E09-7DBD-3016-85DF-734AFE6AC419} = {F6B05E09-7DBD-3016-85DF-734AFE6AC419}
		{39DE89E2-4031-3EB2-8C80-C9036010EC67} = {39DE89E2-4031-3EB2-8C80-C9036010EC67}
		{71126210-DA87-3F1C-A709-E0891425CF24} = {71126210-DA87-3F1C-A709-E0891425CF24}
		{1AF5CA72-E379-3ACD-BABF-A3EC6D24D04B} = {1AF5CA72-E379-3ACD-BABF-A3EC6D24D04B}
		{680D35D3-63A6-3123-96F5-80215083E177} = {680D35D3-63A6-3123-96F5-80215083E177}
	EndProjectSection
EndProject
Project("{8BC9CEB8-8B4A-11D0-8D11-00A0C91BC942}") = "PACKAGE", "PACKAGE.vcxproj", "{F705A361-8AD6-3E2A-85AB-3498A74A3CFE}"
	ProjectSection(ProjectDependencies) = postProject
		{2BC910F9-9CB5-3870-9A13-30FE91724D2D} = {2BC910F9-9CB5-3870-9A13-30FE91724D2D}
		{680D35D3-63A6-3123-96F5-80215083E177} = {680D35D3-63A6-3123-96F5-80215083E177}
	EndProjectSection
EndProject
Project("{8BC9CEB8-8B4A-11D0-8D11-00A0C91BC942}") = "Util", "Util\Util.vcxproj", "{71126210-DA87-3F1C-A709-E0891425CF24}"
	ProjectSection(ProjectDependencies) = postProject
		{F9F8A78C-4601-3827-A03F-98084CFC52EC} = {F9F8A78C-4601-3827-A03F-98084CFC52EC}
		{F6B05E09-7DBD-3016-85DF-734AFE6AC419} = {F6B05E09-7DBD-3016-85DF-734AFE6AC419}
		{1AF5CA72-E379-3ACD-BABF-A3EC6D24D04B} = {1AF5CA72-E379-3ACD-BABF-A3EC6D24D04B}
		{680D35D3-63A6-3123-96F5-80215083E177} = {680D35D3-63A6-3123-96F5-80215083E177}
	EndProjectSection
EndProject
Project("{8BC9CEB8-8B4A-11D0-8D11-00A0C91BC942}") = "XML", "XML\XML.vcxproj", "{1AF5CA72-E379-3ACD-BABF-A3EC6D24D04B}"
	ProjectSection(ProjectDependencies) = postProject
		{F9F8A78C-4601-3827-A03F-98084CFC52EC} = {F9F8A78C-4601-3827-A03F-98084CFC52EC}
		{680D35D3-63A6-3123-96F5-80215083E177} = {680D35D3-63A6-3123-96F5-80215083E177}
	EndProjectSection
EndProject
Project("{8BC9CEB8-8B4A-11D0-8D11-00A0C91BC942}") = "ZERO_CHECK", "ZERO_CHECK.vcxproj", "{680D35D3-63A6-3123-96F5-80215083E177}"
	ProjectSection(ProjectDependencies) = postProject
	EndProjectSection
EndProject
Project("{8BC9CEB8-8B4A-11D0-8D11-00A0C91BC942}") = "uninstall", "uninstall.vcxproj", "{EE56B080-7CEF-30C2-B03E-35E8E531BE3C}"
	ProjectSection(ProjectDependencies) = postProject
		{680D35D3-63A6-3123-96F5-80215083E177} = {680D35D3-63A6-3123-96F5-80215083E177}
	EndProjectSection
EndProject
Global
	GlobalSection(SolutionConfigurationPlatforms) = preSolution
		Debug|Win32 = Debug|Win32
		Release|Win32 = Release|Win32
		MinSizeRel|Win32 = MinSizeRel|Win32
		RelWithDebInfo|Win32 = RelWithDebInfo|Win32
	EndGlobalSection
	GlobalSection(ProjectConfigurationPlatforms) = postSolution
		{2BC910F9-9CB5-3870-9A13-30FE91724D2D}.Debug|Win32.ActiveCfg = Debug|Win32
		{2BC910F9-9CB5-3870-9A13-30FE91724D2D}.Debug|Win32.Build.0 = Debug|Win32
		{2BC910F9-9CB5-3870-9A13-30FE91724D2D}.Release|Win32.ActiveCfg = Release|Win32
		{2BC910F9-9CB5-3870-9A13-30FE91724D2D}.Release|Win32.Build.0 = Release|Win32
		{2BC910F9-9CB5-3870-9A13-30FE91724D2D}.MinSizeRel|Win32.ActiveCfg = MinSizeRel|Win32
		{2BC910F9-9CB5-3870-9A13-30FE91724D2D}.MinSizeRel|Win32.Build.0 = MinSizeRel|Win32
		{2BC910F9-9CB5-3870-9A13-30FE91724D2D}.RelWithDebInfo|Win32.ActiveCfg = RelWithDebInfo|Win32
		{2BC910F9-9CB5-3870-9A13-30FE91724D2D}.RelWithDebInfo|Win32.Build.0 = RelWithDebInfo|Win32
		{0A86F138-AAC5-3CC2-8DAC-22E432170DAE}.Debug|Win32.ActiveCfg = Debug|Win32
		{0A86F138-AAC5-3CC2-8DAC-22E432170DAE}.Debug|Win32.Build.0 = Debug|Win32
		{0A86F138-AAC5-3CC2-8DAC-22E432170DAE}.Release|Win32.ActiveCfg = Release|Win32
		{0A86F138-AAC5-3CC2-8DAC-22E432170DAE}.Release|Win32.Build.0 = Release|Win32
		{0A86F138-AAC5-3CC2-8DAC-22E432170DAE}.MinSizeRel|Win32.ActiveCfg = MinSizeRel|Win32
		{0A86F138-AAC5-3CC2-8DAC-22E432170DAE}.MinSizeRel|Win32.Build.0 = MinSizeRel|Win32
		{0A86F138-AAC5-3CC2-8DAC-22E432170DAE}.RelWithDebInfo|Win32.ActiveCfg = RelWithDebInfo|Win32
		{0A86F138-AAC5-3CC2-8DAC-22E432170DAE}.RelWithDebInfo|Win32.Build.0 = RelWithDebInfo|Win32
		{1CB71509-740D-30FE-8A52-C0E081638F9D}.Debug|Win32.ActiveCfg = Debug|Win32
		{1CB71509-740D-30FE-8A52-C0E081638F9D}.Debug|Win32.Build.0 = Debug|Win32
		{1CB71509-740D-30FE-8A52-C0E081638F9D}.Release|Win32.ActiveCfg = Release|Win32
		{1CB71509-740D-30FE-8A52-C0E081638F9D}.Release|Win32.Build.0 = Release|Win32
		{1CB71509-740D-30FE-8A52-C0E081638F9D}.MinSizeRel|Win32.ActiveCfg = MinSizeRel|Win32
		{1CB71509-740D-30FE-8A52-C0E081638F9D}.MinSizeRel|Win32.Build.0 = MinSizeRel|Win32
		{1CB71509-740D-30FE-8A52-C0E081638F9D}.RelWithDebInfo|Win32.ActiveCfg = RelWithDebInfo|Win32
		{1CB71509-740D-30FE-8A52-C0E081638F9D}.RelWithDebInfo|Win32.Build.0 = RelWithDebInfo|Win32
		{BDAEC1DF-17B5-3169-BA29-88B0F77379C8}.Debug|Win32.ActiveCfg = Debug|Win32
		{BDAEC1DF-17B5-3169-BA29-88B0F77379C8}.Debug|Win32.Build.0 = Debug|Win32
		{BDAEC1DF-17B5-3169-BA29-88B0F77379C8}.Release|Win32.ActiveCfg = Release|Win32
		{BDAEC1DF-17B5-3169-BA29-88B0F77379C8}.Release|Win32.Build.0 = Release|Win32
		{BDAEC1DF-17B5-3169-BA29-88B0F77379C8}.MinSizeRel|Win32.ActiveCfg = MinSizeRel|Win32
		{BDAEC1DF-17B5-3169-BA29-88B0F77379C8}.MinSizeRel|Win32.Build.0 = MinSizeRel|Win32
		{BDAEC1DF-17B5-3169-BA29-88B0F77379C8}.RelWithDebInfo|Win32.ActiveCfg = RelWithDebInfo|Win32
		{BDAEC1DF-17B5-3169-BA29-88B0F77379C8}.RelWithDebInfo|Win32.Build.0 = RelWithDebInfo|Win32
		{F9F8A78C-4601-3827-A03F-98084CFC52EC}.Debug|Win32.ActiveCfg = Debug|Win32
		{F9F8A78C-4601-3827-A03F-98084CFC52EC}.Debug|Win32.Build.0 = Debug|Win32
		{F9F8A78C-4601-3827-A03F-98084CFC52EC}.Release|Win32.ActiveCfg = Release|Win32
		{F9F8A78C-4601-3827-A03F-98084CFC52EC}.Release|Win32.Build.0 = Release|Win32
		{F9F8A78C-4601-3827-A03F-98084CFC52EC}.MinSizeRel|Win32.ActiveCfg = MinSizeRel|Win32
		{F9F8A78C-4601-3827-A03F-98084CFC52EC}.MinSizeRel|Win32.Build.0 = MinSizeRel|Win32
		{F9F8A78C-4601-3827-A03F-98084CFC52EC}.RelWithDebInfo|Win32.ActiveCfg = RelWithDebInfo|Win32
		{F9F8A78C-4601-3827-A03F-98084CFC52EC}.RelWithDebInfo|Win32.Build.0 = RelWithDebInfo|Win32
		{CDEE9EF3-B5F2-32D9-BD20-49A952D48EBB}.Debug|Win32.ActiveCfg = Debug|Win32
		{CDEE9EF3-B5F2-32D9-BD20-49A952D48EBB}.Release|Win32.ActiveCfg = Release|Win32
		{CDEE9EF3-B5F2-32D9-BD20-49A952D48EBB}.MinSizeRel|Win32.ActiveCfg = MinSizeRel|Win32
		{CDEE9EF3-B5F2-32D9-BD20-49A952D48EBB}.RelWithDebInfo|Win32.ActiveCfg = RelWithDebInfo|Win32
		{F6B05E09-7DBD-3016-85DF-734AFE6AC419}.Debug|Win32.ActiveCfg = Debug|Win32
		{F6B05E09-7DBD-3016-85DF-734AFE6AC419}.Debug|Win32.Build.0 = Debug|Win32
		{F6B05E09-7DBD-3016-85DF-734AFE6AC419}.Release|Win32.ActiveCfg = Release|Win32
		{F6B05E09-7DBD-3016-85DF-734AFE6AC419}.Release|Win32.Build.0 = Release|Win32
		{F6B05E09-7DBD-3016-85DF-734AFE6AC419}.MinSizeRel|Win32.ActiveCfg = MinSizeRel|Win32
		{F6B05E09-7DBD-3016-85DF-734AFE6AC419}.MinSizeRel|Win32.Build.0 = MinSizeRel|Win32
		{F6B05E09-7DBD-3016-85DF-734AFE6AC419}.RelWithDebInfo|Win32.ActiveCfg = RelWithDebInfo|Win32
		{F6B05E09-7DBD-3016-85DF-734AFE6AC419}.RelWithDebInfo|Win32.Build.0 = RelWithDebInfo|Win32
		{39DE89E2-4031-3EB2-8C80-C9036010EC67}.Debug|Win32.ActiveCfg = Debug|Win32
		{39DE89E2-4031-3EB2-8C80-C9036010EC67}.Debug|Win32.Build.0 = Debug|Win32
		{39DE89E2-4031-3EB2-8C80-C9036010EC67}.Release|Win32.ActiveCfg = Release|Win32
		{39DE89E2-4031-3EB2-8C80-C9036010EC67}.Release|Win32.Build.0 = Release|Win32
		{39DE89E2-4031-3EB2-8C80-C9036010EC67}.MinSizeRel|Win32.ActiveCfg = MinSizeRel|Win32
		{39DE89E2-4031-3EB2-8C80-C9036010EC67}.MinSizeRel|Win32.Build.0 = MinSizeRel|Win32
		{39DE89E2-4031-3EB2-8C80-C9036010EC67}.RelWithDebInfo|Win32.ActiveCfg = RelWithDebInfo|Win32
		{39DE89E2-4031-3EB2-8C80-C9036010EC67}.RelWithDebInfo|Win32.Build.0 = RelWithDebInfo|Win32
		{4A177391-CCC5-31B1-91BE-ECCC40B60AEB}.Debug|Win32.ActiveCfg = Debug|Win32
		{4A177391-CCC5-31B1-91BE-ECCC40B60AEB}.Debug|Win32.Build.0 = Debug|Win32
		{4A177391-CCC5-31B1-91BE-ECCC40B60AEB}.Release|Win32.ActiveCfg = Release|Win32
		{4A177391-CCC5-31B1-91BE-ECCC40B60AEB}.Release|Win32.Build.0 = Release|Win32
		{4A177391-CCC5-31B1-91BE-ECCC40B60AEB}.MinSizeRel|Win32.ActiveCfg = MinSizeRel|Win32
		{4A177391-CCC5-31B1-91BE-ECCC40B60AEB}.MinSizeRel|Win32.Build.0 = MinSizeRel|Win32
		{4A177391-CCC5-31B1-91BE-ECCC40B60AEB}.RelWithDebInfo|Win32.ActiveCfg = RelWithDebInfo|Win32
		{4A177391-CCC5-31B1-91BE-ECCC40B60AEB}.RelWithDebInfo|Win32.Build.0 = RelWithDebInfo|Win32
		{A3EFF9CF-4281-3576-8F58-A3392ADC6901}.Debug|Win32.ActiveCfg = Debug|Win32
		{A3EFF9CF-4281-3576-8F58-A3392ADC6901}.Debug|Win32.Build.0 = Debug|Win32
		{A3EFF9CF-4281-3576-8F58-A3392ADC6901}.Release|Win32.ActiveCfg = Release|Win32
		{A3EFF9CF-4281-3576-8F58-A3392ADC6901}.Release|Win32.Build.0 = Release|Win32
		{A3EFF9CF-4281-3576-8F58-A3392ADC6901}.MinSizeRel|Win32.ActiveCfg = MinSizeRel|Win32
		{A3EFF9CF-4281-3576-8F58-A3392ADC6901}.MinSizeRel|Win32.Build.0 = MinSizeRel|Win32
		{A3EFF9CF-4281-3576-8F58-A3392ADC6901}.RelWithDebInfo|Win32.ActiveCfg = RelWithDebInfo|Win32
		{A3EFF9CF-4281-3576-8F58-A3392ADC6901}.RelWithDebInfo|Win32.Build.0 = RelWithDebInfo|Win32
		{F705A361-8AD6-3E2A-85AB-3498A74A3CFE}.Debug|Win32.ActiveCfg = Debug|Win32
		{F705A361-8AD6-3E2A-85AB-3498A74A3CFE}.Release|Win32.ActiveCfg = Release|Win32
		{F705A361-8AD6-3E2A-85AB-3498A74A3CFE}.MinSizeRel|Win32.ActiveCfg = MinSizeRel|Win32
		{F705A361-8AD6-3E2A-85AB-3498A74A3CFE}.RelWithDebInfo|Win32.ActiveCfg = RelWithDebInfo|Win32
		{71126210-DA87-3F1C-A709-E0891425CF24}.Debug|Win32.ActiveCfg = Debug|Win32
		{71126210-DA87-3F1C-A709-E0891425CF24}.Debug|Win32.Build.0 = Debug|Win32
		{71126210-DA87-3F1C-A709-E0891425CF24}.Release|Win32.ActiveCfg = Release|Win32
		{71126210-DA87-3F1C-A709-E0891425CF24}.Release|Win32.Build.0 = Release|Win32
		{71126210-DA87-3F1C-A709-E0891425CF24}.MinSizeRel|Win32.ActiveCfg = MinSizeRel|Win32
		{71126210-DA87-3F1C-A709-E0891425CF24}.MinSizeRel|Win32.Build.0 = MinSizeRel|Win32
		{71126210-DA87-3F1C-A709-E0891425CF24}.RelWithDebInfo|Win32.ActiveCfg = RelWithDebInfo|Win32
		{71126210-DA87-3F1C-A709-E0891425CF24}.RelWithDebInfo|Win32.Build.0 = RelWithDebInfo|Win32
		{1AF5CA72-E379-3ACD-BABF-A3EC6D24D04B}.Debug|Win32.ActiveCfg = Debug|Win32
		{1AF5CA72-E379-3ACD-BABF-A3EC6D24D04B}.Debug|Win32.Build.0 = Debug|Win32
		{1AF5CA72-E379-3ACD-BABF-A3EC6D24D04B}.Release|Win32.ActiveCfg = Release|Win32
		{1AF5CA72-E379-3ACD-BABF-A3EC6D24D04B}.Release|Win32.Build.0 = Release|Win32
		{1AF5CA72-E379-3ACD-BABF-A3EC6D24D04B}.MinSizeRel|Win32.ActiveCfg = MinSizeRel|Win32
		{1AF5CA72-E379-3ACD-BABF-A3EC6D24D04B}.MinSizeRel|Win32.Build.0 = MinSizeRel|Win32
		{1AF5CA72-E379-3ACD-BABF-A3EC6D24D04B}.RelWithDebInfo|Win32.ActiveCfg = RelWithDebInfo|Win32
		{1AF5CA72-E379-3ACD-BABF-A3EC6D24D04B}.RelWithDebInfo|Win32.Build.0 = RelWithDebInfo|Win32
		{680D35D3-63A6-3123-96F5-80215083E177}.Debug|Win32.ActiveCfg = Debug|Win32
		{680D35D3-63A6-3123-96F5-80215083E177}.Debug|Win32.Build.0 = Debug|Win32
		{680D35D3-63A6-3123-96F5-80215083E177}.Release|Win32.ActiveCfg = Release|Win32
		{680D35D3-63A6-3123-96F5-80215083E177}.Release|Win32.Build.0 = Release|Win32
		{680D35D3-63A6-3123-96F5-80215083E177}.MinSizeRel|Win32.ActiveCfg = MinSizeRel|Win32
		{680D35D3-63A6-3123-96F5-80215083E177}.MinSizeRel|Win32.Build.0 = MinSizeRel|Win32
		{680D35D3-63A6-3123-96F5-80215083E177}.RelWithDebInfo|Win32.ActiveCfg = RelWithDebInfo|Win32
		{680D35D3-63A6-3123-96F5-80215083E177}.RelWithDebInfo|Win32.Build.0 = RelWithDebInfo|Win32
		{EE56B080-7CEF-30C2-B03E-35E8E531BE3C}.Debug|Win32.ActiveCfg = Debug|Win32
		{EE56B080-7CEF-30C2-B03E-35E8E531BE3C}.Release|Win32.ActiveCfg = Release|Win32
		{EE56B080-7CEF-30C2-B03E-35E8E531BE3C}.MinSizeRel|Win32.ActiveCfg = MinSizeRel|Win32
		{EE56B080-7CEF-30C2-B03E-35E8E531BE3C}.RelWithDebInfo|Win32.ActiveCfg = RelWithDebInfo|Win32
	EndGlobalSection
	GlobalSection(ExtensibilityGlobals) = postSolution
		SolutionGuid = {6589BEEA-B8C4-3984-B80B-71AF221B7B93}
	EndGlobalSection
	GlobalSection(ExtensibilityAddIns) = postSolution
	EndGlobalSection
EndGlobal
