Microsoft Visual Studio Solution File, Format Version 12.00
# Visual Studio 14
Project("{8BC9CEB8-8B4A-11D0-8D11-00A0C91BC942}") = "ALL_BUILD", "ALL_BUILD.vcxproj", "{E3717A7E-B2C2-312B-BE43-F639FC6B2157}"
	ProjectSection(ProjectDependencies) = postProject
		{27D603C7-137A-3CC3-828F-AE51B888399D} = {27D603C7-137A-3CC3-828F-AE51B888399D}
		{BF7940A0-4B50-30A1-A2A1-0CE130E3F7BA} = {BF7940A0-4B50-30A1-A2A1-0CE130E3F7BA}
		{768AA424-E747-3E98-9205-9328BA90CE4D} = {768AA424-E747-3E98-9205-9328BA90CE4D}
		{C0430421-8F58-382C-A7B4-3C8FF1696B70} = {C0430421-8F58-382C-A7B4-3C8FF1696B70}
		{3E24561B-744A-314E-A3B5-BA6EBD3BC51A} = {3E24561B-744A-314E-A3B5-BA6EBD3BC51A}
		{B5C1BEEB-C403-338B-92D3-8992E2BEA266} = {B5C1BEEB-C403-338B-92D3-8992E2BEA266}
		{C00EB7B1-1C1D-3B7C-B0CD-26E98D93A023} = {C00EB7B1-1C1D-3B7C-B0CD-26E98D93A023}
	EndProjectSection
EndProject
Project("{8BC9CEB8-8B4A-11D0-8D11-00A0C91BC942}") = "Crypto", "Crypto\Crypto.vcxproj", "{27D603C7-137A-3CC3-828F-AE51B888399D}"
	ProjectSection(ProjectDependencies) = postProject
		{768AA424-E747-3E98-9205-9328BA90CE4D} = {768AA424-E747-3E98-9205-9328BA90CE4D}
		{C00EB7B1-1C1D-3B7C-B0CD-26E98D93A023} = {C00EB7B1-1C1D-3B7C-B0CD-26E98D93A023}
	EndProjectSection
EndProject
Project("{8BC9CEB8-8B4A-11D0-8D11-00A0C91BC942}") = "Data", "Data\Data.vcxproj", "{BF7940A0-4B50-30A1-A2A1-0CE130E3F7BA}"
	ProjectSection(ProjectDependencies) = postProject
		{768AA424-E747-3E98-9205-9328BA90CE4D} = {768AA424-E747-3E98-9205-9328BA90CE4D}
		{C00EB7B1-1C1D-3B7C-B0CD-26E98D93A023} = {C00EB7B1-1C1D-3B7C-B0CD-26E98D93A023}
	EndProjectSection
EndProject
Project("{8BC9CEB8-8B4A-11D0-8D11-00A0C91BC942}") = "Foundation", "Foundation\Foundation.vcxproj", "{768AA424-E747-3E98-9205-9328BA90CE4D}"
	ProjectSection(ProjectDependencies) = postProject
		{C00EB7B1-1C1D-3B7C-B0CD-26E98D93A023} = {C00EB7B1-1C1D-3B7C-B0CD-26E98D93A023}
	EndProjectSection
EndProject
Project("{8BC9CEB8-8B4A-11D0-8D11-00A0C91BC942}") = "INSTALL", "INSTALL.vcxproj", "{8C1FDD3A-A255-3A4F-B1E4-FFAF830536BA}"
	ProjectSection(ProjectDependencies) = postProject
		{E3717A7E-B2C2-312B-BE43-F639FC6B2157} = {E3717A7E-B2C2-312B-BE43-F639FC6B2157}
		{C00EB7B1-1C1D-3B7C-B0CD-26E98D93A023} = {C00EB7B1-1C1D-3B7C-B0CD-26E98D93A023}
	EndProjectSection
EndProject
Project("{8BC9CEB8-8B4A-11D0-8D11-00A0C91BC942}") = "Net", "Net\Net.vcxproj", "{C0430421-8F58-382C-A7B4-3C8FF1696B70}"
	ProjectSection(ProjectDependencies) = postProject
		{768AA424-E747-3E98-9205-9328BA90CE4D} = {768AA424-E747-3E98-9205-9328BA90CE4D}
		{C00EB7B1-1C1D-3B7C-B0CD-26E98D93A023} = {C00EB7B1-1C1D-3B7C-B0CD-26E98D93A023}
	EndProjectSection
EndProject
Project("{8BC9CEB8-8B4A-11D0-8D11-00A0C91BC942}") = "NetSSL", "NetSSL_OpenSSL\NetSSL.vcxproj", "{3E24561B-744A-314E-A3B5-BA6EBD3BC51A}"
	ProjectSection(ProjectDependencies) = postProject
		{27D603C7-137A-3CC3-828F-AE51B888399D} = {27D603C7-137A-3CC3-828F-AE51B888399D}
		{768AA424-E747-3E98-9205-9328BA90CE4D} = {768AA424-E747-3E98-9205-9328BA90CE4D}
		{C0430421-8F58-382C-A7B4-3C8FF1696B70} = {C0430421-8F58-382C-A7B4-3C8FF1696B70}
		{B5C1BEEB-C403-338B-92D3-8992E2BEA266} = {B5C1BEEB-C403-338B-92D3-8992E2BEA266}
		{C00EB7B1-1C1D-3B7C-B0CD-26E98D93A023} = {C00EB7B1-1C1D-3B7C-B0CD-26E98D93A023}
	EndProjectSection
EndProject
Project("{8BC9CEB8-8B4A-11D0-8D11-00A0C91BC942}") = "PACKAGE", "PACKAGE.vcxproj", "{5244CB23-E0E1-3117-85B7-0E8521CB71E9}"
	ProjectSection(ProjectDependencies) = postProject
		{E3717A7E-B2C2-312B-BE43-F639FC6B2157} = {E3717A7E-B2C2-312B-BE43-F639FC6B2157}
		{C00EB7B1-1C1D-3B7C-B0CD-26E98D93A023} = {C00EB7B1-1C1D-3B7C-B0CD-26E98D93A023}
	EndProjectSection
EndProject
Project("{8BC9CEB8-8B4A-11D0-8D11-00A0C91BC942}") = "Util", "Util\Util.vcxproj", "{B5C1BEEB-C403-338B-92D3-8992E2BEA266}"
	ProjectSection(ProjectDependencies) = postProject
		{768AA424-E747-3E98-9205-9328BA90CE4D} = {768AA424-E747-3E98-9205-9328BA90CE4D}
		{C00EB7B1-1C1D-3B7C-B0CD-26E98D93A023} = {C00EB7B1-1C1D-3B7C-B0CD-26E98D93A023}
	EndProjectSection
EndProject
Project("{8BC9CEB8-8B4A-11D0-8D11-00A0C91BC942}") = "ZERO_CHECK", "ZERO_CHECK.vcxproj", "{C00EB7B1-1C1D-3B7C-B0CD-26E98D93A023}"
	ProjectSection(ProjectDependencies) = postProject
	EndProjectSection
EndProject
Project("{8BC9CEB8-8B4A-11D0-8D11-00A0C91BC942}") = "uninstall", "uninstall.vcxproj", "{CE2DC1FD-361B-3351-A110-1A97A23554C7}"
	ProjectSection(ProjectDependencies) = postProject
		{C00EB7B1-1C1D-3B7C-B0CD-26E98D93A023} = {C00EB7B1-1C1D-3B7C-B0CD-26E98D93A023}
	EndProjectSection
EndProject
Global
	GlobalSection(SolutionConfigurationPlatforms) = preSolution
		Debug|Win32 = Debug|Win32
		Release|Win32 = Release|Win32
		MinSizeRel|Win32 = MinSizeRel|Win32
		RelWithDebInfo|Win32 = RelWithDebInfo|Win32
	EndGlobalSection
	GlobalSection(ProjectConfigurationPlatforms) = postSolution
		{E3717A7E-B2C2-312B-BE43-F639FC6B2157}.Debug|Win32.ActiveCfg = Debug|Win32
		{E3717A7E-B2C2-312B-BE43-F639FC6B2157}.Debug|Win32.Build.0 = Debug|Win32
		{E3717A7E-B2C2-312B-BE43-F639FC6B2157}.Release|Win32.ActiveCfg = Release|Win32
		{E3717A7E-B2C2-312B-BE43-F639FC6B2157}.Release|Win32.Build.0 = Release|Win32
		{E3717A7E-B2C2-312B-BE43-F639FC6B2157}.MinSizeRel|Win32.ActiveCfg = MinSizeRel|Win32
		{E3717A7E-B2C2-312B-BE43-F639FC6B2157}.MinSizeRel|Win32.Build.0 = MinSizeRel|Win32
		{E3717A7E-B2C2-312B-BE43-F639FC6B2157}.RelWithDebInfo|Win32.ActiveCfg = RelWithDebInfo|Win32
		{E3717A7E-B2C2-312B-BE43-F639FC6B2157}.RelWithDebInfo|Win32.Build.0 = RelWithDebInfo|Win32
		{27D603C7-137A-3CC3-828F-AE51B888399D}.Debug|Win32.ActiveCfg = Debug|Win32
		{27D603C7-137A-3CC3-828F-AE51B888399D}.Debug|Win32.Build.0 = Debug|Win32
		{27D603C7-137A-3CC3-828F-AE51B888399D}.Release|Win32.ActiveCfg = Release|Win32
		{27D603C7-137A-3CC3-828F-AE51B888399D}.Release|Win32.Build.0 = Release|Win32
		{27D603C7-137A-3CC3-828F-AE51B888399D}.MinSizeRel|Win32.ActiveCfg = MinSizeRel|Win32
		{27D603C7-137A-3CC3-828F-AE51B888399D}.MinSizeRel|Win32.Build.0 = MinSizeRel|Win32
		{27D603C7-137A-3CC3-828F-AE51B888399D}.RelWithDebInfo|Win32.ActiveCfg = RelWithDebInfo|Win32
		{27D603C7-137A-3CC3-828F-AE51B888399D}.RelWithDebInfo|Win32.Build.0 = RelWithDebInfo|Win32
		{BF7940A0-4B50-30A1-A2A1-0CE130E3F7BA}.Debug|Win32.ActiveCfg = Debug|Win32
		{BF7940A0-4B50-30A1-A2A1-0CE130E3F7BA}.Debug|Win32.Build.0 = Debug|Win32
		{BF7940A0-4B50-30A1-A2A1-0CE130E3F7BA}.Release|Win32.ActiveCfg = Release|Win32
		{BF7940A0-4B50-30A1-A2A1-0CE130E3F7BA}.Release|Win32.Build.0 = Release|Win32
		{BF7940A0-4B50-30A1-A2A1-0CE130E3F7BA}.MinSizeRel|Win32.ActiveCfg = MinSizeRel|Win32
		{BF7940A0-4B50-30A1-A2A1-0CE130E3F7BA}.MinSizeRel|Win32.Build.0 = MinSizeRel|Win32
		{BF7940A0-4B50-30A1-A2A1-0CE130E3F7BA}.RelWithDebInfo|Win32.ActiveCfg = RelWithDebInfo|Win32
		{BF7940A0-4B50-30A1-A2A1-0CE130E3F7BA}.RelWithDebInfo|Win32.Build.0 = RelWithDebInfo|Win32
		{768AA424-E747-3E98-9205-9328BA90CE4D}.Debug|Win32.ActiveCfg = Debug|Win32
		{768AA424-E747-3E98-9205-9328BA90CE4D}.Debug|Win32.Build.0 = Debug|Win32
		{768AA424-E747-3E98-9205-9328BA90CE4D}.Release|Win32.ActiveCfg = Release|Win32
		{768AA424-E747-3E98-9205-9328BA90CE4D}.Release|Win32.Build.0 = Release|Win32
		{768AA424-E747-3E98-9205-9328BA90CE4D}.MinSizeRel|Win32.ActiveCfg = MinSizeRel|Win32
		{768AA424-E747-3E98-9205-9328BA90CE4D}.MinSizeRel|Win32.Build.0 = MinSizeRel|Win32
		{768AA424-E747-3E98-9205-9328BA90CE4D}.RelWithDebInfo|Win32.ActiveCfg = RelWithDebInfo|Win32
		{768AA424-E747-3E98-9205-9328BA90CE4D}.RelWithDebInfo|Win32.Build.0 = RelWithDebInfo|Win32
		{8C1FDD3A-A255-3A4F-B1E4-FFAF830536BA}.Debug|Win32.ActiveCfg = Debug|Win32
		{8C1FDD3A-A255-3A4F-B1E4-FFAF830536BA}.Release|Win32.ActiveCfg = Release|Win32
		{8C1FDD3A-A255-3A4F-B1E4-FFAF830536BA}.MinSizeRel|Win32.ActiveCfg = MinSizeRel|Win32
		{8C1FDD3A-A255-3A4F-B1E4-FFAF830536BA}.RelWithDebInfo|Win32.ActiveCfg = RelWithDebInfo|Win32
		{C0430421-8F58-382C-A7B4-3C8FF1696B70}.Debug|Win32.ActiveCfg = Debug|Win32
		{C0430421-8F58-382C-A7B4-3C8FF1696B70}.Debug|Win32.Build.0 = Debug|Win32
		{C0430421-8F58-382C-A7B4-3C8FF1696B70}.Release|Win32.ActiveCfg = Release|Win32
		{C0430421-8F58-382C-A7B4-3C8FF1696B70}.Release|Win32.Build.0 = Release|Win32
		{C0430421-8F58-382C-A7B4-3C8FF1696B70}.MinSizeRel|Win32.ActiveCfg = MinSizeRel|Win32
		{C0430421-8F58-382C-A7B4-3C8FF1696B70}.MinSizeRel|Win32.Build.0 = MinSizeRel|Win32
		{C0430421-8F58-382C-A7B4-3C8FF1696B70}.RelWithDebInfo|Win32.ActiveCfg = RelWithDebInfo|Win32
		{C0430421-8F58-382C-A7B4-3C8FF1696B70}.RelWithDebInfo|Win32.Build.0 = RelWithDebInfo|Win32
		{3E24561B-744A-314E-A3B5-BA6EBD3BC51A}.Debug|Win32.ActiveCfg = Debug|Win32
		{3E24561B-744A-314E-A3B5-BA6EBD3BC51A}.Debug|Win32.Build.0 = Debug|Win32
		{3E24561B-744A-314E-A3B5-BA6EBD3BC51A}.Release|Win32.ActiveCfg = Release|Win32
		{3E24561B-744A-314E-A3B5-BA6EBD3BC51A}.Release|Win32.Build.0 = Release|Win32
		{3E24561B-744A-314E-A3B5-BA6EBD3BC51A}.MinSizeRel|Win32.ActiveCfg = MinSizeRel|Win32
		{3E24561B-744A-314E-A3B5-BA6EBD3BC51A}.MinSizeRel|Win32.Build.0 = MinSizeRel|Win32
		{3E24561B-744A-314E-A3B5-BA6EBD3BC51A}.RelWithDebInfo|Win32.ActiveCfg = RelWithDebInfo|Win32
		{3E24561B-744A-314E-A3B5-BA6EBD3BC51A}.RelWithDebInfo|Win32.Build.0 = RelWithDebInfo|Win32
		{5244CB23-E0E1-3117-85B7-0E8521CB71E9}.Debug|Win32.ActiveCfg = Debug|Win32
		{5244CB23-E0E1-3117-85B7-0E8521CB71E9}.Release|Win32.ActiveCfg = Release|Win32
		{5244CB23-E0E1-3117-85B7-0E8521CB71E9}.MinSizeRel|Win32.ActiveCfg = MinSizeRel|Win32
		{5244CB23-E0E1-3117-85B7-0E8521CB71E9}.RelWithDebInfo|Win32.ActiveCfg = RelWithDebInfo|Win32
		{B5C1BEEB-C403-338B-92D3-8992E2BEA266}.Debug|Win32.ActiveCfg = Debug|Win32
		{B5C1BEEB-C403-338B-92D3-8992E2BEA266}.Debug|Win32.Build.0 = Debug|Win32
		{B5C1BEEB-C403-338B-92D3-8992E2BEA266}.Release|Win32.ActiveCfg = Release|Win32
		{B5C1BEEB-C403-338B-92D3-8992E2BEA266}.Release|Win32.Build.0 = Release|Win32
		{B5C1BEEB-C403-338B-92D3-8992E2BEA266}.MinSizeRel|Win32.ActiveCfg = MinSizeRel|Win32
		{B5C1BEEB-C403-338B-92D3-8992E2BEA266}.MinSizeRel|Win32.Build.0 = MinSizeRel|Win32
		{B5C1BEEB-C403-338B-92D3-8992E2BEA266}.RelWithDebInfo|Win32.ActiveCfg = RelWithDebInfo|Win32
		{B5C1BEEB-C403-338B-92D3-8992E2BEA266}.RelWithDebInfo|Win32.Build.0 = RelWithDebInfo|Win32
		{C00EB7B1-1C1D-3B7C-B0CD-26E98D93A023}.Debug|Win32.ActiveCfg = Debug|Win32
		{C00EB7B1-1C1D-3B7C-B0CD-26E98D93A023}.Debug|Win32.Build.0 = Debug|Win32
		{C00EB7B1-1C1D-3B7C-B0CD-26E98D93A023}.Release|Win32.ActiveCfg = Release|Win32
		{C00EB7B1-1C1D-3B7C-B0CD-26E98D93A023}.Release|Win32.Build.0 = Release|Win32
		{C00EB7B1-1C1D-3B7C-B0CD-26E98D93A023}.MinSizeRel|Win32.ActiveCfg = MinSizeRel|Win32
		{C00EB7B1-1C1D-3B7C-B0CD-26E98D93A023}.MinSizeRel|Win32.Build.0 = MinSizeRel|Win32
		{C00EB7B1-1C1D-3B7C-B0CD-26E98D93A023}.RelWithDebInfo|Win32.ActiveCfg = RelWithDebInfo|Win32
		{C00EB7B1-1C1D-3B7C-B0CD-26E98D93A023}.RelWithDebInfo|Win32.Build.0 = RelWithDebInfo|Win32
		{CE2DC1FD-361B-3351-A110-1A97A23554C7}.Debug|Win32.ActiveCfg = Debug|Win32
		{CE2DC1FD-361B-3351-A110-1A97A23554C7}.Release|Win32.ActiveCfg = Release|Win32
		{CE2DC1FD-361B-3351-A110-1A97A23554C7}.MinSizeRel|Win32.ActiveCfg = MinSizeRel|Win32
		{CE2DC1FD-361B-3351-A110-1A97A23554C7}.RelWithDebInfo|Win32.ActiveCfg = RelWithDebInfo|Win32
	EndGlobalSection
	GlobalSection(ExtensibilityGlobals) = postSolution
		SolutionGuid = {34633397-275A-3569-9ECC-4D26626A05AC}
	EndGlobalSection
	GlobalSection(ExtensibilityAddIns) = postSolution
	EndGlobalSection
EndGlobal
