<?xml version="1.0" encoding="utf-8"?>
<Project ToolsVersion="16.0" xmlns="http://schemas.microsoft.com/developer/msbuild/2003">
  <ItemGroup>
    <ClCompile Include="G:\NNNNET\poco_1.7.9\poco\Zip\src\Add.cpp">
      <Filter>Manipulation\Source Files</Filter>
    </ClCompile>
    <ClCompile Include="G:\NNNNET\poco_1.7.9\poco\Zip\src\AutoDetectStream.cpp">
      <Filter>Zip\Source Files</Filter>
    </ClCompile>
    <ClCompile Include="G:\NNNNET\poco_1.7.9\poco\Zip\src\Compress.cpp">
      <Filter>Zip\Source Files</Filter>
    </ClCompile>
    <ClCompile Include="G:\NNNNET\poco_1.7.9\poco\Zip\src\Decompress.cpp">
      <Filter>Zip\Source Files</Filter>
    </ClCompile>
    <ClCompile Include="G:\NNNNET\poco_1.7.9\poco\Zip\src\Delete.cpp">
      <Filter>Manipulation\Source Files</Filter>
    </ClCompile>
    <ClCompile Include="G:\NNNNET\poco_1.7.9\poco\Zip\src\Keep.cpp">
      <Filter>Manipulation\Source Files</Filter>
    </ClCompile>
    <ClCompile Include="G:\NNNNET\poco_1.7.9\poco\Zip\src\ParseCallback.cpp">
      <Filter>Zip\Source Files</Filter>
    </ClCompile>
    <ClCompile Include="G:\NNNNET\poco_1.7.9\poco\Zip\src\PartialStream.cpp">
      <Filter>Zip\Source Files</Filter>
    </ClCompile>
    <ClCompile Include="G:\NNNNET\poco_1.7.9\poco\Zip\src\Rename.cpp">
      <Filter>Manipulation\Source Files</Filter>
    </ClCompile>
    <ClCompile Include="G:\NNNNET\poco_1.7.9\poco\Zip\src\Replace.cpp">
      <Filter>Manipulation\Source Files</Filter>
    </ClCompile>
    <ClCompile Include="G:\NNNNET\poco_1.7.9\poco\Zip\src\SkipCallback.cpp">
      <Filter>Zip\Source Files</Filter>
    </ClCompile>
    <ClCompile Include="G:\NNNNET\poco_1.7.9\poco\Zip\src\ZipArchive.cpp">
      <Filter>Zip\Source Files</Filter>
    </ClCompile>
    <ClCompile Include="G:\NNNNET\poco_1.7.9\poco\Zip\src\ZipArchiveInfo.cpp">
      <Filter>Zip\Source Files</Filter>
    </ClCompile>
    <ClCompile Include="G:\NNNNET\poco_1.7.9\poco\Zip\src\ZipCommon.cpp">
      <Filter>Zip\Source Files</Filter>
    </ClCompile>
    <ClCompile Include="G:\NNNNET\poco_1.7.9\poco\Zip\src\ZipDataInfo.cpp">
      <Filter>Zip\Source Files</Filter>
    </ClCompile>
    <ClCompile Include="G:\NNNNET\poco_1.7.9\poco\Zip\src\ZipException.cpp">
      <Filter>Zip\Source Files</Filter>
    </ClCompile>
    <ClCompile Include="G:\NNNNET\poco_1.7.9\poco\Zip\src\ZipFileInfo.cpp">
      <Filter>Zip\Source Files</Filter>
    </ClCompile>
    <ClCompile Include="G:\NNNNET\poco_1.7.9\poco\Zip\src\ZipLocalFileHeader.cpp">
      <Filter>Zip\Source Files</Filter>
    </ClCompile>
    <ClCompile Include="G:\NNNNET\poco_1.7.9\poco\Zip\src\ZipManipulator.cpp">
      <Filter>Manipulation\Source Files</Filter>
    </ClCompile>
    <ClCompile Include="G:\NNNNET\poco_1.7.9\poco\Zip\src\ZipOperation.cpp">
      <Filter>Manipulation\Source Files</Filter>
    </ClCompile>
    <ClCompile Include="G:\NNNNET\poco_1.7.9\poco\Zip\src\ZipStream.cpp">
      <Filter>Zip\Source Files</Filter>
    </ClCompile>
    <ClCompile Include="G:\NNNNET\poco_1.7.9\poco\Zip\src\ZipUtil.cpp">
      <Filter>Zip\Source Files</Filter>
    </ClCompile>
  </ItemGroup>
  <ItemGroup>
    <ClInclude Include="G:\NNNNET\poco_1.7.9\poco\Zip\include\Poco\Zip\Add.h">
      <Filter>Manipulation\Header Files</Filter>
    </ClInclude>
    <ClInclude Include="G:\NNNNET\poco_1.7.9\poco\Zip\include\Poco\Zip\AutoDetectStream.h">
      <Filter>Zip\Header Files</Filter>
    </ClInclude>
    <ClInclude Include="G:\NNNNET\poco_1.7.9\poco\Zip\include\Poco\Zip\Compress.h">
      <Filter>Zip\Header Files</Filter>
    </ClInclude>
    <ClInclude Include="G:\NNNNET\poco_1.7.9\poco\Zip\include\Poco\Zip\Decompress.h">
      <Filter>Zip\Header Files</Filter>
    </ClInclude>
    <ClInclude Include="G:\NNNNET\poco_1.7.9\poco\Zip\include\Poco\Zip\Delete.h">
      <Filter>Manipulation\Header Files</Filter>
    </ClInclude>
    <ClInclude Include="G:\NNNNET\poco_1.7.9\poco\Zip\include\Poco\Zip\Keep.h">
      <Filter>Manipulation\Header Files</Filter>
    </ClInclude>
    <ClInclude Include="G:\NNNNET\poco_1.7.9\poco\Zip\include\Poco\Zip\ParseCallback.h">
      <Filter>Zip\Header Files</Filter>
    </ClInclude>
    <ClInclude Include="G:\NNNNET\poco_1.7.9\poco\Zip\include\Poco\Zip\PartialStream.h">
      <Filter>Zip\Header Files</Filter>
    </ClInclude>
    <ClInclude Include="G:\NNNNET\poco_1.7.9\poco\Zip\include\Poco\Zip\Rename.h">
      <Filter>Manipulation\Header Files</Filter>
    </ClInclude>
    <ClInclude Include="G:\NNNNET\poco_1.7.9\poco\Zip\include\Poco\Zip\Replace.h">
      <Filter>Manipulation\Header Files</Filter>
    </ClInclude>
    <ClInclude Include="G:\NNNNET\poco_1.7.9\poco\Zip\include\Poco\Zip\SkipCallback.h">
      <Filter>Zip\Header Files</Filter>
    </ClInclude>
    <ClInclude Include="G:\NNNNET\poco_1.7.9\poco\Zip\include\Poco\Zip\Zip.h">
      <Filter>Zip\Header Files</Filter>
    </ClInclude>
    <ClInclude Include="G:\NNNNET\poco_1.7.9\poco\Zip\include\Poco\Zip\ZipArchive.h">
      <Filter>Zip\Header Files</Filter>
    </ClInclude>
    <ClInclude Include="G:\NNNNET\poco_1.7.9\poco\Zip\include\Poco\Zip\ZipArchiveInfo.h">
      <Filter>Zip\Header Files</Filter>
    </ClInclude>
    <ClInclude Include="G:\NNNNET\poco_1.7.9\poco\Zip\include\Poco\Zip\ZipCommon.h">
      <Filter>Zip\Header Files</Filter>
    </ClInclude>
    <ClInclude Include="G:\NNNNET\poco_1.7.9\poco\Zip\include\Poco\Zip\ZipDataInfo.h">
      <Filter>Zip\Header Files</Filter>
    </ClInclude>
    <ClInclude Include="G:\NNNNET\poco_1.7.9\poco\Zip\include\Poco\Zip\ZipException.h">
      <Filter>Zip\Header Files</Filter>
    </ClInclude>
    <ClInclude Include="G:\NNNNET\poco_1.7.9\poco\Zip\include\Poco\Zip\ZipFileInfo.h">
      <Filter>Zip\Header Files</Filter>
    </ClInclude>
    <ClInclude Include="G:\NNNNET\poco_1.7.9\poco\Zip\include\Poco\Zip\ZipLocalFileHeader.h">
      <Filter>Zip\Header Files</Filter>
    </ClInclude>
    <ClInclude Include="G:\NNNNET\poco_1.7.9\poco\Zip\include\Poco\Zip\ZipManipulator.h">
      <Filter>Manipulation\Header Files</Filter>
    </ClInclude>
    <ClInclude Include="G:\NNNNET\poco_1.7.9\poco\Zip\include\Poco\Zip\ZipOperation.h">
      <Filter>Manipulation\Header Files</Filter>
    </ClInclude>
    <ClInclude Include="G:\NNNNET\poco_1.7.9\poco\Zip\include\Poco\Zip\ZipStream.h">
      <Filter>Zip\Header Files</Filter>
    </ClInclude>
    <ClInclude Include="G:\NNNNET\poco_1.7.9\poco\Zip\include\Poco\Zip\ZipUtil.h">
      <Filter>Zip\Header Files</Filter>
    </ClInclude>
  </ItemGroup>
  <ItemGroup>
    <CustomBuild Include="G:\NNNNET\poco_1.7.9\poco\Zip\CMakeLists.txt" />
  </ItemGroup>
  <ItemGroup>
    <Filter Include="Manipulation">
      <UniqueIdentifier>{FEEB8200-2110-3C65-B807-49CE9DD30710}</UniqueIdentifier>
    </Filter>
    <Filter Include="Manipulation\Header Files">
      <UniqueIdentifier>{4A81C708-EFED-3351-B72B-DAD5C414B7CE}</UniqueIdentifier>
    </Filter>
    <Filter Include="Manipulation\Source Files">
      <UniqueIdentifier>{746894DD-0FD2-32DA-B874-8CF13A880BA6}</UniqueIdentifier>
    </Filter>
    <Filter Include="Zip">
      <UniqueIdentifier>{C4759BB3-BEC7-3F36-87D9-805EDA09FCA5}</UniqueIdentifier>
    </Filter>
    <Filter Include="Zip\Header Files">
      <UniqueIdentifier>{C09A2D63-738D-311F-98EF-869FD0AD65BF}</UniqueIdentifier>
    </Filter>
    <Filter Include="Zip\Source Files">
      <UniqueIdentifier>{D305AAFB-2D31-3ADD-BBEB-F64E188E1B45}</UniqueIdentifier>
    </Filter>
  </ItemGroup>
</Project>
